
Microsoft Visual Studio Solution File, Format Version 12.00
# Visual Studio Version 16
VisualStudioVersion = 16.0.32413.511
MinimumVisualStudioVersion = 10.0.40219.1
Project("{8BC9CEB8-8B4A-11D0-8D11-00A0C91BC942}") = "로또의 최저 순위와 최고 순위", "로또의 최저 순위와 최고 순위\로또의 최저 순위와 최고 순위.vcxproj", "{3EF60E2E-D572-4D2D-8B49-8C06B97F89A5}"
EndProject
Project("{8BC9CEB8-8B4A-11D0-8D11-00A0C91BC942}") = "같은 숫자는 싫어", "같은 숫자는 싫어\같은 숫자는 싫어.vcxproj", "{800261B9-A5ED-4BC2-B960-685FECC7F7FF}"
EndProject
Project("{8BC9CEB8-8B4A-11D0-8D11-00A0C91BC942}") = "최소직사각형", "최소직사각형\최소직사각형.vcxproj", "{55427695-E9C0-4770-A601-9AAD8D1EBD85}"
EndProject
Project("{8BC9CEB8-8B4A-11D0-8D11-00A0C91BC942}") = "없는 숫자 더하기", "없는 숫자 더하기\없는 숫자 더하기.vcxproj", "{1BEA941E-58B0-4C66-8750-02E096F79B6C}"
EndProject
Project("{8BC9CEB8-8B4A-11D0-8D11-00A0C91BC942}") = "신고결과 받기", "신고결과 받기\신고결과 받기.vcxproj", "{7F4942B2-F48D-4A6D-A7CA-68789A9B049F}"
EndProject
Project("{8BC9CEB8-8B4A-11D0-8D11-00A0C91BC942}") = "크레인 인형뽑기 게임", "크레인 인형뽑기 게임\크레인 인형뽑기 게임.vcxproj", "{C37A452D-7ACE-420A-95C1-49C8DFDEFF8A}"
EndProject
Project("{8BC9CEB8-8B4A-11D0-8D11-00A0C91BC942}") = "두 정수 사이 합", "두 정수 사이 합\두 정수 사이 합.vcxproj", "{54FC82AD-CDBB-40AB-B8DD-A5ED12313210}"
EndProject
Project("{8BC9CEB8-8B4A-11D0-8D11-00A0C91BC942}") = "폰켓몬", "폰켓몬\폰켓몬.vcxproj", "{132BB5D5-8D2B-4252-A464-9BC9360A97B3}"
EndProject
Project("{8BC9CEB8-8B4A-11D0-8D11-00A0C91BC942}") = "k번째 수", "k번째 수\k번째 수.vcxproj", "{B616CCB7-3257-4FCE-BEB2-E2FA79C0A83D}"
EndProject
Project("{8BC9CEB8-8B4A-11D0-8D11-00A0C91BC942}") = "완주하지 못한 선수", "완주하지 못한 선수\완주하지 못한 선수.vcxproj", "{EE095EB5-32C5-4B3D-B7DC-2CAE1E00A675}"
EndProject
Project("{8BC9CEB8-8B4A-11D0-8D11-00A0C91BC942}") = "모의고사", "모의고사\모의고사.vcxproj", "{DA4493DB-7958-44A2-800F-51377DD1FD2D}"
EndProject
Project("{8BC9CEB8-8B4A-11D0-8D11-00A0C91BC942}") = "체육복", "체육복\체육복.vcxproj", "{D0D27DA9-33FA-49E6-A7BD-96327F3A499F}"
EndProject
Project("{8BC9CEB8-8B4A-11D0-8D11-00A0C91BC942}") = "가장 큰 수", "가장 큰 수\가장 큰 수.vcxproj", "{6ABFC497-7B68-4A47-BC56-D64E2A9B86ED}"
EndProject
Project("{8BC9CEB8-8B4A-11D0-8D11-00A0C91BC942}") = "올바른 괄호", "올바른 괄호\올바른 괄호.vcxproj", "{22C76FCD-2942-4031-8436-1D3E3DA7A989}"
EndProject
Project("{8BC9CEB8-8B4A-11D0-8D11-00A0C91BC942}") = "더 맵게", "더 맵게\더 맵게.vcxproj", "{9C0B859A-42D7-4186-98E0-EFA4BEE4DB9E}"
EndProject
Project("{8BC9CEB8-8B4A-11D0-8D11-00A0C91BC942}") = "타겟 넘버", "타겟 넘버\타겟 넘버.vcxproj", "{6DC7D930-3702-47D2-B2D2-8B99963E8C29}"
EndProject
Project("{8BC9CEB8-8B4A-11D0-8D11-00A0C91BC942}") = "게임 맵 최단거리", "게임 맵 최단거리\게임 맵 최단거리.vcxproj", "{278CB205-F5FF-4888-A559-D1D40BBB5FB0}"
EndProject
Project("{8BC9CEB8-8B4A-11D0-8D11-00A0C91BC942}") = "전화번호 목록", "전화번호 목록\전화번호 목록.vcxproj", "{2D9AE4D8-EFBF-4580-A173-4A93A43D1139}"
EndProject
Project("{8BC9CEB8-8B4A-11D0-8D11-00A0C91BC942}") = "기능개발", "기능개발\기능개발.vcxproj", "{C885933B-3399-4DB8-B90F-81D381BA295C}"
EndProject
Project("{8BC9CEB8-8B4A-11D0-8D11-00A0C91BC942}") = "소수 찾기", "소수 찾기\소수 찾기.vcxproj", "{5502777A-EA1B-47AD-8F3C-BACF2E44F9F2}"
EndProject
Project("{8BC9CEB8-8B4A-11D0-8D11-00A0C91BC942}") = "피로도", "N으로 표현\N으로 표현.vcxproj", "{B29B4BB2-65CB-4DCF-B811-2D877F377594}"
EndProject
Project("{8BC9CEB8-8B4A-11D0-8D11-00A0C91BC942}") = "Test", "Test\Test.vcxproj", "{EB08C9FD-4EE7-4CF8-B0A9-10867BFD7CDC}"
EndProject
Global
	GlobalSection(SolutionConfigurationPlatforms) = preSolution
		Debug|x64 = Debug|x64
		Debug|x86 = Debug|x86
		Release|x64 = Release|x64
		Release|x86 = Release|x86
	EndGlobalSection
	GlobalSection(ProjectConfigurationPlatforms) = postSolution
		{3EF60E2E-D572-4D2D-8B49-8C06B97F89A5}.Debug|x64.ActiveCfg = Debug|x64
		{3EF60E2E-D572-4D2D-8B49-8C06B97F89A5}.Debug|x64.Build.0 = Debug|x64
		{3EF60E2E-D572-4D2D-8B49-8C06B97F89A5}.Debug|x86.ActiveCfg = Debug|Win32
		{3EF60E2E-D572-4D2D-8B49-8C06B97F89A5}.Debug|x86.Build.0 = Debug|Win32
		{3EF60E2E-D572-4D2D-8B49-8C06B97F89A5}.Release|x64.ActiveCfg = Release|x64
		{3EF60E2E-D572-4D2D-8B49-8C06B97F89A5}.Release|x64.Build.0 = Release|x64
		{3EF60E2E-D572-4D2D-8B49-8C06B97F89A5}.Release|x86.ActiveCfg = Release|Win32
		{3EF60E2E-D572-4D2D-8B49-8C06B97F89A5}.Release|x86.Build.0 = Release|Win32
		{800261B9-A5ED-4BC2-B960-685FECC7F7FF}.Debug|x64.ActiveCfg = Debug|x64
		{800261B9-A5ED-4BC2-B960-685FECC7F7FF}.Debug|x64.Build.0 = Debug|x64
		{800261B9-A5ED-4BC2-B960-685FECC7F7FF}.Debug|x86.ActiveCfg = Debug|Win32
		{800261B9-A5ED-4BC2-B960-685FECC7F7FF}.Debug|x86.Build.0 = Debug|Win32
		{800261B9-A5ED-4BC2-B960-685FECC7F7FF}.Release|x64.ActiveCfg = Release|x64
		{800261B9-A5ED-4BC2-B960-685FECC7F7FF}.Release|x64.Build.0 = Release|x64
		{800261B9-A5ED-4BC2-B960-685FECC7F7FF}.Release|x86.ActiveCfg = Release|Win32
		{800261B9-A5ED-4BC2-B960-685FECC7F7FF}.Release|x86.Build.0 = Release|Win32
		{55427695-E9C0-4770-A601-9AAD8D1EBD85}.Debug|x64.ActiveCfg = Debug|x64
		{55427695-E9C0-4770-A601-9AAD8D1EBD85}.Debug|x64.Build.0 = Debug|x64
		{55427695-E9C0-4770-A601-9AAD8D1EBD85}.Debug|x86.ActiveCfg = Debug|Win32
		{55427695-E9C0-4770-A601-9AAD8D1EBD85}.Debug|x86.Build.0 = Debug|Win32
		{55427695-E9C0-4770-A601-9AAD8D1EBD85}.Release|x64.ActiveCfg = Release|x64
		{55427695-E9C0-4770-A601-9AAD8D1EBD85}.Release|x64.Build.0 = Release|x64
		{55427695-E9C0-4770-A601-9AAD8D1EBD85}.Release|x86.ActiveCfg = Release|Win32
		{55427695-E9C0-4770-A601-9AAD8D1EBD85}.Release|x86.Build.0 = Release|Win32
		{1BEA941E-58B0-4C66-8750-02E096F79B6C}.Debug|x64.ActiveCfg = Debug|x64
		{1BEA941E-58B0-4C66-8750-02E096F79B6C}.Debug|x64.Build.0 = Debug|x64
		{1BEA941E-58B0-4C66-8750-02E096F79B6C}.Debug|x86.ActiveCfg = Debug|Win32
		{1BEA941E-58B0-4C66-8750-02E096F79B6C}.Debug|x86.Build.0 = Debug|Win32
		{1BEA941E-58B0-4C66-8750-02E096F79B6C}.Release|x64.ActiveCfg = Release|x64
		{1BEA941E-58B0-4C66-8750-02E096F79B6C}.Release|x64.Build.0 = Release|x64
		{1BEA941E-58B0-4C66-8750-02E096F79B6C}.Release|x86.ActiveCfg = Release|Win32
		{1BEA941E-58B0-4C66-8750-02E096F79B6C}.Release|x86.Build.0 = Release|Win32
		{7F4942B2-F48D-4A6D-A7CA-68789A9B049F}.Debug|x64.ActiveCfg = Debug|x64
		{7F4942B2-F48D-4A6D-A7CA-68789A9B049F}.Debug|x64.Build.0 = Debug|x64
		{7F4942B2-F48D-4A6D-A7CA-68789A9B049F}.Debug|x86.ActiveCfg = Debug|Win32
		{7F4942B2-F48D-4A6D-A7CA-68789A9B049F}.Debug|x86.Build.0 = Debug|Win32
		{7F4942B2-F48D-4A6D-A7CA-68789A9B049F}.Release|x64.ActiveCfg = Release|x64
		{7F4942B2-F48D-4A6D-A7CA-68789A9B049F}.Release|x64.Build.0 = Release|x64
		{7F4942B2-F48D-4A6D-A7CA-68789A9B049F}.Release|x86.ActiveCfg = Release|Win32
		{7F4942B2-F48D-4A6D-A7CA-68789A9B049F}.Release|x86.Build.0 = Release|Win32
		{C37A452D-7ACE-420A-95C1-49C8DFDEFF8A}.Debug|x64.ActiveCfg = Debug|x64
		{C37A452D-7ACE-420A-95C1-49C8DFDEFF8A}.Debug|x64.Build.0 = Debug|x64
		{C37A452D-7ACE-420A-95C1-49C8DFDEFF8A}.Debug|x86.ActiveCfg = Debug|Win32
		{C37A452D-7ACE-420A-95C1-49C8DFDEFF8A}.Debug|x86.Build.0 = Debug|Win32
		{C37A452D-7ACE-420A-95C1-49C8DFDEFF8A}.Release|x64.ActiveCfg = Release|x64
		{C37A452D-7ACE-420A-95C1-49C8DFDEFF8A}.Release|x64.Build.0 = Release|x64
		{C37A452D-7ACE-420A-95C1-49C8DFDEFF8A}.Release|x86.ActiveCfg = Release|Win32
		{C37A452D-7ACE-420A-95C1-49C8DFDEFF8A}.Release|x86.Build.0 = Release|Win32
		{54FC82AD-CDBB-40AB-B8DD-A5ED12313210}.Debug|x64.ActiveCfg = Debug|x64
		{54FC82AD-CDBB-40AB-B8DD-A5ED12313210}.Debug|x64.Build.0 = Debug|x64
		{54FC82AD-CDBB-40AB-B8DD-A5ED12313210}.Debug|x86.ActiveCfg = Debug|Win32
		{54FC82AD-CDBB-40AB-B8DD-A5ED12313210}.Debug|x86.Build.0 = Debug|Win32
		{54FC82AD-CDBB-40AB-B8DD-A5ED12313210}.Release|x64.ActiveCfg = Release|x64
		{54FC82AD-CDBB-40AB-B8DD-A5ED12313210}.Release|x64.Build.0 = Release|x64
		{54FC82AD-CDBB-40AB-B8DD-A5ED12313210}.Release|x86.ActiveCfg = Release|Win32
		{54FC82AD-CDBB-40AB-B8DD-A5ED12313210}.Release|x86.Build.0 = Release|Win32
		{132BB5D5-8D2B-4252-A464-9BC9360A97B3}.Debug|x64.ActiveCfg = Debug|x64
		{132BB5D5-8D2B-4252-A464-9BC9360A97B3}.Debug|x64.Build.0 = Debug|x64
		{132BB5D5-8D2B-4252-A464-9BC9360A97B3}.Debug|x86.ActiveCfg = Debug|Win32
		{132BB5D5-8D2B-4252-A464-9BC9360A97B3}.Debug|x86.Build.0 = Debug|Win32
		{132BB5D5-8D2B-4252-A464-9BC9360A97B3}.Release|x64.ActiveCfg = Release|x64
		{132BB5D5-8D2B-4252-A464-9BC9360A97B3}.Release|x64.Build.0 = Release|x64
		{132BB5D5-8D2B-4252-A464-9BC9360A97B3}.Release|x86.ActiveCfg = Release|Win32
		{132BB5D5-8D2B-4252-A464-9BC9360A97B3}.Release|x86.Build.0 = Release|Win32
		{B616CCB7-3257-4FCE-BEB2-E2FA79C0A83D}.Debug|x64.ActiveCfg = Debug|x64
		{B616CCB7-3257-4FCE-BEB2-E2FA79C0A83D}.Debug|x64.Build.0 = Debug|x64
		{B616CCB7-3257-4FCE-BEB2-E2FA79C0A83D}.Debug|x86.ActiveCfg = Debug|Win32
		{B616CCB7-3257-4FCE-BEB2-E2FA79C0A83D}.Debug|x86.Build.0 = Debug|Win32
		{B616CCB7-3257-4FCE-BEB2-E2FA79C0A83D}.Release|x64.ActiveCfg = Release|x64
		{B616CCB7-3257-4FCE-BEB2-E2FA79C0A83D}.Release|x64.Build.0 = Release|x64
		{B616CCB7-3257-4FCE-BEB2-E2FA79C0A83D}.Release|x86.ActiveCfg = Release|Win32
		{B616CCB7-3257-4FCE-BEB2-E2FA79C0A83D}.Release|x86.Build.0 = Release|Win32
		{EE095EB5-32C5-4B3D-B7DC-2CAE1E00A675}.Debug|x64.ActiveCfg = Debug|x64
		{EE095EB5-32C5-4B3D-B7DC-2CAE1E00A675}.Debug|x64.Build.0 = Debug|x64
		{EE095EB5-32C5-4B3D-B7DC-2CAE1E00A675}.Debug|x86.ActiveCfg = Debug|Win32
		{EE095EB5-32C5-4B3D-B7DC-2CAE1E00A675}.Debug|x86.Build.0 = Debug|Win32
		{EE095EB5-32C5-4B3D-B7DC-2CAE1E00A675}.Release|x64.ActiveCfg = Release|x64
		{EE095EB5-32C5-4B3D-B7DC-2CAE1E00A675}.Release|x64.Build.0 = Release|x64
		{EE095EB5-32C5-4B3D-B7DC-2CAE1E00A675}.Release|x86.ActiveCfg = Release|Win32
		{EE095EB5-32C5-4B3D-B7DC-2CAE1E00A675}.Release|x86.Build.0 = Release|Win32
		{DA4493DB-7958-44A2-800F-51377DD1FD2D}.Debug|x64.ActiveCfg = Debug|x64
		{DA4493DB-7958-44A2-800F-51377DD1FD2D}.Debug|x64.Build.0 = Debug|x64
		{DA4493DB-7958-44A2-800F-51377DD1FD2D}.Debug|x86.ActiveCfg = Debug|Win32
		{DA4493DB-7958-44A2-800F-51377DD1FD2D}.Debug|x86.Build.0 = Debug|Win32
		{DA4493DB-7958-44A2-800F-51377DD1FD2D}.Release|x64.ActiveCfg = Release|x64
		{DA4493DB-7958-44A2-800F-51377DD1FD2D}.Release|x64.Build.0 = Release|x64
		{DA4493DB-7958-44A2-800F-51377DD1FD2D}.Release|x86.ActiveCfg = Release|Win32
		{DA4493DB-7958-44A2-800F-51377DD1FD2D}.Release|x86.Build.0 = Release|Win32
		{D0D27DA9-33FA-49E6-A7BD-96327F3A499F}.Debug|x64.ActiveCfg = Debug|x64
		{D0D27DA9-33FA-49E6-A7BD-96327F3A499F}.Debug|x64.Build.0 = Debug|x64
		{D0D27DA9-33FA-49E6-A7BD-96327F3A499F}.Debug|x86.ActiveCfg = Debug|Win32
		{D0D27DA9-33FA-49E6-A7BD-96327F3A499F}.Debug|x86.Build.0 = Debug|Win32
		{D0D27DA9-33FA-49E6-A7BD-96327F3A499F}.Release|x64.ActiveCfg = Release|x64
		{D0D27DA9-33FA-49E6-A7BD-96327F3A499F}.Release|x64.Build.0 = Release|x64
		{D0D27DA9-33FA-49E6-A7BD-96327F3A499F}.Release|x86.ActiveCfg = Release|Win32
		{D0D27DA9-33FA-49E6-A7BD-96327F3A499F}.Release|x86.Build.0 = Release|Win32
		{6ABFC497-7B68-4A47-BC56-D64E2A9B86ED}.Debug|x64.ActiveCfg = Debug|x64
		{6ABFC497-7B68-4A47-BC56-D64E2A9B86ED}.Debug|x64.Build.0 = Debug|x64
		{6ABFC497-7B68-4A47-BC56-D64E2A9B86ED}.Debug|x86.ActiveCfg = Debug|Win32
		{6ABFC497-7B68-4A47-BC56-D64E2A9B86ED}.Debug|x86.Build.0 = Debug|Win32
		{6ABFC497-7B68-4A47-BC56-D64E2A9B86ED}.Release|x64.ActiveCfg = Release|x64
		{6ABFC497-7B68-4A47-BC56-D64E2A9B86ED}.Release|x64.Build.0 = Release|x64
		{6ABFC497-7B68-4A47-BC56-D64E2A9B86ED}.Release|x86.ActiveCfg = Release|Win32
		{6ABFC497-7B68-4A47-BC56-D64E2A9B86ED}.Release|x86.Build.0 = Release|Win32
		{22C76FCD-2942-4031-8436-1D3E3DA7A989}.Debug|x64.ActiveCfg = Debug|x64
		{22C76FCD-2942-4031-8436-1D3E3DA7A989}.Debug|x64.Build.0 = Debug|x64
		{22C76FCD-2942-4031-8436-1D3E3DA7A989}.Debug|x86.ActiveCfg = Debug|Win32
		{22C76FCD-2942-4031-8436-1D3E3DA7A989}.Debug|x86.Build.0 = Debug|Win32
		{22C76FCD-2942-4031-8436-1D3E3DA7A989}.Release|x64.ActiveCfg = Release|x64
		{22C76FCD-2942-4031-8436-1D3E3DA7A989}.Release|x64.Build.0 = Release|x64
		{22C76FCD-2942-4031-8436-1D3E3DA7A989}.Release|x86.ActiveCfg = Release|Win32
		{22C76FCD-2942-4031-8436-1D3E3DA7A989}.Release|x86.Build.0 = Release|Win32
		{9C0B859A-42D7-4186-98E0-EFA4BEE4DB9E}.Debug|x64.ActiveCfg = Debug|x64
		{9C0B859A-42D7-4186-98E0-EFA4BEE4DB9E}.Debug|x64.Build.0 = Debug|x64
		{9C0B859A-42D7-4186-98E0-EFA4BEE4DB9E}.Debug|x86.ActiveCfg = Debug|Win32
		{9C0B859A-42D7-4186-98E0-EFA4BEE4DB9E}.Debug|x86.Build.0 = Debug|Win32
		{9C0B859A-42D7-4186-98E0-EFA4BEE4DB9E}.Release|x64.ActiveCfg = Release|x64
		{9C0B859A-42D7-4186-98E0-EFA4BEE4DB9E}.Release|x64.Build.0 = Release|x64
		{9C0B859A-42D7-4186-98E0-EFA4BEE4DB9E}.Release|x86.ActiveCfg = Release|Win32
		{9C0B859A-42D7-4186-98E0-EFA4BEE4DB9E}.Release|x86.Build.0 = Release|Win32
		{6DC7D930-3702-47D2-B2D2-8B99963E8C29}.Debug|x64.ActiveCfg = Debug|x64
		{6DC7D930-3702-47D2-B2D2-8B99963E8C29}.Debug|x64.Build.0 = Debug|x64
		{6DC7D930-3702-47D2-B2D2-8B99963E8C29}.Debug|x86.ActiveCfg = Debug|Win32
		{6DC7D930-3702-47D2-B2D2-8B99963E8C29}.Debug|x86.Build.0 = Debug|Win32
		{6DC7D930-3702-47D2-B2D2-8B99963E8C29}.Release|x64.ActiveCfg = Release|x64
		{6DC7D930-3702-47D2-B2D2-8B99963E8C29}.Release|x64.Build.0 = Release|x64
		{6DC7D930-3702-47D2-B2D2-8B99963E8C29}.Release|x86.ActiveCfg = Release|Win32
		{6DC7D930-3702-47D2-B2D2-8B99963E8C29}.Release|x86.Build.0 = Release|Win32
		{278CB205-F5FF-4888-A559-D1D40BBB5FB0}.Debug|x64.ActiveCfg = Debug|x64
		{278CB205-F5FF-4888-A559-D1D40BBB5FB0}.Debug|x64.Build.0 = Debug|x64
		{278CB205-F5FF-4888-A559-D1D40BBB5FB0}.Debug|x86.ActiveCfg = Debug|Win32
		{278CB205-F5FF-4888-A559-D1D40BBB5FB0}.Debug|x86.Build.0 = Debug|Win32
		{278CB205-F5FF-4888-A559-D1D40BBB5FB0}.Release|x64.ActiveCfg = Release|x64
		{278CB205-F5FF-4888-A559-D1D40BBB5FB0}.Release|x64.Build.0 = Release|x64
		{278CB205-F5FF-4888-A559-D1D40BBB5FB0}.Release|x86.ActiveCfg = Release|Win32
		{278CB205-F5FF-4888-A559-D1D40BBB5FB0}.Release|x86.Build.0 = Release|Win32
		{2D9AE4D8-EFBF-4580-A173-4A93A43D1139}.Debug|x64.ActiveCfg = Debug|x64
		{2D9AE4D8-EFBF-4580-A173-4A93A43D1139}.Debug|x64.Build.0 = Debug|x64
		{2D9AE4D8-EFBF-4580-A173-4A93A43D1139}.Debug|x86.ActiveCfg = Debug|Win32
		{2D9AE4D8-EFBF-4580-A173-4A93A43D1139}.Debug|x86.Build.0 = Debug|Win32
		{2D9AE4D8-EFBF-4580-A173-4A93A43D1139}.Release|x64.ActiveCfg = Release|x64
		{2D9AE4D8-EFBF-4580-A173-4A93A43D1139}.Release|x64.Build.0 = Release|x64
		{2D9AE4D8-EFBF-4580-A173-4A93A43D1139}.Release|x86.ActiveCfg = Release|Win32
		{2D9AE4D8-EFBF-4580-A173-4A93A43D1139}.Release|x86.Build.0 = Release|Win32
		{C885933B-3399-4DB8-B90F-81D381BA295C}.Debug|x64.ActiveCfg = Debug|x64
		{C885933B-3399-4DB8-B90F-81D381BA295C}.Debug|x64.Build.0 = Debug|x64
		{C885933B-3399-4DB8-B90F-81D381BA295C}.Debug|x86.ActiveCfg = Debug|Win32
		{C885933B-3399-4DB8-B90F-81D381BA295C}.Debug|x86.Build.0 = Debug|Win32
		{C885933B-3399-4DB8-B90F-81D381BA295C}.Release|x64.ActiveCfg = Release|x64
		{C885933B-3399-4DB8-B90F-81D381BA295C}.Release|x64.Build.0 = Release|x64
		{C885933B-3399-4DB8-B90F-81D381BA295C}.Release|x86.ActiveCfg = Release|Win32
		{C885933B-3399-4DB8-B90F-81D381BA295C}.Release|x86.Build.0 = Release|Win32
		{5502777A-EA1B-47AD-8F3C-BACF2E44F9F2}.Debug|x64.ActiveCfg = Debug|x64
		{5502777A-EA1B-47AD-8F3C-BACF2E44F9F2}.Debug|x64.Build.0 = Debug|x64
		{5502777A-EA1B-47AD-8F3C-BACF2E44F9F2}.Debug|x86.ActiveCfg = Debug|Win32
		{5502777A-EA1B-47AD-8F3C-BACF2E44F9F2}.Debug|x86.Build.0 = Debug|Win32
		{5502777A-EA1B-47AD-8F3C-BACF2E44F9F2}.Release|x64.ActiveCfg = Release|x64
		{5502777A-EA1B-47AD-8F3C-BACF2E44F9F2}.Release|x64.Build.0 = Release|x64
		{5502777A-EA1B-47AD-8F3C-BACF2E44F9F2}.Release|x86.ActiveCfg = Release|Win32
		{5502777A-EA1B-47AD-8F3C-BACF2E44F9F2}.Release|x86.Build.0 = Release|Win32
		{B29B4BB2-65CB-4DCF-B811-2D877F377594}.Debug|x64.ActiveCfg = Debug|x64
		{B29B4BB2-65CB-4DCF-B811-2D877F377594}.Debug|x64.Build.0 = Debug|x64
		{B29B4BB2-65CB-4DCF-B811-2D877F377594}.Debug|x86.ActiveCfg = Debug|Win32
		{B29B4BB2-65CB-4DCF-B811-2D877F377594}.Debug|x86.Build.0 = Debug|Win32
		{B29B4BB2-65CB-4DCF-B811-2D877F377594}.Release|x64.ActiveCfg = Release|x64
		{B29B4BB2-65CB-4DCF-B811-2D877F377594}.Release|x64.Build.0 = Release|x64
		{B29B4BB2-65CB-4DCF-B811-2D877F377594}.Release|x86.ActiveCfg = Release|Win32
		{B29B4BB2-65CB-4DCF-B811-2D877F377594}.Release|x86.Build.0 = Release|Win32
		{EB08C9FD-4EE7-4CF8-B0A9-10867BFD7CDC}.Debug|x64.ActiveCfg = Debug|x64
		{EB08C9FD-4EE7-4CF8-B0A9-10867BFD7CDC}.Debug|x64.Build.0 = Debug|x64
		{EB08C9FD-4EE7-4CF8-B0A9-10867BFD7CDC}.Debug|x86.ActiveCfg = Debug|Win32
		{EB08C9FD-4EE7-4CF8-B0A9-10867BFD7CDC}.Debug|x86.Build.0 = Debug|Win32
		{EB08C9FD-4EE7-4CF8-B0A9-10867BFD7CDC}.Release|x64.ActiveCfg = Release|x64
		{EB08C9FD-4EE7-4CF8-B0A9-10867BFD7CDC}.Release|x64.Build.0 = Release|x64
		{EB08C9FD-4EE7-4CF8-B0A9-10867BFD7CDC}.Release|x86.ActiveCfg = Release|Win32
		{EB08C9FD-4EE7-4CF8-B0A9-10867BFD7CDC}.Release|x86.Build.0 = Release|Win32
	EndGlobalSection
	GlobalSection(SolutionProperties) = preSolution
		HideSolutionNode = FALSE
	EndGlobalSection
	GlobalSection(ExtensibilityGlobals) = postSolution
		SolutionGuid = {F5316561-13FA-4F0C-990C-EEC2BCEA340E}
	EndGlobalSection
EndGlobal
