
Microsoft Visual Studio Solution File, Format Version 12.00
Project("{8BC9CEB8-8B4A-11D0-8D11-00A0C91BC942}") = "코테준비", "코테준비\코테준비.vcxproj", "{CAA73C6A-4D6F-40D6-B4EE-4681B2BFE1A0}"
EndProject
Project("{8BC9CEB8-8B4A-11D0-8D11-00A0C91BC942}") = "단어의 개수", "단어의 개수\단어의 개수.vcxproj", "{B468FA9F-257B-480C-AB39-0C8E7DCDA963}"
EndProject
Project("{8BC9CEB8-8B4A-11D0-8D11-00A0C91BC942}") = "최대값", "최대값\최대값.vcxproj", "{33A737D8-8494-4BFC-884B-7BA20261E191}"
EndProject
Project("{8BC9CEB8-8B4A-11D0-8D11-00A0C91BC942}") = "알파벳 찾기", "알파벳 찾기\알파벳 찾기.vcxproj", "{0323AEC2-4616-4CD2-BE70-D3CB8E47489E}"
EndProject
Project("{8BC9CEB8-8B4A-11D0-8D11-00A0C91BC942}") = "문자열 반복", "문자열 반복\문자열 반복.vcxproj", "{AD9EC376-0411-4A35-B505-05210A4847F8}"
EndProject
Project("{8BC9CEB8-8B4A-11D0-8D11-00A0C91BC942}") = "최소 최대", "최소 최대\최소 최대.vcxproj", "{FFFA34CF-3C1C-4145-A515-759292FEDC64}"
EndProject
Project("{8BC9CEB8-8B4A-11D0-8D11-00A0C91BC942}") = "알람시계", "알람시계\알람시계.vcxproj", "{5CFFFB45-7DBF-4C6D-95E9-9AD7A87FD6BA}"
EndProject
Project("{8BC9CEB8-8B4A-11D0-8D11-00A0C91BC942}") = "별찍깅", "별찍깅\별찍깅.vcxproj", "{5B65C02B-4F86-4564-ABCF-C2FA9B31D51B}"
EndProject
Project("{8BC9CEB8-8B4A-11D0-8D11-00A0C91BC942}") = "평균", "평균\평균.vcxproj", "{B8AD76F5-836B-43F8-A744-903F72BD8BEF}"
EndProject
Project("{8BC9CEB8-8B4A-11D0-8D11-00A0C91BC942}") = "최대공약수와 최소공배수", "최대공약수와 최소공배수\최대공약수와 최소공배수.vcxproj", "{82317C29-9ED3-4751-8A50-EC69D5AD3467}"
EndProject
Global
	GlobalSection(SolutionConfigurationPlatforms) = preSolution
		Debug|Win32 = Debug|Win32
		Debug|x64 = Debug|x64
		Release|Win32 = Release|Win32
		Release|x64 = Release|x64
	EndGlobalSection
	GlobalSection(ProjectConfigurationPlatforms) = postSolution
		{CAA73C6A-4D6F-40D6-B4EE-4681B2BFE1A0}.Debug|Win32.ActiveCfg = Debug|Win32
		{CAA73C6A-4D6F-40D6-B4EE-4681B2BFE1A0}.Debug|Win32.Build.0 = Debug|Win32
		{CAA73C6A-4D6F-40D6-B4EE-4681B2BFE1A0}.Debug|x64.ActiveCfg = Debug|x64
		{CAA73C6A-4D6F-40D6-B4EE-4681B2BFE1A0}.Debug|x64.Build.0 = Debug|x64
		{CAA73C6A-4D6F-40D6-B4EE-4681B2BFE1A0}.Release|Win32.ActiveCfg = Release|Win32
		{CAA73C6A-4D6F-40D6-B4EE-4681B2BFE1A0}.Release|Win32.Build.0 = Release|Win32
		{CAA73C6A-4D6F-40D6-B4EE-4681B2BFE1A0}.Release|x64.ActiveCfg = Release|x64
		{CAA73C6A-4D6F-40D6-B4EE-4681B2BFE1A0}.Release|x64.Build.0 = Release|x64
		{B468FA9F-257B-480C-AB39-0C8E7DCDA963}.Debug|Win32.ActiveCfg = Debug|Win32
		{B468FA9F-257B-480C-AB39-0C8E7DCDA963}.Debug|Win32.Build.0 = Debug|Win32
		{B468FA9F-257B-480C-AB39-0C8E7DCDA963}.Debug|x64.ActiveCfg = Debug|x64
		{B468FA9F-257B-480C-AB39-0C8E7DCDA963}.Debug|x64.Build.0 = Debug|x64
		{B468FA9F-257B-480C-AB39-0C8E7DCDA963}.Release|Win32.ActiveCfg = Release|Win32
		{B468FA9F-257B-480C-AB39-0C8E7DCDA963}.Release|Win32.Build.0 = Release|Win32
		{B468FA9F-257B-480C-AB39-0C8E7DCDA963}.Release|x64.ActiveCfg = Release|x64
		{B468FA9F-257B-480C-AB39-0C8E7DCDA963}.Release|x64.Build.0 = Release|x64
		{33A737D8-8494-4BFC-884B-7BA20261E191}.Debug|Win32.ActiveCfg = Debug|Win32
		{33A737D8-8494-4BFC-884B-7BA20261E191}.Debug|Win32.Build.0 = Debug|Win32
		{33A737D8-8494-4BFC-884B-7BA20261E191}.Debug|x64.ActiveCfg = Debug|x64
		{33A737D8-8494-4BFC-884B-7BA20261E191}.Debug|x64.Build.0 = Debug|x64
		{33A737D8-8494-4BFC-884B-7BA20261E191}.Release|Win32.ActiveCfg = Release|Win32
		{33A737D8-8494-4BFC-884B-7BA20261E191}.Release|Win32.Build.0 = Release|Win32
		{33A737D8-8494-4BFC-884B-7BA20261E191}.Release|x64.ActiveCfg = Release|x64
		{33A737D8-8494-4BFC-884B-7BA20261E191}.Release|x64.Build.0 = Release|x64
		{0323AEC2-4616-4CD2-BE70-D3CB8E47489E}.Debug|Win32.ActiveCfg = Debug|Win32
		{0323AEC2-4616-4CD2-BE70-D3CB8E47489E}.Debug|Win32.Build.0 = Debug|Win32
		{0323AEC2-4616-4CD2-BE70-D3CB8E47489E}.Debug|x64.ActiveCfg = Debug|x64
		{0323AEC2-4616-4CD2-BE70-D3CB8E47489E}.Debug|x64.Build.0 = Debug|x64
		{0323AEC2-4616-4CD2-BE70-D3CB8E47489E}.Release|Win32.ActiveCfg = Release|Win32
		{0323AEC2-4616-4CD2-BE70-D3CB8E47489E}.Release|Win32.Build.0 = Release|Win32
		{0323AEC2-4616-4CD2-BE70-D3CB8E47489E}.Release|x64.ActiveCfg = Release|x64
		{0323AEC2-4616-4CD2-BE70-D3CB8E47489E}.Release|x64.Build.0 = Release|x64
		{AD9EC376-0411-4A35-B505-05210A4847F8}.Debug|Win32.ActiveCfg = Debug|Win32
		{AD9EC376-0411-4A35-B505-05210A4847F8}.Debug|Win32.Build.0 = Debug|Win32
		{AD9EC376-0411-4A35-B505-05210A4847F8}.Debug|x64.ActiveCfg = Debug|x64
		{AD9EC376-0411-4A35-B505-05210A4847F8}.Debug|x64.Build.0 = Debug|x64
		{AD9EC376-0411-4A35-B505-05210A4847F8}.Release|Win32.ActiveCfg = Release|Win32
		{AD9EC376-0411-4A35-B505-05210A4847F8}.Release|Win32.Build.0 = Release|Win32
		{AD9EC376-0411-4A35-B505-05210A4847F8}.Release|x64.ActiveCfg = Release|x64
		{AD9EC376-0411-4A35-B505-05210A4847F8}.Release|x64.Build.0 = Release|x64
		{FFFA34CF-3C1C-4145-A515-759292FEDC64}.Debug|Win32.ActiveCfg = Debug|Win32
		{FFFA34CF-3C1C-4145-A515-759292FEDC64}.Debug|Win32.Build.0 = Debug|Win32
		{FFFA34CF-3C1C-4145-A515-759292FEDC64}.Debug|x64.ActiveCfg = Debug|x64
		{FFFA34CF-3C1C-4145-A515-759292FEDC64}.Debug|x64.Build.0 = Debug|x64
		{FFFA34CF-3C1C-4145-A515-759292FEDC64}.Release|Win32.ActiveCfg = Release|Win32
		{FFFA34CF-3C1C-4145-A515-759292FEDC64}.Release|Win32.Build.0 = Release|Win32
		{FFFA34CF-3C1C-4145-A515-759292FEDC64}.Release|x64.ActiveCfg = Release|x64
		{FFFA34CF-3C1C-4145-A515-759292FEDC64}.Release|x64.Build.0 = Release|x64
		{5CFFFB45-7DBF-4C6D-95E9-9AD7A87FD6BA}.Debug|Win32.ActiveCfg = Debug|Win32
		{5CFFFB45-7DBF-4C6D-95E9-9AD7A87FD6BA}.Debug|Win32.Build.0 = Debug|Win32
		{5CFFFB45-7DBF-4C6D-95E9-9AD7A87FD6BA}.Debug|x64.ActiveCfg = Debug|x64
		{5CFFFB45-7DBF-4C6D-95E9-9AD7A87FD6BA}.Debug|x64.Build.0 = Debug|x64
		{5CFFFB45-7DBF-4C6D-95E9-9AD7A87FD6BA}.Release|Win32.ActiveCfg = Release|Win32
		{5CFFFB45-7DBF-4C6D-95E9-9AD7A87FD6BA}.Release|Win32.Build.0 = Release|Win32
		{5CFFFB45-7DBF-4C6D-95E9-9AD7A87FD6BA}.Release|x64.ActiveCfg = Release|x64
		{5CFFFB45-7DBF-4C6D-95E9-9AD7A87FD6BA}.Release|x64.Build.0 = Release|x64
		{5B65C02B-4F86-4564-ABCF-C2FA9B31D51B}.Debug|Win32.ActiveCfg = Debug|Win32
		{5B65C02B-4F86-4564-ABCF-C2FA9B31D51B}.Debug|Win32.Build.0 = Debug|Win32
		{5B65C02B-4F86-4564-ABCF-C2FA9B31D51B}.Debug|x64.ActiveCfg = Debug|x64
		{5B65C02B-4F86-4564-ABCF-C2FA9B31D51B}.Debug|x64.Build.0 = Debug|x64
		{5B65C02B-4F86-4564-ABCF-C2FA9B31D51B}.Release|Win32.ActiveCfg = Release|Win32
		{5B65C02B-4F86-4564-ABCF-C2FA9B31D51B}.Release|Win32.Build.0 = Release|Win32
		{5B65C02B-4F86-4564-ABCF-C2FA9B31D51B}.Release|x64.ActiveCfg = Release|x64
		{5B65C02B-4F86-4564-ABCF-C2FA9B31D51B}.Release|x64.Build.0 = Release|x64
		{B8AD76F5-836B-43F8-A744-903F72BD8BEF}.Debug|Win32.ActiveCfg = Debug|Win32
		{B8AD76F5-836B-43F8-A744-903F72BD8BEF}.Debug|Win32.Build.0 = Debug|Win32
		{B8AD76F5-836B-43F8-A744-903F72BD8BEF}.Debug|x64.ActiveCfg = Debug|x64
		{B8AD76F5-836B-43F8-A744-903F72BD8BEF}.Debug|x64.Build.0 = Debug|x64
		{B8AD76F5-836B-43F8-A744-903F72BD8BEF}.Release|Win32.ActiveCfg = Release|Win32
		{B8AD76F5-836B-43F8-A744-903F72BD8BEF}.Release|Win32.Build.0 = Release|Win32
		{B8AD76F5-836B-43F8-A744-903F72BD8BEF}.Release|x64.ActiveCfg = Release|x64
		{B8AD76F5-836B-43F8-A744-903F72BD8BEF}.Release|x64.Build.0 = Release|x64
		{82317C29-9ED3-4751-8A50-EC69D5AD3467}.Debug|Win32.ActiveCfg = Debug|Win32
		{82317C29-9ED3-4751-8A50-EC69D5AD3467}.Debug|Win32.Build.0 = Debug|Win32
		{82317C29-9ED3-4751-8A50-EC69D5AD3467}.Debug|x64.ActiveCfg = Debug|x64
		{82317C29-9ED3-4751-8A50-EC69D5AD3467}.Debug|x64.Build.0 = Debug|x64
		{82317C29-9ED3-4751-8A50-EC69D5AD3467}.Release|Win32.ActiveCfg = Release|Win32
		{82317C29-9ED3-4751-8A50-EC69D5AD3467}.Release|Win32.Build.0 = Release|Win32
		{82317C29-9ED3-4751-8A50-EC69D5AD3467}.Release|x64.ActiveCfg = Release|x64
		{82317C29-9ED3-4751-8A50-EC69D5AD3467}.Release|x64.Build.0 = Release|x64
	EndGlobalSection
EndGlobal
