
Microsoft Visual Studio Solution File, Format Version 12.00
# Visual Studio Version 16
VisualStudioVersion = 16.0.31112.23
MinimumVisualStudioVersion = 10.0.40219.1
Project("{8BC9CEB8-8B4A-11D0-8D11-00A0C91BC942}") = "1-1", "1-1\1-1.vcxproj", "{33883AAE-67A1-4D93-A082-FEABFE1FF2B1}"
EndProject
Project("{8BC9CEB8-8B4A-11D0-8D11-00A0C91BC942}") = "1-2", "1-2\1-2.vcxproj", "{5A17DCE2-6C4A-4D63-B08D-5F8C8EEE892D}"
EndProject
Project("{8BC9CEB8-8B4A-11D0-8D11-00A0C91BC942}") = "1-3", "1-3\1-3.vcxproj", "{6BF319EC-BAC9-4907-9419-6CDB35912BAF}"
EndProject
Project("{8BC9CEB8-8B4A-11D0-8D11-00A0C91BC942}") = "1-4", "1-4\1-4.vcxproj", "{08ACCD55-0F38-43DB-B20B-63825B098AF4}"
EndProject
Project("{8BC9CEB8-8B4A-11D0-8D11-00A0C91BC942}") = "1-5", "1-5\1-5.vcxproj", "{838018B0-1070-43B0-9D7F-F3216FE9ED5A}"
EndProject
Project("{8BC9CEB8-8B4A-11D0-8D11-00A0C91BC942}") = "1-6", "1-6\1-6.vcxproj", "{CA85114F-606B-4CF2-98A3-E10EED1C725D}"
EndProject
Project("{8BC9CEB8-8B4A-11D0-8D11-00A0C91BC942}") = "1-7", "1-7\1-7.vcxproj", "{B5EAC1AF-6C36-4322-8E42-A6C6CFC6352A}"
EndProject
Project("{8BC9CEB8-8B4A-11D0-8D11-00A0C91BC942}") = "1-8", "1-8\1-8.vcxproj", "{F1349590-6D00-40CF-9439-5D7C176FE7F2}"
EndProject
Project("{8BC9CEB8-8B4A-11D0-8D11-00A0C91BC942}") = "1-9", "1-9\1-9.vcxproj", "{50E02384-642D-4F5F-8EBD-51CFCA9A4CE5}"
EndProject
Project("{8BC9CEB8-8B4A-11D0-8D11-00A0C91BC942}") = "1-10", "1-10\1-10.vcxproj", "{CE735BC9-EC23-49DE-8D36-8FA9063DF52A}"
EndProject
Project("{8BC9CEB8-8B4A-11D0-8D11-00A0C91BC942}") = "1-11", "1-11\1-11.vcxproj", "{F0F6C68D-C783-44A9-80F7-BEBA4F0E27B2}"
EndProject
Project("{8BC9CEB8-8B4A-11D0-8D11-00A0C91BC942}") = "1-13", "1-13\1-13.vcxproj", "{C23AE062-AD5C-4A5C-9CB8-21735A654F6A}"
EndProject
Project("{8BC9CEB8-8B4A-11D0-8D11-00A0C91BC942}") = "1-14", "1-14\1-14.vcxproj", "{DB9AFAB3-4B92-4AA0-A73E-F769AE90934D}"
EndProject
Project("{8BC9CEB8-8B4A-11D0-8D11-00A0C91BC942}") = "1-15", "1-15\1-15.vcxproj", "{0852ACC0-BD4E-4327-ACE3-28B62007E25E}"
EndProject
Project("{8BC9CEB8-8B4A-11D0-8D11-00A0C91BC942}") = "1-16", "1-16\1-16.vcxproj", "{4500BAE7-F5F4-42E3-9453-5F67CE21A8D7}"
EndProject
Project("{8BC9CEB8-8B4A-11D0-8D11-00A0C91BC942}") = "1-17", "1-17\1-17.vcxproj", "{EA8A2E4F-422C-40DC-B3C2-4B2549CDC9BC}"
EndProject
Project("{8BC9CEB8-8B4A-11D0-8D11-00A0C91BC942}") = "1-18", "1-18\1-18.vcxproj", "{A400AA82-C80C-47A9-8A6C-F15BE59BC576}"
EndProject
Project("{8BC9CEB8-8B4A-11D0-8D11-00A0C91BC942}") = "1-19", "1-19\1-19.vcxproj", "{D4CB9C9E-CE24-4147-BD27-7B38F3A3DE7C}"
EndProject
Project("{8BC9CEB8-8B4A-11D0-8D11-00A0C91BC942}") = "1-20", "1-20\1-20.vcxproj", "{699AF69E-B55B-4EEB-B257-C5032FBCB8A8}"
EndProject
Project("{8BC9CEB8-8B4A-11D0-8D11-00A0C91BC942}") = "1-21", "1-21\1-21.vcxproj", "{1F33E6F1-93A6-4A59-9568-2BA52172F0A0}"
EndProject
Project("{8BC9CEB8-8B4A-11D0-8D11-00A0C91BC942}") = "1-22", "1-22\1-22.vcxproj", "{05D6E071-CC6A-4638-ABA0-64A5470342A2}"
EndProject
Project("{8BC9CEB8-8B4A-11D0-8D11-00A0C91BC942}") = "1-23", "1-23\1-23.vcxproj", "{80DF8093-0745-4012-96B0-4F1CEFB18A65}"
EndProject
Project("{8BC9CEB8-8B4A-11D0-8D11-00A0C91BC942}") = "1-24", "1-24\1-24.vcxproj", "{17705BA4-3BE4-4875-BCA3-0305C69C0B49}"
EndProject
Project("{8BC9CEB8-8B4A-11D0-8D11-00A0C91BC942}") = "1-25", "1-25\1-25.vcxproj", "{65F92DEA-C854-4ECC-9F0C-C67E2602C111}"
EndProject
Project("{8BC9CEB8-8B4A-11D0-8D11-00A0C91BC942}") = "1-26", "1-26\1-26.vcxproj", "{CC430B8E-47D3-4F9E-A41F-3BAE1F2D99DB}"
EndProject
Project("{8BC9CEB8-8B4A-11D0-8D11-00A0C91BC942}") = "1-30", "1-30\1-30.vcxproj", "{A38011F0-830F-4748-9E64-33AABAD069CE}"
EndProject
Project("{8BC9CEB8-8B4A-11D0-8D11-00A0C91BC942}") = "1-31", "1-31\1-31.vcxproj", "{F6D3BEE8-0AC7-4BE5-8131-E96AA5058929}"
EndProject
Project("{8BC9CEB8-8B4A-11D0-8D11-00A0C91BC942}") = "2-32", "2-32\2-32\2-32.vcxproj", "{239312CA-3887-4989-B7CB-FC72F11FD6B6}"
EndProject
Project("{8BC9CEB8-8B4A-11D0-8D11-00A0C91BC942}") = "2-33", "2-33\2-33.vcxproj", "{8C8BAC7D-5137-4D66-8EEE-D7A1E8B18E07}"
EndProject
Project("{8BC9CEB8-8B4A-11D0-8D11-00A0C91BC942}") = "2-34", "2-34\2-34.vcxproj", "{1764942E-6D6C-42BC-9675-AF01A5621F9A}"
EndProject
Project("{8BC9CEB8-8B4A-11D0-8D11-00A0C91BC942}") = "2-35", "2-35\2-35.vcxproj", "{A270ADAB-47D8-4807-92B8-48C5B261987D}"
EndProject
Project("{8BC9CEB8-8B4A-11D0-8D11-00A0C91BC942}") = "2-36", "2-36\2-36.vcxproj", "{E018CF07-6B10-4972-88A1-2B59FC536156}"
EndProject
Project("{8BC9CEB8-8B4A-11D0-8D11-00A0C91BC942}") = "2-37", "2-37\2-37.vcxproj", "{9F4237DF-B74C-4EEC-8D40-FA133BFAA9ED}"
EndProject
Project("{8BC9CEB8-8B4A-11D0-8D11-00A0C91BC942}") = "2-38", "2-38\2-38.vcxproj", "{F78433B1-ECE3-4C91-A3FB-49498A61BF29}"
EndProject
Project("{8BC9CEB8-8B4A-11D0-8D11-00A0C91BC942}") = "2-39", "2-39\2-39.vcxproj", "{64B06623-2182-47F2-8124-D211C29EBD86}"
EndProject
Project("{8BC9CEB8-8B4A-11D0-8D11-00A0C91BC942}") = "2-40", "2-40\2-40.vcxproj", "{A07C5034-B7E3-42F5-8F2D-5E12200323FD}"
EndProject
Project("{8BC9CEB8-8B4A-11D0-8D11-00A0C91BC942}") = "2-41", "2-41\2-41.vcxproj", "{91845C04-3D6A-47A1-96DA-40AE89C5426B}"
EndProject
Project("{8BC9CEB8-8B4A-11D0-8D11-00A0C91BC942}") = "2-42", "2-42\2-42.vcxproj", "{6841A39E-94F0-48C4-9726-A4BAD33E7354}"
EndProject
Project("{8BC9CEB8-8B4A-11D0-8D11-00A0C91BC942}") = "2-43 결정 알고리즘", "2-43 결정 알고리즘\2-43 결정 알고리즘.vcxproj", "{8933CFE7-F7DD-4D68-A091-F129D4D52AC8}"
EndProject
Project("{8BC9CEB8-8B4A-11D0-8D11-00A0C91BC942}") = "2-44 마구간 정하기", "2-44 마구간 정하기\2-44 마구간 정하기.vcxproj", "{350A6B79-901D-408E-B31F-DA3C11629E07}"
EndProject
Project("{8BC9CEB8-8B4A-11D0-8D11-00A0C91BC942}") = "2-45 공주 구하기", "2-45 공주 구하기\2-45 공주 구하기.vcxproj", "{A56CBEB6-A685-4CA2-8BD1-3816C74FD1C4}"
EndProject
Project("{8BC9CEB8-8B4A-11D0-8D11-00A0C91BC942}") = "2-46 멀티태스킹", "2-46 멀티태스킹\2-46 멀티태스킹.vcxproj", "{BCE1DEF3-8CD9-4ED6-B254-6CB197BF3C1E}"
EndProject
Project("{8BC9CEB8-8B4A-11D0-8D11-00A0C91BC942}") = "2-47 봉우리", "2-47 봉우리\2-47 봉우리.vcxproj", "{5D6B289A-20F7-4D1C-A383-E181AA01CB67}"
EndProject
Project("{8BC9CEB8-8B4A-11D0-8D11-00A0C91BC942}") = "2-48 각 행의 평균과 가장 가까운 값", "2-48\2-48.vcxproj", "{4503525A-68D6-489C-B2B1-408E7AD98079}"
EndProject
Project("{8BC9CEB8-8B4A-11D0-8D11-00A0C91BC942}") = "2-49 블록의 최댓값", "2-49 블록의 최댓값\2-49 블록의 최댓값.vcxproj", "{3EBAB8B5-B518-4C60-9A6F-02F5178DB7DF}"
EndProject
Project("{8BC9CEB8-8B4A-11D0-8D11-00A0C91BC942}") = "2-50 영지 선택(Smail)", "2-50 영지 선택\2-50 영지 선택.vcxproj", "{8DDE27EA-7362-4748-86E8-EF917A57F773}"
EndProject
Project("{8BC9CEB8-8B4A-11D0-8D11-00A0C91BC942}") = "2-51 영지 선택 Large (투 포인트 알고리즘)", "2-51 영지 선택 Large\2-51 영지 선택 Large.vcxproj", "{8E8BC343-F5B1-4400-9D11-9E33CBC53899}"
EndProject
Project("{8BC9CEB8-8B4A-11D0-8D11-00A0C91BC942}") = "2-52 Ugly Numbers", "2-52 Ugly Numbers\2-52 Ugly Numbers.vcxproj", "{16C2DDE5-FFDA-4627-817F-0FDFF06386A4}"
EndProject
Project("{8BC9CEB8-8B4A-11D0-8D11-00A0C91BC942}") = "2-53 k진수 출력", "2-53 k진수 출력\2-53 k진수 출력.vcxproj", "{7236FBF6-47D6-40F2-8117-42453E1F23B8}"
EndProject
Project("{8BC9CEB8-8B4A-11D0-8D11-00A0C91BC942}") = "2-54 올바른 괄호", "2-54 올바른 괄호\2-54 올바른 괄호.vcxproj", "{F9D29E4C-C5D9-4254-B289-5927CF300617}"
EndProject
Project("{8BC9CEB8-8B4A-11D0-8D11-00A0C91BC942}") = "2-55 기차운행", "2-55 기차운행\2-55 기차운행.vcxproj", "{BD75E6EC-0C1C-4E96-9CB3-AC688E4D7622}"
EndProject
Global
	GlobalSection(SolutionConfigurationPlatforms) = preSolution
		Debug|x64 = Debug|x64
		Debug|x86 = Debug|x86
		Release|x64 = Release|x64
		Release|x86 = Release|x86
	EndGlobalSection
	GlobalSection(ProjectConfigurationPlatforms) = postSolution
		{33883AAE-67A1-4D93-A082-FEABFE1FF2B1}.Debug|x64.ActiveCfg = Debug|x64
		{33883AAE-67A1-4D93-A082-FEABFE1FF2B1}.Debug|x64.Build.0 = Debug|x64
		{33883AAE-67A1-4D93-A082-FEABFE1FF2B1}.Debug|x86.ActiveCfg = Debug|Win32
		{33883AAE-67A1-4D93-A082-FEABFE1FF2B1}.Debug|x86.Build.0 = Debug|Win32
		{33883AAE-67A1-4D93-A082-FEABFE1FF2B1}.Release|x64.ActiveCfg = Release|x64
		{33883AAE-67A1-4D93-A082-FEABFE1FF2B1}.Release|x64.Build.0 = Release|x64
		{33883AAE-67A1-4D93-A082-FEABFE1FF2B1}.Release|x86.ActiveCfg = Release|Win32
		{33883AAE-67A1-4D93-A082-FEABFE1FF2B1}.Release|x86.Build.0 = Release|Win32
		{5A17DCE2-6C4A-4D63-B08D-5F8C8EEE892D}.Debug|x64.ActiveCfg = Debug|x64
		{5A17DCE2-6C4A-4D63-B08D-5F8C8EEE892D}.Debug|x64.Build.0 = Debug|x64
		{5A17DCE2-6C4A-4D63-B08D-5F8C8EEE892D}.Debug|x86.ActiveCfg = Debug|Win32
		{5A17DCE2-6C4A-4D63-B08D-5F8C8EEE892D}.Debug|x86.Build.0 = Debug|Win32
		{5A17DCE2-6C4A-4D63-B08D-5F8C8EEE892D}.Release|x64.ActiveCfg = Release|x64
		{5A17DCE2-6C4A-4D63-B08D-5F8C8EEE892D}.Release|x64.Build.0 = Release|x64
		{5A17DCE2-6C4A-4D63-B08D-5F8C8EEE892D}.Release|x86.ActiveCfg = Release|Win32
		{5A17DCE2-6C4A-4D63-B08D-5F8C8EEE892D}.Release|x86.Build.0 = Release|Win32
		{6BF319EC-BAC9-4907-9419-6CDB35912BAF}.Debug|x64.ActiveCfg = Debug|x64
		{6BF319EC-BAC9-4907-9419-6CDB35912BAF}.Debug|x64.Build.0 = Debug|x64
		{6BF319EC-BAC9-4907-9419-6CDB35912BAF}.Debug|x86.ActiveCfg = Debug|Win32
		{6BF319EC-BAC9-4907-9419-6CDB35912BAF}.Debug|x86.Build.0 = Debug|Win32
		{6BF319EC-BAC9-4907-9419-6CDB35912BAF}.Release|x64.ActiveCfg = Release|x64
		{6BF319EC-BAC9-4907-9419-6CDB35912BAF}.Release|x64.Build.0 = Release|x64
		{6BF319EC-BAC9-4907-9419-6CDB35912BAF}.Release|x86.ActiveCfg = Release|Win32
		{6BF319EC-BAC9-4907-9419-6CDB35912BAF}.Release|x86.Build.0 = Release|Win32
		{08ACCD55-0F38-43DB-B20B-63825B098AF4}.Debug|x64.ActiveCfg = Debug|x64
		{08ACCD55-0F38-43DB-B20B-63825B098AF4}.Debug|x64.Build.0 = Debug|x64
		{08ACCD55-0F38-43DB-B20B-63825B098AF4}.Debug|x86.ActiveCfg = Debug|Win32
		{08ACCD55-0F38-43DB-B20B-63825B098AF4}.Debug|x86.Build.0 = Debug|Win32
		{08ACCD55-0F38-43DB-B20B-63825B098AF4}.Release|x64.ActiveCfg = Release|x64
		{08ACCD55-0F38-43DB-B20B-63825B098AF4}.Release|x64.Build.0 = Release|x64
		{08ACCD55-0F38-43DB-B20B-63825B098AF4}.Release|x86.ActiveCfg = Release|Win32
		{08ACCD55-0F38-43DB-B20B-63825B098AF4}.Release|x86.Build.0 = Release|Win32
		{838018B0-1070-43B0-9D7F-F3216FE9ED5A}.Debug|x64.ActiveCfg = Debug|x64
		{838018B0-1070-43B0-9D7F-F3216FE9ED5A}.Debug|x64.Build.0 = Debug|x64
		{838018B0-1070-43B0-9D7F-F3216FE9ED5A}.Debug|x86.ActiveCfg = Debug|Win32
		{838018B0-1070-43B0-9D7F-F3216FE9ED5A}.Debug|x86.Build.0 = Debug|Win32
		{838018B0-1070-43B0-9D7F-F3216FE9ED5A}.Release|x64.ActiveCfg = Release|x64
		{838018B0-1070-43B0-9D7F-F3216FE9ED5A}.Release|x64.Build.0 = Release|x64
		{838018B0-1070-43B0-9D7F-F3216FE9ED5A}.Release|x86.ActiveCfg = Release|Win32
		{838018B0-1070-43B0-9D7F-F3216FE9ED5A}.Release|x86.Build.0 = Release|Win32
		{CA85114F-606B-4CF2-98A3-E10EED1C725D}.Debug|x64.ActiveCfg = Debug|x64
		{CA85114F-606B-4CF2-98A3-E10EED1C725D}.Debug|x64.Build.0 = Debug|x64
		{CA85114F-606B-4CF2-98A3-E10EED1C725D}.Debug|x86.ActiveCfg = Debug|Win32
		{CA85114F-606B-4CF2-98A3-E10EED1C725D}.Debug|x86.Build.0 = Debug|Win32
		{CA85114F-606B-4CF2-98A3-E10EED1C725D}.Release|x64.ActiveCfg = Release|x64
		{CA85114F-606B-4CF2-98A3-E10EED1C725D}.Release|x64.Build.0 = Release|x64
		{CA85114F-606B-4CF2-98A3-E10EED1C725D}.Release|x86.ActiveCfg = Release|Win32
		{CA85114F-606B-4CF2-98A3-E10EED1C725D}.Release|x86.Build.0 = Release|Win32
		{B5EAC1AF-6C36-4322-8E42-A6C6CFC6352A}.Debug|x64.ActiveCfg = Debug|x64
		{B5EAC1AF-6C36-4322-8E42-A6C6CFC6352A}.Debug|x64.Build.0 = Debug|x64
		{B5EAC1AF-6C36-4322-8E42-A6C6CFC6352A}.Debug|x86.ActiveCfg = Debug|Win32
		{B5EAC1AF-6C36-4322-8E42-A6C6CFC6352A}.Debug|x86.Build.0 = Debug|Win32
		{B5EAC1AF-6C36-4322-8E42-A6C6CFC6352A}.Release|x64.ActiveCfg = Release|x64
		{B5EAC1AF-6C36-4322-8E42-A6C6CFC6352A}.Release|x64.Build.0 = Release|x64
		{B5EAC1AF-6C36-4322-8E42-A6C6CFC6352A}.Release|x86.ActiveCfg = Release|Win32
		{B5EAC1AF-6C36-4322-8E42-A6C6CFC6352A}.Release|x86.Build.0 = Release|Win32
		{F1349590-6D00-40CF-9439-5D7C176FE7F2}.Debug|x64.ActiveCfg = Debug|x64
		{F1349590-6D00-40CF-9439-5D7C176FE7F2}.Debug|x64.Build.0 = Debug|x64
		{F1349590-6D00-40CF-9439-5D7C176FE7F2}.Debug|x86.ActiveCfg = Debug|Win32
		{F1349590-6D00-40CF-9439-5D7C176FE7F2}.Debug|x86.Build.0 = Debug|Win32
		{F1349590-6D00-40CF-9439-5D7C176FE7F2}.Release|x64.ActiveCfg = Release|x64
		{F1349590-6D00-40CF-9439-5D7C176FE7F2}.Release|x64.Build.0 = Release|x64
		{F1349590-6D00-40CF-9439-5D7C176FE7F2}.Release|x86.ActiveCfg = Release|Win32
		{F1349590-6D00-40CF-9439-5D7C176FE7F2}.Release|x86.Build.0 = Release|Win32
		{50E02384-642D-4F5F-8EBD-51CFCA9A4CE5}.Debug|x64.ActiveCfg = Debug|x64
		{50E02384-642D-4F5F-8EBD-51CFCA9A4CE5}.Debug|x64.Build.0 = Debug|x64
		{50E02384-642D-4F5F-8EBD-51CFCA9A4CE5}.Debug|x86.ActiveCfg = Debug|Win32
		{50E02384-642D-4F5F-8EBD-51CFCA9A4CE5}.Debug|x86.Build.0 = Debug|Win32
		{50E02384-642D-4F5F-8EBD-51CFCA9A4CE5}.Release|x64.ActiveCfg = Release|x64
		{50E02384-642D-4F5F-8EBD-51CFCA9A4CE5}.Release|x64.Build.0 = Release|x64
		{50E02384-642D-4F5F-8EBD-51CFCA9A4CE5}.Release|x86.ActiveCfg = Release|Win32
		{50E02384-642D-4F5F-8EBD-51CFCA9A4CE5}.Release|x86.Build.0 = Release|Win32
		{CE735BC9-EC23-49DE-8D36-8FA9063DF52A}.Debug|x64.ActiveCfg = Debug|x64
		{CE735BC9-EC23-49DE-8D36-8FA9063DF52A}.Debug|x64.Build.0 = Debug|x64
		{CE735BC9-EC23-49DE-8D36-8FA9063DF52A}.Debug|x86.ActiveCfg = Debug|Win32
		{CE735BC9-EC23-49DE-8D36-8FA9063DF52A}.Debug|x86.Build.0 = Debug|Win32
		{CE735BC9-EC23-49DE-8D36-8FA9063DF52A}.Release|x64.ActiveCfg = Release|x64
		{CE735BC9-EC23-49DE-8D36-8FA9063DF52A}.Release|x64.Build.0 = Release|x64
		{CE735BC9-EC23-49DE-8D36-8FA9063DF52A}.Release|x86.ActiveCfg = Release|Win32
		{CE735BC9-EC23-49DE-8D36-8FA9063DF52A}.Release|x86.Build.0 = Release|Win32
		{F0F6C68D-C783-44A9-80F7-BEBA4F0E27B2}.Debug|x64.ActiveCfg = Debug|x64
		{F0F6C68D-C783-44A9-80F7-BEBA4F0E27B2}.Debug|x64.Build.0 = Debug|x64
		{F0F6C68D-C783-44A9-80F7-BEBA4F0E27B2}.Debug|x86.ActiveCfg = Debug|Win32
		{F0F6C68D-C783-44A9-80F7-BEBA4F0E27B2}.Debug|x86.Build.0 = Debug|Win32
		{F0F6C68D-C783-44A9-80F7-BEBA4F0E27B2}.Release|x64.ActiveCfg = Release|x64
		{F0F6C68D-C783-44A9-80F7-BEBA4F0E27B2}.Release|x64.Build.0 = Release|x64
		{F0F6C68D-C783-44A9-80F7-BEBA4F0E27B2}.Release|x86.ActiveCfg = Release|Win32
		{F0F6C68D-C783-44A9-80F7-BEBA4F0E27B2}.Release|x86.Build.0 = Release|Win32
		{C23AE062-AD5C-4A5C-9CB8-21735A654F6A}.Debug|x64.ActiveCfg = Debug|x64
		{C23AE062-AD5C-4A5C-9CB8-21735A654F6A}.Debug|x64.Build.0 = Debug|x64
		{C23AE062-AD5C-4A5C-9CB8-21735A654F6A}.Debug|x86.ActiveCfg = Debug|Win32
		{C23AE062-AD5C-4A5C-9CB8-21735A654F6A}.Debug|x86.Build.0 = Debug|Win32
		{C23AE062-AD5C-4A5C-9CB8-21735A654F6A}.Release|x64.ActiveCfg = Release|x64
		{C23AE062-AD5C-4A5C-9CB8-21735A654F6A}.Release|x64.Build.0 = Release|x64
		{C23AE062-AD5C-4A5C-9CB8-21735A654F6A}.Release|x86.ActiveCfg = Release|Win32
		{C23AE062-AD5C-4A5C-9CB8-21735A654F6A}.Release|x86.Build.0 = Release|Win32
		{DB9AFAB3-4B92-4AA0-A73E-F769AE90934D}.Debug|x64.ActiveCfg = Debug|x64
		{DB9AFAB3-4B92-4AA0-A73E-F769AE90934D}.Debug|x64.Build.0 = Debug|x64
		{DB9AFAB3-4B92-4AA0-A73E-F769AE90934D}.Debug|x86.ActiveCfg = Debug|Win32
		{DB9AFAB3-4B92-4AA0-A73E-F769AE90934D}.Debug|x86.Build.0 = Debug|Win32
		{DB9AFAB3-4B92-4AA0-A73E-F769AE90934D}.Release|x64.ActiveCfg = Release|x64
		{DB9AFAB3-4B92-4AA0-A73E-F769AE90934D}.Release|x64.Build.0 = Release|x64
		{DB9AFAB3-4B92-4AA0-A73E-F769AE90934D}.Release|x86.ActiveCfg = Release|Win32
		{DB9AFAB3-4B92-4AA0-A73E-F769AE90934D}.Release|x86.Build.0 = Release|Win32
		{0852ACC0-BD4E-4327-ACE3-28B62007E25E}.Debug|x64.ActiveCfg = Debug|x64
		{0852ACC0-BD4E-4327-ACE3-28B62007E25E}.Debug|x64.Build.0 = Debug|x64
		{0852ACC0-BD4E-4327-ACE3-28B62007E25E}.Debug|x86.ActiveCfg = Debug|Win32
		{0852ACC0-BD4E-4327-ACE3-28B62007E25E}.Debug|x86.Build.0 = Debug|Win32
		{0852ACC0-BD4E-4327-ACE3-28B62007E25E}.Release|x64.ActiveCfg = Release|x64
		{0852ACC0-BD4E-4327-ACE3-28B62007E25E}.Release|x64.Build.0 = Release|x64
		{0852ACC0-BD4E-4327-ACE3-28B62007E25E}.Release|x86.ActiveCfg = Release|Win32
		{0852ACC0-BD4E-4327-ACE3-28B62007E25E}.Release|x86.Build.0 = Release|Win32
		{4500BAE7-F5F4-42E3-9453-5F67CE21A8D7}.Debug|x64.ActiveCfg = Debug|x64
		{4500BAE7-F5F4-42E3-9453-5F67CE21A8D7}.Debug|x64.Build.0 = Debug|x64
		{4500BAE7-F5F4-42E3-9453-5F67CE21A8D7}.Debug|x86.ActiveCfg = Debug|Win32
		{4500BAE7-F5F4-42E3-9453-5F67CE21A8D7}.Debug|x86.Build.0 = Debug|Win32
		{4500BAE7-F5F4-42E3-9453-5F67CE21A8D7}.Release|x64.ActiveCfg = Release|x64
		{4500BAE7-F5F4-42E3-9453-5F67CE21A8D7}.Release|x64.Build.0 = Release|x64
		{4500BAE7-F5F4-42E3-9453-5F67CE21A8D7}.Release|x86.ActiveCfg = Release|Win32
		{4500BAE7-F5F4-42E3-9453-5F67CE21A8D7}.Release|x86.Build.0 = Release|Win32
		{EA8A2E4F-422C-40DC-B3C2-4B2549CDC9BC}.Debug|x64.ActiveCfg = Debug|x64
		{EA8A2E4F-422C-40DC-B3C2-4B2549CDC9BC}.Debug|x64.Build.0 = Debug|x64
		{EA8A2E4F-422C-40DC-B3C2-4B2549CDC9BC}.Debug|x86.ActiveCfg = Debug|Win32
		{EA8A2E4F-422C-40DC-B3C2-4B2549CDC9BC}.Debug|x86.Build.0 = Debug|Win32
		{EA8A2E4F-422C-40DC-B3C2-4B2549CDC9BC}.Release|x64.ActiveCfg = Release|x64
		{EA8A2E4F-422C-40DC-B3C2-4B2549CDC9BC}.Release|x64.Build.0 = Release|x64
		{EA8A2E4F-422C-40DC-B3C2-4B2549CDC9BC}.Release|x86.ActiveCfg = Release|Win32
		{EA8A2E4F-422C-40DC-B3C2-4B2549CDC9BC}.Release|x86.Build.0 = Release|Win32
		{A400AA82-C80C-47A9-8A6C-F15BE59BC576}.Debug|x64.ActiveCfg = Debug|x64
		{A400AA82-C80C-47A9-8A6C-F15BE59BC576}.Debug|x64.Build.0 = Debug|x64
		{A400AA82-C80C-47A9-8A6C-F15BE59BC576}.Debug|x86.ActiveCfg = Debug|Win32
		{A400AA82-C80C-47A9-8A6C-F15BE59BC576}.Debug|x86.Build.0 = Debug|Win32
		{A400AA82-C80C-47A9-8A6C-F15BE59BC576}.Release|x64.ActiveCfg = Release|x64
		{A400AA82-C80C-47A9-8A6C-F15BE59BC576}.Release|x64.Build.0 = Release|x64
		{A400AA82-C80C-47A9-8A6C-F15BE59BC576}.Release|x86.ActiveCfg = Release|Win32
		{A400AA82-C80C-47A9-8A6C-F15BE59BC576}.Release|x86.Build.0 = Release|Win32
		{D4CB9C9E-CE24-4147-BD27-7B38F3A3DE7C}.Debug|x64.ActiveCfg = Debug|x64
		{D4CB9C9E-CE24-4147-BD27-7B38F3A3DE7C}.Debug|x64.Build.0 = Debug|x64
		{D4CB9C9E-CE24-4147-BD27-7B38F3A3DE7C}.Debug|x86.ActiveCfg = Debug|Win32
		{D4CB9C9E-CE24-4147-BD27-7B38F3A3DE7C}.Debug|x86.Build.0 = Debug|Win32
		{D4CB9C9E-CE24-4147-BD27-7B38F3A3DE7C}.Release|x64.ActiveCfg = Release|x64
		{D4CB9C9E-CE24-4147-BD27-7B38F3A3DE7C}.Release|x64.Build.0 = Release|x64
		{D4CB9C9E-CE24-4147-BD27-7B38F3A3DE7C}.Release|x86.ActiveCfg = Release|Win32
		{D4CB9C9E-CE24-4147-BD27-7B38F3A3DE7C}.Release|x86.Build.0 = Release|Win32
		{699AF69E-B55B-4EEB-B257-C5032FBCB8A8}.Debug|x64.ActiveCfg = Debug|x64
		{699AF69E-B55B-4EEB-B257-C5032FBCB8A8}.Debug|x64.Build.0 = Debug|x64
		{699AF69E-B55B-4EEB-B257-C5032FBCB8A8}.Debug|x86.ActiveCfg = Debug|Win32
		{699AF69E-B55B-4EEB-B257-C5032FBCB8A8}.Debug|x86.Build.0 = Debug|Win32
		{699AF69E-B55B-4EEB-B257-C5032FBCB8A8}.Release|x64.ActiveCfg = Release|x64
		{699AF69E-B55B-4EEB-B257-C5032FBCB8A8}.Release|x64.Build.0 = Release|x64
		{699AF69E-B55B-4EEB-B257-C5032FBCB8A8}.Release|x86.ActiveCfg = Release|Win32
		{699AF69E-B55B-4EEB-B257-C5032FBCB8A8}.Release|x86.Build.0 = Release|Win32
		{1F33E6F1-93A6-4A59-9568-2BA52172F0A0}.Debug|x64.ActiveCfg = Debug|x64
		{1F33E6F1-93A6-4A59-9568-2BA52172F0A0}.Debug|x64.Build.0 = Debug|x64
		{1F33E6F1-93A6-4A59-9568-2BA52172F0A0}.Debug|x86.ActiveCfg = Debug|Win32
		{1F33E6F1-93A6-4A59-9568-2BA52172F0A0}.Debug|x86.Build.0 = Debug|Win32
		{1F33E6F1-93A6-4A59-9568-2BA52172F0A0}.Release|x64.ActiveCfg = Release|x64
		{1F33E6F1-93A6-4A59-9568-2BA52172F0A0}.Release|x64.Build.0 = Release|x64
		{1F33E6F1-93A6-4A59-9568-2BA52172F0A0}.Release|x86.ActiveCfg = Release|Win32
		{1F33E6F1-93A6-4A59-9568-2BA52172F0A0}.Release|x86.Build.0 = Release|Win32
		{05D6E071-CC6A-4638-ABA0-64A5470342A2}.Debug|x64.ActiveCfg = Debug|x64
		{05D6E071-CC6A-4638-ABA0-64A5470342A2}.Debug|x64.Build.0 = Debug|x64
		{05D6E071-CC6A-4638-ABA0-64A5470342A2}.Debug|x86.ActiveCfg = Debug|Win32
		{05D6E071-CC6A-4638-ABA0-64A5470342A2}.Debug|x86.Build.0 = Debug|Win32
		{05D6E071-CC6A-4638-ABA0-64A5470342A2}.Release|x64.ActiveCfg = Release|x64
		{05D6E071-CC6A-4638-ABA0-64A5470342A2}.Release|x64.Build.0 = Release|x64
		{05D6E071-CC6A-4638-ABA0-64A5470342A2}.Release|x86.ActiveCfg = Release|Win32
		{05D6E071-CC6A-4638-ABA0-64A5470342A2}.Release|x86.Build.0 = Release|Win32
		{80DF8093-0745-4012-96B0-4F1CEFB18A65}.Debug|x64.ActiveCfg = Debug|x64
		{80DF8093-0745-4012-96B0-4F1CEFB18A65}.Debug|x64.Build.0 = Debug|x64
		{80DF8093-0745-4012-96B0-4F1CEFB18A65}.Debug|x86.ActiveCfg = Debug|Win32
		{80DF8093-0745-4012-96B0-4F1CEFB18A65}.Debug|x86.Build.0 = Debug|Win32
		{80DF8093-0745-4012-96B0-4F1CEFB18A65}.Release|x64.ActiveCfg = Release|x64
		{80DF8093-0745-4012-96B0-4F1CEFB18A65}.Release|x64.Build.0 = Release|x64
		{80DF8093-0745-4012-96B0-4F1CEFB18A65}.Release|x86.ActiveCfg = Release|Win32
		{80DF8093-0745-4012-96B0-4F1CEFB18A65}.Release|x86.Build.0 = Release|Win32
		{17705BA4-3BE4-4875-BCA3-0305C69C0B49}.Debug|x64.ActiveCfg = Debug|x64
		{17705BA4-3BE4-4875-BCA3-0305C69C0B49}.Debug|x64.Build.0 = Debug|x64
		{17705BA4-3BE4-4875-BCA3-0305C69C0B49}.Debug|x86.ActiveCfg = Debug|Win32
		{17705BA4-3BE4-4875-BCA3-0305C69C0B49}.Debug|x86.Build.0 = Debug|Win32
		{17705BA4-3BE4-4875-BCA3-0305C69C0B49}.Release|x64.ActiveCfg = Release|x64
		{17705BA4-3BE4-4875-BCA3-0305C69C0B49}.Release|x64.Build.0 = Release|x64
		{17705BA4-3BE4-4875-BCA3-0305C69C0B49}.Release|x86.ActiveCfg = Release|Win32
		{17705BA4-3BE4-4875-BCA3-0305C69C0B49}.Release|x86.Build.0 = Release|Win32
		{65F92DEA-C854-4ECC-9F0C-C67E2602C111}.Debug|x64.ActiveCfg = Debug|x64
		{65F92DEA-C854-4ECC-9F0C-C67E2602C111}.Debug|x64.Build.0 = Debug|x64
		{65F92DEA-C854-4ECC-9F0C-C67E2602C111}.Debug|x86.ActiveCfg = Debug|Win32
		{65F92DEA-C854-4ECC-9F0C-C67E2602C111}.Debug|x86.Build.0 = Debug|Win32
		{65F92DEA-C854-4ECC-9F0C-C67E2602C111}.Release|x64.ActiveCfg = Release|x64
		{65F92DEA-C854-4ECC-9F0C-C67E2602C111}.Release|x64.Build.0 = Release|x64
		{65F92DEA-C854-4ECC-9F0C-C67E2602C111}.Release|x86.ActiveCfg = Release|Win32
		{65F92DEA-C854-4ECC-9F0C-C67E2602C111}.Release|x86.Build.0 = Release|Win32
		{CC430B8E-47D3-4F9E-A41F-3BAE1F2D99DB}.Debug|x64.ActiveCfg = Debug|x64
		{CC430B8E-47D3-4F9E-A41F-3BAE1F2D99DB}.Debug|x64.Build.0 = Debug|x64
		{CC430B8E-47D3-4F9E-A41F-3BAE1F2D99DB}.Debug|x86.ActiveCfg = Debug|Win32
		{CC430B8E-47D3-4F9E-A41F-3BAE1F2D99DB}.Debug|x86.Build.0 = Debug|Win32
		{CC430B8E-47D3-4F9E-A41F-3BAE1F2D99DB}.Release|x64.ActiveCfg = Release|x64
		{CC430B8E-47D3-4F9E-A41F-3BAE1F2D99DB}.Release|x64.Build.0 = Release|x64
		{CC430B8E-47D3-4F9E-A41F-3BAE1F2D99DB}.Release|x86.ActiveCfg = Release|Win32
		{CC430B8E-47D3-4F9E-A41F-3BAE1F2D99DB}.Release|x86.Build.0 = Release|Win32
		{A38011F0-830F-4748-9E64-33AABAD069CE}.Debug|x64.ActiveCfg = Debug|x64
		{A38011F0-830F-4748-9E64-33AABAD069CE}.Debug|x64.Build.0 = Debug|x64
		{A38011F0-830F-4748-9E64-33AABAD069CE}.Debug|x86.ActiveCfg = Debug|Win32
		{A38011F0-830F-4748-9E64-33AABAD069CE}.Debug|x86.Build.0 = Debug|Win32
		{A38011F0-830F-4748-9E64-33AABAD069CE}.Release|x64.ActiveCfg = Release|x64
		{A38011F0-830F-4748-9E64-33AABAD069CE}.Release|x64.Build.0 = Release|x64
		{A38011F0-830F-4748-9E64-33AABAD069CE}.Release|x86.ActiveCfg = Release|Win32
		{A38011F0-830F-4748-9E64-33AABAD069CE}.Release|x86.Build.0 = Release|Win32
		{F6D3BEE8-0AC7-4BE5-8131-E96AA5058929}.Debug|x64.ActiveCfg = Debug|x64
		{F6D3BEE8-0AC7-4BE5-8131-E96AA5058929}.Debug|x64.Build.0 = Debug|x64
		{F6D3BEE8-0AC7-4BE5-8131-E96AA5058929}.Debug|x86.ActiveCfg = Debug|Win32
		{F6D3BEE8-0AC7-4BE5-8131-E96AA5058929}.Debug|x86.Build.0 = Debug|Win32
		{F6D3BEE8-0AC7-4BE5-8131-E96AA5058929}.Release|x64.ActiveCfg = Release|x64
		{F6D3BEE8-0AC7-4BE5-8131-E96AA5058929}.Release|x64.Build.0 = Release|x64
		{F6D3BEE8-0AC7-4BE5-8131-E96AA5058929}.Release|x86.ActiveCfg = Release|Win32
		{F6D3BEE8-0AC7-4BE5-8131-E96AA5058929}.Release|x86.Build.0 = Release|Win32
		{239312CA-3887-4989-B7CB-FC72F11FD6B6}.Debug|x64.ActiveCfg = Debug|x64
		{239312CA-3887-4989-B7CB-FC72F11FD6B6}.Debug|x64.Build.0 = Debug|x64
		{239312CA-3887-4989-B7CB-FC72F11FD6B6}.Debug|x86.ActiveCfg = Debug|Win32
		{239312CA-3887-4989-B7CB-FC72F11FD6B6}.Debug|x86.Build.0 = Debug|Win32
		{239312CA-3887-4989-B7CB-FC72F11FD6B6}.Release|x64.ActiveCfg = Release|x64
		{239312CA-3887-4989-B7CB-FC72F11FD6B6}.Release|x64.Build.0 = Release|x64
		{239312CA-3887-4989-B7CB-FC72F11FD6B6}.Release|x86.ActiveCfg = Release|Win32
		{239312CA-3887-4989-B7CB-FC72F11FD6B6}.Release|x86.Build.0 = Release|Win32
		{8C8BAC7D-5137-4D66-8EEE-D7A1E8B18E07}.Debug|x64.ActiveCfg = Debug|x64
		{8C8BAC7D-5137-4D66-8EEE-D7A1E8B18E07}.Debug|x64.Build.0 = Debug|x64
		{8C8BAC7D-5137-4D66-8EEE-D7A1E8B18E07}.Debug|x86.ActiveCfg = Debug|Win32
		{8C8BAC7D-5137-4D66-8EEE-D7A1E8B18E07}.Debug|x86.Build.0 = Debug|Win32
		{8C8BAC7D-5137-4D66-8EEE-D7A1E8B18E07}.Release|x64.ActiveCfg = Release|x64
		{8C8BAC7D-5137-4D66-8EEE-D7A1E8B18E07}.Release|x64.Build.0 = Release|x64
		{8C8BAC7D-5137-4D66-8EEE-D7A1E8B18E07}.Release|x86.ActiveCfg = Release|Win32
		{8C8BAC7D-5137-4D66-8EEE-D7A1E8B18E07}.Release|x86.Build.0 = Release|Win32
		{1764942E-6D6C-42BC-9675-AF01A5621F9A}.Debug|x64.ActiveCfg = Debug|x64
		{1764942E-6D6C-42BC-9675-AF01A5621F9A}.Debug|x64.Build.0 = Debug|x64
		{1764942E-6D6C-42BC-9675-AF01A5621F9A}.Debug|x86.ActiveCfg = Debug|Win32
		{1764942E-6D6C-42BC-9675-AF01A5621F9A}.Debug|x86.Build.0 = Debug|Win32
		{1764942E-6D6C-42BC-9675-AF01A5621F9A}.Release|x64.ActiveCfg = Release|x64
		{1764942E-6D6C-42BC-9675-AF01A5621F9A}.Release|x64.Build.0 = Release|x64
		{1764942E-6D6C-42BC-9675-AF01A5621F9A}.Release|x86.ActiveCfg = Release|Win32
		{1764942E-6D6C-42BC-9675-AF01A5621F9A}.Release|x86.Build.0 = Release|Win32
		{A270ADAB-47D8-4807-92B8-48C5B261987D}.Debug|x64.ActiveCfg = Debug|x64
		{A270ADAB-47D8-4807-92B8-48C5B261987D}.Debug|x64.Build.0 = Debug|x64
		{A270ADAB-47D8-4807-92B8-48C5B261987D}.Debug|x86.ActiveCfg = Debug|Win32
		{A270ADAB-47D8-4807-92B8-48C5B261987D}.Debug|x86.Build.0 = Debug|Win32
		{A270ADAB-47D8-4807-92B8-48C5B261987D}.Release|x64.ActiveCfg = Release|x64
		{A270ADAB-47D8-4807-92B8-48C5B261987D}.Release|x64.Build.0 = Release|x64
		{A270ADAB-47D8-4807-92B8-48C5B261987D}.Release|x86.ActiveCfg = Release|Win32
		{A270ADAB-47D8-4807-92B8-48C5B261987D}.Release|x86.Build.0 = Release|Win32
		{E018CF07-6B10-4972-88A1-2B59FC536156}.Debug|x64.ActiveCfg = Debug|x64
		{E018CF07-6B10-4972-88A1-2B59FC536156}.Debug|x64.Build.0 = Debug|x64
		{E018CF07-6B10-4972-88A1-2B59FC536156}.Debug|x86.ActiveCfg = Debug|Win32
		{E018CF07-6B10-4972-88A1-2B59FC536156}.Debug|x86.Build.0 = Debug|Win32
		{E018CF07-6B10-4972-88A1-2B59FC536156}.Release|x64.ActiveCfg = Release|x64
		{E018CF07-6B10-4972-88A1-2B59FC536156}.Release|x64.Build.0 = Release|x64
		{E018CF07-6B10-4972-88A1-2B59FC536156}.Release|x86.ActiveCfg = Release|Win32
		{E018CF07-6B10-4972-88A1-2B59FC536156}.Release|x86.Build.0 = Release|Win32
		{9F4237DF-B74C-4EEC-8D40-FA133BFAA9ED}.Debug|x64.ActiveCfg = Debug|x64
		{9F4237DF-B74C-4EEC-8D40-FA133BFAA9ED}.Debug|x64.Build.0 = Debug|x64
		{9F4237DF-B74C-4EEC-8D40-FA133BFAA9ED}.Debug|x86.ActiveCfg = Debug|Win32
		{9F4237DF-B74C-4EEC-8D40-FA133BFAA9ED}.Debug|x86.Build.0 = Debug|Win32
		{9F4237DF-B74C-4EEC-8D40-FA133BFAA9ED}.Release|x64.ActiveCfg = Release|x64
		{9F4237DF-B74C-4EEC-8D40-FA133BFAA9ED}.Release|x64.Build.0 = Release|x64
		{9F4237DF-B74C-4EEC-8D40-FA133BFAA9ED}.Release|x86.ActiveCfg = Release|Win32
		{9F4237DF-B74C-4EEC-8D40-FA133BFAA9ED}.Release|x86.Build.0 = Release|Win32
		{F78433B1-ECE3-4C91-A3FB-49498A61BF29}.Debug|x64.ActiveCfg = Debug|x64
		{F78433B1-ECE3-4C91-A3FB-49498A61BF29}.Debug|x64.Build.0 = Debug|x64
		{F78433B1-ECE3-4C91-A3FB-49498A61BF29}.Debug|x86.ActiveCfg = Debug|Win32
		{F78433B1-ECE3-4C91-A3FB-49498A61BF29}.Debug|x86.Build.0 = Debug|Win32
		{F78433B1-ECE3-4C91-A3FB-49498A61BF29}.Release|x64.ActiveCfg = Release|x64
		{F78433B1-ECE3-4C91-A3FB-49498A61BF29}.Release|x64.Build.0 = Release|x64
		{F78433B1-ECE3-4C91-A3FB-49498A61BF29}.Release|x86.ActiveCfg = Release|Win32
		{F78433B1-ECE3-4C91-A3FB-49498A61BF29}.Release|x86.Build.0 = Release|Win32
		{64B06623-2182-47F2-8124-D211C29EBD86}.Debug|x64.ActiveCfg = Debug|x64
		{64B06623-2182-47F2-8124-D211C29EBD86}.Debug|x64.Build.0 = Debug|x64
		{64B06623-2182-47F2-8124-D211C29EBD86}.Debug|x86.ActiveCfg = Debug|Win32
		{64B06623-2182-47F2-8124-D211C29EBD86}.Debug|x86.Build.0 = Debug|Win32
		{64B06623-2182-47F2-8124-D211C29EBD86}.Release|x64.ActiveCfg = Release|x64
		{64B06623-2182-47F2-8124-D211C29EBD86}.Release|x64.Build.0 = Release|x64
		{64B06623-2182-47F2-8124-D211C29EBD86}.Release|x86.ActiveCfg = Release|Win32
		{64B06623-2182-47F2-8124-D211C29EBD86}.Release|x86.Build.0 = Release|Win32
		{A07C5034-B7E3-42F5-8F2D-5E12200323FD}.Debug|x64.ActiveCfg = Debug|x64
		{A07C5034-B7E3-42F5-8F2D-5E12200323FD}.Debug|x64.Build.0 = Debug|x64
		{A07C5034-B7E3-42F5-8F2D-5E12200323FD}.Debug|x86.ActiveCfg = Debug|Win32
		{A07C5034-B7E3-42F5-8F2D-5E12200323FD}.Debug|x86.Build.0 = Debug|Win32
		{A07C5034-B7E3-42F5-8F2D-5E12200323FD}.Release|x64.ActiveCfg = Release|x64
		{A07C5034-B7E3-42F5-8F2D-5E12200323FD}.Release|x64.Build.0 = Release|x64
		{A07C5034-B7E3-42F5-8F2D-5E12200323FD}.Release|x86.ActiveCfg = Release|Win32
		{A07C5034-B7E3-42F5-8F2D-5E12200323FD}.Release|x86.Build.0 = Release|Win32
		{91845C04-3D6A-47A1-96DA-40AE89C5426B}.Debug|x64.ActiveCfg = Debug|x64
		{91845C04-3D6A-47A1-96DA-40AE89C5426B}.Debug|x64.Build.0 = Debug|x64
		{91845C04-3D6A-47A1-96DA-40AE89C5426B}.Debug|x86.ActiveCfg = Debug|Win32
		{91845C04-3D6A-47A1-96DA-40AE89C5426B}.Debug|x86.Build.0 = Debug|Win32
		{91845C04-3D6A-47A1-96DA-40AE89C5426B}.Release|x64.ActiveCfg = Release|x64
		{91845C04-3D6A-47A1-96DA-40AE89C5426B}.Release|x64.Build.0 = Release|x64
		{91845C04-3D6A-47A1-96DA-40AE89C5426B}.Release|x86.ActiveCfg = Release|Win32
		{91845C04-3D6A-47A1-96DA-40AE89C5426B}.Release|x86.Build.0 = Release|Win32
		{6841A39E-94F0-48C4-9726-A4BAD33E7354}.Debug|x64.ActiveCfg = Debug|x64
		{6841A39E-94F0-48C4-9726-A4BAD33E7354}.Debug|x64.Build.0 = Debug|x64
		{6841A39E-94F0-48C4-9726-A4BAD33E7354}.Debug|x86.ActiveCfg = Debug|Win32
		{6841A39E-94F0-48C4-9726-A4BAD33E7354}.Debug|x86.Build.0 = Debug|Win32
		{6841A39E-94F0-48C4-9726-A4BAD33E7354}.Release|x64.ActiveCfg = Release|x64
		{6841A39E-94F0-48C4-9726-A4BAD33E7354}.Release|x64.Build.0 = Release|x64
		{6841A39E-94F0-48C4-9726-A4BAD33E7354}.Release|x86.ActiveCfg = Release|Win32
		{6841A39E-94F0-48C4-9726-A4BAD33E7354}.Release|x86.Build.0 = Release|Win32
		{8933CFE7-F7DD-4D68-A091-F129D4D52AC8}.Debug|x64.ActiveCfg = Debug|x64
		{8933CFE7-F7DD-4D68-A091-F129D4D52AC8}.Debug|x64.Build.0 = Debug|x64
		{8933CFE7-F7DD-4D68-A091-F129D4D52AC8}.Debug|x86.ActiveCfg = Debug|Win32
		{8933CFE7-F7DD-4D68-A091-F129D4D52AC8}.Debug|x86.Build.0 = Debug|Win32
		{8933CFE7-F7DD-4D68-A091-F129D4D52AC8}.Release|x64.ActiveCfg = Release|x64
		{8933CFE7-F7DD-4D68-A091-F129D4D52AC8}.Release|x64.Build.0 = Release|x64
		{8933CFE7-F7DD-4D68-A091-F129D4D52AC8}.Release|x86.ActiveCfg = Release|Win32
		{8933CFE7-F7DD-4D68-A091-F129D4D52AC8}.Release|x86.Build.0 = Release|Win32
		{350A6B79-901D-408E-B31F-DA3C11629E07}.Debug|x64.ActiveCfg = Debug|x64
		{350A6B79-901D-408E-B31F-DA3C11629E07}.Debug|x64.Build.0 = Debug|x64
		{350A6B79-901D-408E-B31F-DA3C11629E07}.Debug|x86.ActiveCfg = Debug|Win32
		{350A6B79-901D-408E-B31F-DA3C11629E07}.Debug|x86.Build.0 = Debug|Win32
		{350A6B79-901D-408E-B31F-DA3C11629E07}.Release|x64.ActiveCfg = Release|x64
		{350A6B79-901D-408E-B31F-DA3C11629E07}.Release|x64.Build.0 = Release|x64
		{350A6B79-901D-408E-B31F-DA3C11629E07}.Release|x86.ActiveCfg = Release|Win32
		{350A6B79-901D-408E-B31F-DA3C11629E07}.Release|x86.Build.0 = Release|Win32
		{A56CBEB6-A685-4CA2-8BD1-3816C74FD1C4}.Debug|x64.ActiveCfg = Debug|x64
		{A56CBEB6-A685-4CA2-8BD1-3816C74FD1C4}.Debug|x64.Build.0 = Debug|x64
		{A56CBEB6-A685-4CA2-8BD1-3816C74FD1C4}.Debug|x86.ActiveCfg = Debug|Win32
		{A56CBEB6-A685-4CA2-8BD1-3816C74FD1C4}.Debug|x86.Build.0 = Debug|Win32
		{A56CBEB6-A685-4CA2-8BD1-3816C74FD1C4}.Release|x64.ActiveCfg = Release|x64
		{A56CBEB6-A685-4CA2-8BD1-3816C74FD1C4}.Release|x64.Build.0 = Release|x64
		{A56CBEB6-A685-4CA2-8BD1-3816C74FD1C4}.Release|x86.ActiveCfg = Release|Win32
		{A56CBEB6-A685-4CA2-8BD1-3816C74FD1C4}.Release|x86.Build.0 = Release|Win32
		{BCE1DEF3-8CD9-4ED6-B254-6CB197BF3C1E}.Debug|x64.ActiveCfg = Debug|x64
		{BCE1DEF3-8CD9-4ED6-B254-6CB197BF3C1E}.Debug|x64.Build.0 = Debug|x64
		{BCE1DEF3-8CD9-4ED6-B254-6CB197BF3C1E}.Debug|x86.ActiveCfg = Debug|Win32
		{BCE1DEF3-8CD9-4ED6-B254-6CB197BF3C1E}.Debug|x86.Build.0 = Debug|Win32
		{BCE1DEF3-8CD9-4ED6-B254-6CB197BF3C1E}.Release|x64.ActiveCfg = Release|x64
		{BCE1DEF3-8CD9-4ED6-B254-6CB197BF3C1E}.Release|x64.Build.0 = Release|x64
		{BCE1DEF3-8CD9-4ED6-B254-6CB197BF3C1E}.Release|x86.ActiveCfg = Release|Win32
		{BCE1DEF3-8CD9-4ED6-B254-6CB197BF3C1E}.Release|x86.Build.0 = Release|Win32
		{5D6B289A-20F7-4D1C-A383-E181AA01CB67}.Debug|x64.ActiveCfg = Debug|x64
		{5D6B289A-20F7-4D1C-A383-E181AA01CB67}.Debug|x64.Build.0 = Debug|x64
		{5D6B289A-20F7-4D1C-A383-E181AA01CB67}.Debug|x86.ActiveCfg = Debug|Win32
		{5D6B289A-20F7-4D1C-A383-E181AA01CB67}.Debug|x86.Build.0 = Debug|Win32
		{5D6B289A-20F7-4D1C-A383-E181AA01CB67}.Release|x64.ActiveCfg = Release|x64
		{5D6B289A-20F7-4D1C-A383-E181AA01CB67}.Release|x64.Build.0 = Release|x64
		{5D6B289A-20F7-4D1C-A383-E181AA01CB67}.Release|x86.ActiveCfg = Release|Win32
		{5D6B289A-20F7-4D1C-A383-E181AA01CB67}.Release|x86.Build.0 = Release|Win32
		{4503525A-68D6-489C-B2B1-408E7AD98079}.Debug|x64.ActiveCfg = Debug|x64
		{4503525A-68D6-489C-B2B1-408E7AD98079}.Debug|x64.Build.0 = Debug|x64
		{4503525A-68D6-489C-B2B1-408E7AD98079}.Debug|x86.ActiveCfg = Debug|Win32
		{4503525A-68D6-489C-B2B1-408E7AD98079}.Debug|x86.Build.0 = Debug|Win32
		{4503525A-68D6-489C-B2B1-408E7AD98079}.Release|x64.ActiveCfg = Release|x64
		{4503525A-68D6-489C-B2B1-408E7AD98079}.Release|x64.Build.0 = Release|x64
		{4503525A-68D6-489C-B2B1-408E7AD98079}.Release|x86.ActiveCfg = Release|Win32
		{4503525A-68D6-489C-B2B1-408E7AD98079}.Release|x86.Build.0 = Release|Win32
		{3EBAB8B5-B518-4C60-9A6F-02F5178DB7DF}.Debug|x64.ActiveCfg = Debug|x64
		{3EBAB8B5-B518-4C60-9A6F-02F5178DB7DF}.Debug|x64.Build.0 = Debug|x64
		{3EBAB8B5-B518-4C60-9A6F-02F5178DB7DF}.Debug|x86.ActiveCfg = Debug|Win32
		{3EBAB8B5-B518-4C60-9A6F-02F5178DB7DF}.Debug|x86.Build.0 = Debug|Win32
		{3EBAB8B5-B518-4C60-9A6F-02F5178DB7DF}.Release|x64.ActiveCfg = Release|x64
		{3EBAB8B5-B518-4C60-9A6F-02F5178DB7DF}.Release|x64.Build.0 = Release|x64
		{3EBAB8B5-B518-4C60-9A6F-02F5178DB7DF}.Release|x86.ActiveCfg = Release|Win32
		{3EBAB8B5-B518-4C60-9A6F-02F5178DB7DF}.Release|x86.Build.0 = Release|Win32
		{8DDE27EA-7362-4748-86E8-EF917A57F773}.Debug|x64.ActiveCfg = Debug|x64
		{8DDE27EA-7362-4748-86E8-EF917A57F773}.Debug|x64.Build.0 = Debug|x64
		{8DDE27EA-7362-4748-86E8-EF917A57F773}.Debug|x86.ActiveCfg = Debug|Win32
		{8DDE27EA-7362-4748-86E8-EF917A57F773}.Debug|x86.Build.0 = Debug|Win32
		{8DDE27EA-7362-4748-86E8-EF917A57F773}.Release|x64.ActiveCfg = Release|x64
		{8DDE27EA-7362-4748-86E8-EF917A57F773}.Release|x64.Build.0 = Release|x64
		{8DDE27EA-7362-4748-86E8-EF917A57F773}.Release|x86.ActiveCfg = Release|Win32
		{8DDE27EA-7362-4748-86E8-EF917A57F773}.Release|x86.Build.0 = Release|Win32
		{8E8BC343-F5B1-4400-9D11-9E33CBC53899}.Debug|x64.ActiveCfg = Debug|x64
		{8E8BC343-F5B1-4400-9D11-9E33CBC53899}.Debug|x64.Build.0 = Debug|x64
		{8E8BC343-F5B1-4400-9D11-9E33CBC53899}.Debug|x86.ActiveCfg = Debug|Win32
		{8E8BC343-F5B1-4400-9D11-9E33CBC53899}.Debug|x86.Build.0 = Debug|Win32
		{8E8BC343-F5B1-4400-9D11-9E33CBC53899}.Release|x64.ActiveCfg = Release|x64
		{8E8BC343-F5B1-4400-9D11-9E33CBC53899}.Release|x64.Build.0 = Release|x64
		{8E8BC343-F5B1-4400-9D11-9E33CBC53899}.Release|x86.ActiveCfg = Release|Win32
		{8E8BC343-F5B1-4400-9D11-9E33CBC53899}.Release|x86.Build.0 = Release|Win32
		{16C2DDE5-FFDA-4627-817F-0FDFF06386A4}.Debug|x64.ActiveCfg = Debug|x64
		{16C2DDE5-FFDA-4627-817F-0FDFF06386A4}.Debug|x64.Build.0 = Debug|x64
		{16C2DDE5-FFDA-4627-817F-0FDFF06386A4}.Debug|x86.ActiveCfg = Debug|Win32
		{16C2DDE5-FFDA-4627-817F-0FDFF06386A4}.Debug|x86.Build.0 = Debug|Win32
		{16C2DDE5-FFDA-4627-817F-0FDFF06386A4}.Release|x64.ActiveCfg = Release|x64
		{16C2DDE5-FFDA-4627-817F-0FDFF06386A4}.Release|x64.Build.0 = Release|x64
		{16C2DDE5-FFDA-4627-817F-0FDFF06386A4}.Release|x86.ActiveCfg = Release|Win32
		{16C2DDE5-FFDA-4627-817F-0FDFF06386A4}.Release|x86.Build.0 = Release|Win32
		{7236FBF6-47D6-40F2-8117-42453E1F23B8}.Debug|x64.ActiveCfg = Debug|x64
		{7236FBF6-47D6-40F2-8117-42453E1F23B8}.Debug|x64.Build.0 = Debug|x64
		{7236FBF6-47D6-40F2-8117-42453E1F23B8}.Debug|x86.ActiveCfg = Debug|Win32
		{7236FBF6-47D6-40F2-8117-42453E1F23B8}.Debug|x86.Build.0 = Debug|Win32
		{7236FBF6-47D6-40F2-8117-42453E1F23B8}.Release|x64.ActiveCfg = Release|x64
		{7236FBF6-47D6-40F2-8117-42453E1F23B8}.Release|x64.Build.0 = Release|x64
		{7236FBF6-47D6-40F2-8117-42453E1F23B8}.Release|x86.ActiveCfg = Release|Win32
		{7236FBF6-47D6-40F2-8117-42453E1F23B8}.Release|x86.Build.0 = Release|Win32
		{F9D29E4C-C5D9-4254-B289-5927CF300617}.Debug|x64.ActiveCfg = Debug|x64
		{F9D29E4C-C5D9-4254-B289-5927CF300617}.Debug|x64.Build.0 = Debug|x64
		{F9D29E4C-C5D9-4254-B289-5927CF300617}.Debug|x86.ActiveCfg = Debug|Win32
		{F9D29E4C-C5D9-4254-B289-5927CF300617}.Debug|x86.Build.0 = Debug|Win32
		{F9D29E4C-C5D9-4254-B289-5927CF300617}.Release|x64.ActiveCfg = Release|x64
		{F9D29E4C-C5D9-4254-B289-5927CF300617}.Release|x64.Build.0 = Release|x64
		{F9D29E4C-C5D9-4254-B289-5927CF300617}.Release|x86.ActiveCfg = Release|Win32
		{F9D29E4C-C5D9-4254-B289-5927CF300617}.Release|x86.Build.0 = Release|Win32
		{BD75E6EC-0C1C-4E96-9CB3-AC688E4D7622}.Debug|x64.ActiveCfg = Debug|x64
		{BD75E6EC-0C1C-4E96-9CB3-AC688E4D7622}.Debug|x64.Build.0 = Debug|x64
		{BD75E6EC-0C1C-4E96-9CB3-AC688E4D7622}.Debug|x86.ActiveCfg = Debug|Win32
		{BD75E6EC-0C1C-4E96-9CB3-AC688E4D7622}.Debug|x86.Build.0 = Debug|Win32
		{BD75E6EC-0C1C-4E96-9CB3-AC688E4D7622}.Release|x64.ActiveCfg = Release|x64
		{BD75E6EC-0C1C-4E96-9CB3-AC688E4D7622}.Release|x64.Build.0 = Release|x64
		{BD75E6EC-0C1C-4E96-9CB3-AC688E4D7622}.Release|x86.ActiveCfg = Release|Win32
		{BD75E6EC-0C1C-4E96-9CB3-AC688E4D7622}.Release|x86.Build.0 = Release|Win32
	EndGlobalSection
	GlobalSection(SolutionProperties) = preSolution
		HideSolutionNode = FALSE
	EndGlobalSection
	GlobalSection(ExtensibilityGlobals) = postSolution
		SolutionGuid = {B4F6610E-C037-418B-8DF2-987CBBF09ED9}
	EndGlobalSection
EndGlobal
