
Microsoft Visual Studio Solution File, Format Version 12.00
# Visual Studio Version 16
VisualStudioVersion = 16.0.32413.511
MinimumVisualStudioVersion = 10.0.40219.1
Project("{8BC9CEB8-8B4A-11D0-8D11-00A0C91BC942}") = "설탕배달", "설탕배달\설탕배달.vcxproj", "{FCD7BF60-067A-481E-A724-38BE41522DEF}"
EndProject
Project("{8BC9CEB8-8B4A-11D0-8D11-00A0C91BC942}") = "ATM", "ATM\ATM.vcxproj", "{6F9AB1C5-9E3B-478E-940A-23AF947E970E}"
EndProject
Project("{8BC9CEB8-8B4A-11D0-8D11-00A0C91BC942}") = "동전 0", "동전 0\동전 0.vcxproj", "{8A996EE8-7476-4980-836E-16FF968166B2}"
EndProject
Project("{8BC9CEB8-8B4A-11D0-8D11-00A0C91BC942}") = "회의실 배정", "회의실 배정\회의실 배정.vcxproj", "{0A43E088-830A-448E-96BF-772C75B85060}"
EndProject
Project("{8BC9CEB8-8B4A-11D0-8D11-00A0C91BC942}") = "보물", "보물\보물.vcxproj", "{180CFC6A-3100-4AC1-93EC-6D5CF49C48F5}"
EndProject
Project("{8BC9CEB8-8B4A-11D0-8D11-00A0C91BC942}") = "잃어버린 괄호", "잃어버린 괄호\잃어버린 괄호.vcxproj", "{157DC4B0-EE7E-4630-B802-4147A0FAD131}"
EndProject
Project("{8BC9CEB8-8B4A-11D0-8D11-00A0C91BC942}") = "거스름돈", "거스름돈\거스름돈.vcxproj", "{9DC2D741-24F0-4E6C-907E-D60F07E49666}"
EndProject
Project("{8BC9CEB8-8B4A-11D0-8D11-00A0C91BC942}") = "로프", "로프\로프.vcxproj", "{044BFE19-25CA-47CA-8445-598D63F9E690}"
EndProject
Project("{8BC9CEB8-8B4A-11D0-8D11-00A0C91BC942}") = "전자레인지", "전자레인지\전자레인지.vcxproj", "{36D08C26-540D-4688-B564-ECE531E2E962}"
EndProject
Project("{8BC9CEB8-8B4A-11D0-8D11-00A0C91BC942}") = "주유소", "주유소\주유소.vcxproj", "{30FD0797-1C9C-4ADD-ADA9-96A88CC44E66}"
EndProject
Project("{8BC9CEB8-8B4A-11D0-8D11-00A0C91BC942}") = "DFS와 BFS", "DFS와 BFS\DFS와 BFS.vcxproj", "{DDB594D8-86A7-4F5E-A1AE-2817CBD9491B}"
EndProject
Project("{8BC9CEB8-8B4A-11D0-8D11-00A0C91BC942}") = "바이러스", "바이러스\바이러스.vcxproj", "{F262F751-5BD3-4F85-986F-E6BFB2BF75FD}"
EndProject
Project("{8BC9CEB8-8B4A-11D0-8D11-00A0C91BC942}") = "단지번호붙이기", "단지번호붙이기\단지번호붙이기.vcxproj", "{54B9669D-BD95-4CEF-A404-F808C24732DE}"
EndProject
Project("{8BC9CEB8-8B4A-11D0-8D11-00A0C91BC942}") = "유기농 배추", "유기농 배추\유기농 배추.vcxproj", "{8FAC9BAA-78A4-41C0-A6D4-C6990C425352}"
EndProject
Project("{8BC9CEB8-8B4A-11D0-8D11-00A0C91BC942}") = "연결요소의 개수", "연결요소의 개수\연결요소의 개수.vcxproj", "{8DB9E42F-2218-42EF-8EFD-9C98A7DF1D39}"
EndProject
Project("{8BC9CEB8-8B4A-11D0-8D11-00A0C91BC942}") = "섬의 개수", "섬의 개수\섬의 개수.vcxproj", "{E2D04A55-5B03-49E1-8133-796179B9CF36}"
EndProject
Project("{8BC9CEB8-8B4A-11D0-8D11-00A0C91BC942}") = "적록색약", "적록색약\적록색약.vcxproj", "{92B34BA7-67F6-4813-BF7B-437E294068DE}"
EndProject
Project("{8BC9CEB8-8B4A-11D0-8D11-00A0C91BC942}") = "안전영역", "안전영역\안전영역.vcxproj", "{643DADB2-9327-4B9F-A86B-399DA6761A60}"
EndProject
Project("{8BC9CEB8-8B4A-11D0-8D11-00A0C91BC942}") = "알파벳", "알파벳\알파벳.vcxproj", "{49668B0E-0800-4B57-9DA2-565190F3F804}"
EndProject
Project("{8BC9CEB8-8B4A-11D0-8D11-00A0C91BC942}") = "트리의 부모 찾기", "트리의 부모 찾기\트리의 부모 찾기.vcxproj", "{424296A0-7551-4465-8CD4-127A72312F98}"
EndProject
Project("{8BC9CEB8-8B4A-11D0-8D11-00A0C91BC942}") = "미로탐색", "미로탐색\미로탐색.vcxproj", "{2528B1ED-04DE-48A7-AA84-3711A4B98B4F}"
EndProject
Project("{8BC9CEB8-8B4A-11D0-8D11-00A0C91BC942}") = "숨바꼭질", "숨바꼭질\숨바꼭질.vcxproj", "{21AE20D1-E734-4330-B604-E6BE5720767D}"
EndProject
Project("{8BC9CEB8-8B4A-11D0-8D11-00A0C91BC942}") = "1로 만들기", "1로 만들기\1로 만들기.vcxproj", "{C748BD4B-60BE-4FF0-A0A9-E8EFD6234FD2}"
EndProject
Global
	GlobalSection(SolutionConfigurationPlatforms) = preSolution
		Debug|x64 = Debug|x64
		Debug|x86 = Debug|x86
		Release|x64 = Release|x64
		Release|x86 = Release|x86
	EndGlobalSection
	GlobalSection(ProjectConfigurationPlatforms) = postSolution
		{FCD7BF60-067A-481E-A724-38BE41522DEF}.Debug|x64.ActiveCfg = Debug|x64
		{FCD7BF60-067A-481E-A724-38BE41522DEF}.Debug|x64.Build.0 = Debug|x64
		{FCD7BF60-067A-481E-A724-38BE41522DEF}.Debug|x86.ActiveCfg = Debug|Win32
		{FCD7BF60-067A-481E-A724-38BE41522DEF}.Debug|x86.Build.0 = Debug|Win32
		{FCD7BF60-067A-481E-A724-38BE41522DEF}.Release|x64.ActiveCfg = Release|x64
		{FCD7BF60-067A-481E-A724-38BE41522DEF}.Release|x64.Build.0 = Release|x64
		{FCD7BF60-067A-481E-A724-38BE41522DEF}.Release|x86.ActiveCfg = Release|Win32
		{FCD7BF60-067A-481E-A724-38BE41522DEF}.Release|x86.Build.0 = Release|Win32
		{6F9AB1C5-9E3B-478E-940A-23AF947E970E}.Debug|x64.ActiveCfg = Debug|x64
		{6F9AB1C5-9E3B-478E-940A-23AF947E970E}.Debug|x64.Build.0 = Debug|x64
		{6F9AB1C5-9E3B-478E-940A-23AF947E970E}.Debug|x86.ActiveCfg = Debug|Win32
		{6F9AB1C5-9E3B-478E-940A-23AF947E970E}.Debug|x86.Build.0 = Debug|Win32
		{6F9AB1C5-9E3B-478E-940A-23AF947E970E}.Release|x64.ActiveCfg = Release|x64
		{6F9AB1C5-9E3B-478E-940A-23AF947E970E}.Release|x64.Build.0 = Release|x64
		{6F9AB1C5-9E3B-478E-940A-23AF947E970E}.Release|x86.ActiveCfg = Release|Win32
		{6F9AB1C5-9E3B-478E-940A-23AF947E970E}.Release|x86.Build.0 = Release|Win32
		{8A996EE8-7476-4980-836E-16FF968166B2}.Debug|x64.ActiveCfg = Debug|x64
		{8A996EE8-7476-4980-836E-16FF968166B2}.Debug|x64.Build.0 = Debug|x64
		{8A996EE8-7476-4980-836E-16FF968166B2}.Debug|x86.ActiveCfg = Debug|Win32
		{8A996EE8-7476-4980-836E-16FF968166B2}.Debug|x86.Build.0 = Debug|Win32
		{8A996EE8-7476-4980-836E-16FF968166B2}.Release|x64.ActiveCfg = Release|x64
		{8A996EE8-7476-4980-836E-16FF968166B2}.Release|x64.Build.0 = Release|x64
		{8A996EE8-7476-4980-836E-16FF968166B2}.Release|x86.ActiveCfg = Release|Win32
		{8A996EE8-7476-4980-836E-16FF968166B2}.Release|x86.Build.0 = Release|Win32
		{0A43E088-830A-448E-96BF-772C75B85060}.Debug|x64.ActiveCfg = Debug|x64
		{0A43E088-830A-448E-96BF-772C75B85060}.Debug|x64.Build.0 = Debug|x64
		{0A43E088-830A-448E-96BF-772C75B85060}.Debug|x86.ActiveCfg = Debug|Win32
		{0A43E088-830A-448E-96BF-772C75B85060}.Debug|x86.Build.0 = Debug|Win32
		{0A43E088-830A-448E-96BF-772C75B85060}.Release|x64.ActiveCfg = Release|x64
		{0A43E088-830A-448E-96BF-772C75B85060}.Release|x64.Build.0 = Release|x64
		{0A43E088-830A-448E-96BF-772C75B85060}.Release|x86.ActiveCfg = Release|Win32
		{0A43E088-830A-448E-96BF-772C75B85060}.Release|x86.Build.0 = Release|Win32
		{180CFC6A-3100-4AC1-93EC-6D5CF49C48F5}.Debug|x64.ActiveCfg = Debug|x64
		{180CFC6A-3100-4AC1-93EC-6D5CF49C48F5}.Debug|x64.Build.0 = Debug|x64
		{180CFC6A-3100-4AC1-93EC-6D5CF49C48F5}.Debug|x86.ActiveCfg = Debug|Win32
		{180CFC6A-3100-4AC1-93EC-6D5CF49C48F5}.Debug|x86.Build.0 = Debug|Win32
		{180CFC6A-3100-4AC1-93EC-6D5CF49C48F5}.Release|x64.ActiveCfg = Release|x64
		{180CFC6A-3100-4AC1-93EC-6D5CF49C48F5}.Release|x64.Build.0 = Release|x64
		{180CFC6A-3100-4AC1-93EC-6D5CF49C48F5}.Release|x86.ActiveCfg = Release|Win32
		{180CFC6A-3100-4AC1-93EC-6D5CF49C48F5}.Release|x86.Build.0 = Release|Win32
		{157DC4B0-EE7E-4630-B802-4147A0FAD131}.Debug|x64.ActiveCfg = Debug|x64
		{157DC4B0-EE7E-4630-B802-4147A0FAD131}.Debug|x64.Build.0 = Debug|x64
		{157DC4B0-EE7E-4630-B802-4147A0FAD131}.Debug|x86.ActiveCfg = Debug|Win32
		{157DC4B0-EE7E-4630-B802-4147A0FAD131}.Debug|x86.Build.0 = Debug|Win32
		{157DC4B0-EE7E-4630-B802-4147A0FAD131}.Release|x64.ActiveCfg = Release|x64
		{157DC4B0-EE7E-4630-B802-4147A0FAD131}.Release|x64.Build.0 = Release|x64
		{157DC4B0-EE7E-4630-B802-4147A0FAD131}.Release|x86.ActiveCfg = Release|Win32
		{157DC4B0-EE7E-4630-B802-4147A0FAD131}.Release|x86.Build.0 = Release|Win32
		{9DC2D741-24F0-4E6C-907E-D60F07E49666}.Debug|x64.ActiveCfg = Debug|x64
		{9DC2D741-24F0-4E6C-907E-D60F07E49666}.Debug|x64.Build.0 = Debug|x64
		{9DC2D741-24F0-4E6C-907E-D60F07E49666}.Debug|x86.ActiveCfg = Debug|Win32
		{9DC2D741-24F0-4E6C-907E-D60F07E49666}.Debug|x86.Build.0 = Debug|Win32
		{9DC2D741-24F0-4E6C-907E-D60F07E49666}.Release|x64.ActiveCfg = Release|x64
		{9DC2D741-24F0-4E6C-907E-D60F07E49666}.Release|x64.Build.0 = Release|x64
		{9DC2D741-24F0-4E6C-907E-D60F07E49666}.Release|x86.ActiveCfg = Release|Win32
		{9DC2D741-24F0-4E6C-907E-D60F07E49666}.Release|x86.Build.0 = Release|Win32
		{044BFE19-25CA-47CA-8445-598D63F9E690}.Debug|x64.ActiveCfg = Debug|x64
		{044BFE19-25CA-47CA-8445-598D63F9E690}.Debug|x64.Build.0 = Debug|x64
		{044BFE19-25CA-47CA-8445-598D63F9E690}.Debug|x86.ActiveCfg = Debug|Win32
		{044BFE19-25CA-47CA-8445-598D63F9E690}.Debug|x86.Build.0 = Debug|Win32
		{044BFE19-25CA-47CA-8445-598D63F9E690}.Release|x64.ActiveCfg = Release|x64
		{044BFE19-25CA-47CA-8445-598D63F9E690}.Release|x64.Build.0 = Release|x64
		{044BFE19-25CA-47CA-8445-598D63F9E690}.Release|x86.ActiveCfg = Release|Win32
		{044BFE19-25CA-47CA-8445-598D63F9E690}.Release|x86.Build.0 = Release|Win32
		{36D08C26-540D-4688-B564-ECE531E2E962}.Debug|x64.ActiveCfg = Debug|x64
		{36D08C26-540D-4688-B564-ECE531E2E962}.Debug|x64.Build.0 = Debug|x64
		{36D08C26-540D-4688-B564-ECE531E2E962}.Debug|x86.ActiveCfg = Debug|Win32
		{36D08C26-540D-4688-B564-ECE531E2E962}.Debug|x86.Build.0 = Debug|Win32
		{36D08C26-540D-4688-B564-ECE531E2E962}.Release|x64.ActiveCfg = Release|x64
		{36D08C26-540D-4688-B564-ECE531E2E962}.Release|x64.Build.0 = Release|x64
		{36D08C26-540D-4688-B564-ECE531E2E962}.Release|x86.ActiveCfg = Release|Win32
		{36D08C26-540D-4688-B564-ECE531E2E962}.Release|x86.Build.0 = Release|Win32
		{30FD0797-1C9C-4ADD-ADA9-96A88CC44E66}.Debug|x64.ActiveCfg = Debug|x64
		{30FD0797-1C9C-4ADD-ADA9-96A88CC44E66}.Debug|x64.Build.0 = Debug|x64
		{30FD0797-1C9C-4ADD-ADA9-96A88CC44E66}.Debug|x86.ActiveCfg = Debug|Win32
		{30FD0797-1C9C-4ADD-ADA9-96A88CC44E66}.Debug|x86.Build.0 = Debug|Win32
		{30FD0797-1C9C-4ADD-ADA9-96A88CC44E66}.Release|x64.ActiveCfg = Release|x64
		{30FD0797-1C9C-4ADD-ADA9-96A88CC44E66}.Release|x64.Build.0 = Release|x64
		{30FD0797-1C9C-4ADD-ADA9-96A88CC44E66}.Release|x86.ActiveCfg = Release|Win32
		{30FD0797-1C9C-4ADD-ADA9-96A88CC44E66}.Release|x86.Build.0 = Release|Win32
		{DDB594D8-86A7-4F5E-A1AE-2817CBD9491B}.Debug|x64.ActiveCfg = Debug|x64
		{DDB594D8-86A7-4F5E-A1AE-2817CBD9491B}.Debug|x64.Build.0 = Debug|x64
		{DDB594D8-86A7-4F5E-A1AE-2817CBD9491B}.Debug|x86.ActiveCfg = Debug|Win32
		{DDB594D8-86A7-4F5E-A1AE-2817CBD9491B}.Debug|x86.Build.0 = Debug|Win32
		{DDB594D8-86A7-4F5E-A1AE-2817CBD9491B}.Release|x64.ActiveCfg = Release|x64
		{DDB594D8-86A7-4F5E-A1AE-2817CBD9491B}.Release|x64.Build.0 = Release|x64
		{DDB594D8-86A7-4F5E-A1AE-2817CBD9491B}.Release|x86.ActiveCfg = Release|Win32
		{DDB594D8-86A7-4F5E-A1AE-2817CBD9491B}.Release|x86.Build.0 = Release|Win32
		{F262F751-5BD3-4F85-986F-E6BFB2BF75FD}.Debug|x64.ActiveCfg = Debug|x64
		{F262F751-5BD3-4F85-986F-E6BFB2BF75FD}.Debug|x64.Build.0 = Debug|x64
		{F262F751-5BD3-4F85-986F-E6BFB2BF75FD}.Debug|x86.ActiveCfg = Debug|Win32
		{F262F751-5BD3-4F85-986F-E6BFB2BF75FD}.Debug|x86.Build.0 = Debug|Win32
		{F262F751-5BD3-4F85-986F-E6BFB2BF75FD}.Release|x64.ActiveCfg = Release|x64
		{F262F751-5BD3-4F85-986F-E6BFB2BF75FD}.Release|x64.Build.0 = Release|x64
		{F262F751-5BD3-4F85-986F-E6BFB2BF75FD}.Release|x86.ActiveCfg = Release|Win32
		{F262F751-5BD3-4F85-986F-E6BFB2BF75FD}.Release|x86.Build.0 = Release|Win32
		{54B9669D-BD95-4CEF-A404-F808C24732DE}.Debug|x64.ActiveCfg = Debug|x64
		{54B9669D-BD95-4CEF-A404-F808C24732DE}.Debug|x64.Build.0 = Debug|x64
		{54B9669D-BD95-4CEF-A404-F808C24732DE}.Debug|x86.ActiveCfg = Debug|Win32
		{54B9669D-BD95-4CEF-A404-F808C24732DE}.Debug|x86.Build.0 = Debug|Win32
		{54B9669D-BD95-4CEF-A404-F808C24732DE}.Release|x64.ActiveCfg = Release|x64
		{54B9669D-BD95-4CEF-A404-F808C24732DE}.Release|x64.Build.0 = Release|x64
		{54B9669D-BD95-4CEF-A404-F808C24732DE}.Release|x86.ActiveCfg = Release|Win32
		{54B9669D-BD95-4CEF-A404-F808C24732DE}.Release|x86.Build.0 = Release|Win32
		{8FAC9BAA-78A4-41C0-A6D4-C6990C425352}.Debug|x64.ActiveCfg = Debug|x64
		{8FAC9BAA-78A4-41C0-A6D4-C6990C425352}.Debug|x64.Build.0 = Debug|x64
		{8FAC9BAA-78A4-41C0-A6D4-C6990C425352}.Debug|x86.ActiveCfg = Debug|Win32
		{8FAC9BAA-78A4-41C0-A6D4-C6990C425352}.Debug|x86.Build.0 = Debug|Win32
		{8FAC9BAA-78A4-41C0-A6D4-C6990C425352}.Release|x64.ActiveCfg = Release|x64
		{8FAC9BAA-78A4-41C0-A6D4-C6990C425352}.Release|x64.Build.0 = Release|x64
		{8FAC9BAA-78A4-41C0-A6D4-C6990C425352}.Release|x86.ActiveCfg = Release|Win32
		{8FAC9BAA-78A4-41C0-A6D4-C6990C425352}.Release|x86.Build.0 = Release|Win32
		{8DB9E42F-2218-42EF-8EFD-9C98A7DF1D39}.Debug|x64.ActiveCfg = Debug|x64
		{8DB9E42F-2218-42EF-8EFD-9C98A7DF1D39}.Debug|x64.Build.0 = Debug|x64
		{8DB9E42F-2218-42EF-8EFD-9C98A7DF1D39}.Debug|x86.ActiveCfg = Debug|Win32
		{8DB9E42F-2218-42EF-8EFD-9C98A7DF1D39}.Debug|x86.Build.0 = Debug|Win32
		{8DB9E42F-2218-42EF-8EFD-9C98A7DF1D39}.Release|x64.ActiveCfg = Release|x64
		{8DB9E42F-2218-42EF-8EFD-9C98A7DF1D39}.Release|x64.Build.0 = Release|x64
		{8DB9E42F-2218-42EF-8EFD-9C98A7DF1D39}.Release|x86.ActiveCfg = Release|Win32
		{8DB9E42F-2218-42EF-8EFD-9C98A7DF1D39}.Release|x86.Build.0 = Release|Win32
		{E2D04A55-5B03-49E1-8133-796179B9CF36}.Debug|x64.ActiveCfg = Debug|x64
		{E2D04A55-5B03-49E1-8133-796179B9CF36}.Debug|x64.Build.0 = Debug|x64
		{E2D04A55-5B03-49E1-8133-796179B9CF36}.Debug|x86.ActiveCfg = Debug|Win32
		{E2D04A55-5B03-49E1-8133-796179B9CF36}.Debug|x86.Build.0 = Debug|Win32
		{E2D04A55-5B03-49E1-8133-796179B9CF36}.Release|x64.ActiveCfg = Release|x64
		{E2D04A55-5B03-49E1-8133-796179B9CF36}.Release|x64.Build.0 = Release|x64
		{E2D04A55-5B03-49E1-8133-796179B9CF36}.Release|x86.ActiveCfg = Release|Win32
		{E2D04A55-5B03-49E1-8133-796179B9CF36}.Release|x86.Build.0 = Release|Win32
		{92B34BA7-67F6-4813-BF7B-437E294068DE}.Debug|x64.ActiveCfg = Debug|x64
		{92B34BA7-67F6-4813-BF7B-437E294068DE}.Debug|x64.Build.0 = Debug|x64
		{92B34BA7-67F6-4813-BF7B-437E294068DE}.Debug|x86.ActiveCfg = Debug|Win32
		{92B34BA7-67F6-4813-BF7B-437E294068DE}.Debug|x86.Build.0 = Debug|Win32
		{92B34BA7-67F6-4813-BF7B-437E294068DE}.Release|x64.ActiveCfg = Release|x64
		{92B34BA7-67F6-4813-BF7B-437E294068DE}.Release|x64.Build.0 = Release|x64
		{92B34BA7-67F6-4813-BF7B-437E294068DE}.Release|x86.ActiveCfg = Release|Win32
		{92B34BA7-67F6-4813-BF7B-437E294068DE}.Release|x86.Build.0 = Release|Win32
		{643DADB2-9327-4B9F-A86B-399DA6761A60}.Debug|x64.ActiveCfg = Debug|x64
		{643DADB2-9327-4B9F-A86B-399DA6761A60}.Debug|x64.Build.0 = Debug|x64
		{643DADB2-9327-4B9F-A86B-399DA6761A60}.Debug|x86.ActiveCfg = Debug|Win32
		{643DADB2-9327-4B9F-A86B-399DA6761A60}.Debug|x86.Build.0 = Debug|Win32
		{643DADB2-9327-4B9F-A86B-399DA6761A60}.Release|x64.ActiveCfg = Release|x64
		{643DADB2-9327-4B9F-A86B-399DA6761A60}.Release|x64.Build.0 = Release|x64
		{643DADB2-9327-4B9F-A86B-399DA6761A60}.Release|x86.ActiveCfg = Release|Win32
		{643DADB2-9327-4B9F-A86B-399DA6761A60}.Release|x86.Build.0 = Release|Win32
		{49668B0E-0800-4B57-9DA2-565190F3F804}.Debug|x64.ActiveCfg = Debug|x64
		{49668B0E-0800-4B57-9DA2-565190F3F804}.Debug|x64.Build.0 = Debug|x64
		{49668B0E-0800-4B57-9DA2-565190F3F804}.Debug|x86.ActiveCfg = Debug|Win32
		{49668B0E-0800-4B57-9DA2-565190F3F804}.Debug|x86.Build.0 = Debug|Win32
		{49668B0E-0800-4B57-9DA2-565190F3F804}.Release|x64.ActiveCfg = Release|x64
		{49668B0E-0800-4B57-9DA2-565190F3F804}.Release|x64.Build.0 = Release|x64
		{49668B0E-0800-4B57-9DA2-565190F3F804}.Release|x86.ActiveCfg = Release|Win32
		{49668B0E-0800-4B57-9DA2-565190F3F804}.Release|x86.Build.0 = Release|Win32
		{424296A0-7551-4465-8CD4-127A72312F98}.Debug|x64.ActiveCfg = Debug|x64
		{424296A0-7551-4465-8CD4-127A72312F98}.Debug|x64.Build.0 = Debug|x64
		{424296A0-7551-4465-8CD4-127A72312F98}.Debug|x86.ActiveCfg = Debug|Win32
		{424296A0-7551-4465-8CD4-127A72312F98}.Debug|x86.Build.0 = Debug|Win32
		{424296A0-7551-4465-8CD4-127A72312F98}.Release|x64.ActiveCfg = Release|x64
		{424296A0-7551-4465-8CD4-127A72312F98}.Release|x64.Build.0 = Release|x64
		{424296A0-7551-4465-8CD4-127A72312F98}.Release|x86.ActiveCfg = Release|Win32
		{424296A0-7551-4465-8CD4-127A72312F98}.Release|x86.Build.0 = Release|Win32
		{2528B1ED-04DE-48A7-AA84-3711A4B98B4F}.Debug|x64.ActiveCfg = Debug|x64
		{2528B1ED-04DE-48A7-AA84-3711A4B98B4F}.Debug|x64.Build.0 = Debug|x64
		{2528B1ED-04DE-48A7-AA84-3711A4B98B4F}.Debug|x86.ActiveCfg = Debug|Win32
		{2528B1ED-04DE-48A7-AA84-3711A4B98B4F}.Debug|x86.Build.0 = Debug|Win32
		{2528B1ED-04DE-48A7-AA84-3711A4B98B4F}.Release|x64.ActiveCfg = Release|x64
		{2528B1ED-04DE-48A7-AA84-3711A4B98B4F}.Release|x64.Build.0 = Release|x64
		{2528B1ED-04DE-48A7-AA84-3711A4B98B4F}.Release|x86.ActiveCfg = Release|Win32
		{2528B1ED-04DE-48A7-AA84-3711A4B98B4F}.Release|x86.Build.0 = Release|Win32
		{21AE20D1-E734-4330-B604-E6BE5720767D}.Debug|x64.ActiveCfg = Debug|x64
		{21AE20D1-E734-4330-B604-E6BE5720767D}.Debug|x64.Build.0 = Debug|x64
		{21AE20D1-E734-4330-B604-E6BE5720767D}.Debug|x86.ActiveCfg = Debug|Win32
		{21AE20D1-E734-4330-B604-E6BE5720767D}.Debug|x86.Build.0 = Debug|Win32
		{21AE20D1-E734-4330-B604-E6BE5720767D}.Release|x64.ActiveCfg = Release|x64
		{21AE20D1-E734-4330-B604-E6BE5720767D}.Release|x64.Build.0 = Release|x64
		{21AE20D1-E734-4330-B604-E6BE5720767D}.Release|x86.ActiveCfg = Release|Win32
		{21AE20D1-E734-4330-B604-E6BE5720767D}.Release|x86.Build.0 = Release|Win32
		{C748BD4B-60BE-4FF0-A0A9-E8EFD6234FD2}.Debug|x64.ActiveCfg = Debug|x64
		{C748BD4B-60BE-4FF0-A0A9-E8EFD6234FD2}.Debug|x64.Build.0 = Debug|x64
		{C748BD4B-60BE-4FF0-A0A9-E8EFD6234FD2}.Debug|x86.ActiveCfg = Debug|Win32
		{C748BD4B-60BE-4FF0-A0A9-E8EFD6234FD2}.Debug|x86.Build.0 = Debug|Win32
		{C748BD4B-60BE-4FF0-A0A9-E8EFD6234FD2}.Release|x64.ActiveCfg = Release|x64
		{C748BD4B-60BE-4FF0-A0A9-E8EFD6234FD2}.Release|x64.Build.0 = Release|x64
		{C748BD4B-60BE-4FF0-A0A9-E8EFD6234FD2}.Release|x86.ActiveCfg = Release|Win32
		{C748BD4B-60BE-4FF0-A0A9-E8EFD6234FD2}.Release|x86.Build.0 = Release|Win32
	EndGlobalSection
	GlobalSection(SolutionProperties) = preSolution
		HideSolutionNode = FALSE
	EndGlobalSection
	GlobalSection(ExtensibilityGlobals) = postSolution
		SolutionGuid = {6C8905F8-296C-4685-AF78-D4E24FE97F60}
	EndGlobalSection
EndGlobal
