
Microsoft Visual Studio Solution File, Format Version 12.00
# Visual Studio Version 16
VisualStudioVersion = 16.0.32413.511
MinimumVisualStudioVersion = 10.0.40219.1
Project("{8BC9CEB8-8B4A-11D0-8D11-00A0C91BC942}") = "설탕배달", "설탕배달\설탕배달.vcxproj", "{FCD7BF60-067A-481E-A724-38BE41522DEF}"
EndProject
Project("{8BC9CEB8-8B4A-11D0-8D11-00A0C91BC942}") = "ATM", "ATM\ATM.vcxproj", "{6F9AB1C5-9E3B-478E-940A-23AF947E970E}"
EndProject
Project("{8BC9CEB8-8B4A-11D0-8D11-00A0C91BC942}") = "동전 0", "동전 0\동전 0.vcxproj", "{8A996EE8-7476-4980-836E-16FF968166B2}"
EndProject
Project("{8BC9CEB8-8B4A-11D0-8D11-00A0C91BC942}") = "회의실 배정", "회의실 배정\회의실 배정.vcxproj", "{0A43E088-830A-448E-96BF-772C75B85060}"
EndProject
Project("{8BC9CEB8-8B4A-11D0-8D11-00A0C91BC942}") = "보물", "보물\보물.vcxproj", "{180CFC6A-3100-4AC1-93EC-6D5CF49C48F5}"
EndProject
Project("{8BC9CEB8-8B4A-11D0-8D11-00A0C91BC942}") = "잃어버린 괄호", "잃어버린 괄호\잃어버린 괄호.vcxproj", "{157DC4B0-EE7E-4630-B802-4147A0FAD131}"
EndProject
Project("{8BC9CEB8-8B4A-11D0-8D11-00A0C91BC942}") = "거스름돈", "거스름돈\거스름돈.vcxproj", "{9DC2D741-24F0-4E6C-907E-D60F07E49666}"
EndProject
Project("{8BC9CEB8-8B4A-11D0-8D11-00A0C91BC942}") = "로프", "로프\로프.vcxproj", "{044BFE19-25CA-47CA-8445-598D63F9E690}"
EndProject
Project("{8BC9CEB8-8B4A-11D0-8D11-00A0C91BC942}") = "전자레인지", "전자레인지\전자레인지.vcxproj", "{36D08C26-540D-4688-B564-ECE531E2E962}"
EndProject
Project("{8BC9CEB8-8B4A-11D0-8D11-00A0C91BC942}") = "주유소", "주유소\주유소.vcxproj", "{30FD0797-1C9C-4ADD-ADA9-96A88CC44E66}"
EndProject
Project("{8BC9CEB8-8B4A-11D0-8D11-00A0C91BC942}") = "DFS와 BFS", "DFS와 BFS\DFS와 BFS.vcxproj", "{DDB594D8-86A7-4F5E-A1AE-2817CBD9491B}"
EndProject
Project("{8BC9CEB8-8B4A-11D0-8D11-00A0C91BC942}") = "바이러스", "바이러스\바이러스.vcxproj", "{F262F751-5BD3-4F85-986F-E6BFB2BF75FD}"
EndProject
Project("{8BC9CEB8-8B4A-11D0-8D11-00A0C91BC942}") = "단지번호붙이기", "단지번호붙이기\단지번호붙이기.vcxproj", "{54B9669D-BD95-4CEF-A404-F808C24732DE}"
EndProject
Project("{8BC9CEB8-8B4A-11D0-8D11-00A0C91BC942}") = "유기농 배추", "유기농 배추\유기농 배추.vcxproj", "{8FAC9BAA-78A4-41C0-A6D4-C6990C425352}"
EndProject
Project("{8BC9CEB8-8B4A-11D0-8D11-00A0C91BC942}") = "연결요소의 개수", "연결요소의 개수\연결요소의 개수.vcxproj", "{8DB9E42F-2218-42EF-8EFD-9C98A7DF1D39}"
EndProject
Project("{8BC9CEB8-8B4A-11D0-8D11-00A0C91BC942}") = "섬의 개수", "섬의 개수\섬의 개수.vcxproj", "{E2D04A55-5B03-49E1-8133-796179B9CF36}"
EndProject
Project("{8BC9CEB8-8B4A-11D0-8D11-00A0C91BC942}") = "적록색약", "적록색약\적록색약.vcxproj", "{92B34BA7-67F6-4813-BF7B-437E294068DE}"
EndProject
Project("{8BC9CEB8-8B4A-11D0-8D11-00A0C91BC942}") = "안전영역", "안전영역\안전영역.vcxproj", "{643DADB2-9327-4B9F-A86B-399DA6761A60}"
EndProject
Project("{8BC9CEB8-8B4A-11D0-8D11-00A0C91BC942}") = "알파벳", "알파벳\알파벳.vcxproj", "{49668B0E-0800-4B57-9DA2-565190F3F804}"
EndProject
Project("{8BC9CEB8-8B4A-11D0-8D11-00A0C91BC942}") = "트리의 부모 찾기", "트리의 부모 찾기\트리의 부모 찾기.vcxproj", "{424296A0-7551-4465-8CD4-127A72312F98}"
EndProject
Project("{8BC9CEB8-8B4A-11D0-8D11-00A0C91BC942}") = "미로탐색", "미로탐색\미로탐색.vcxproj", "{2528B1ED-04DE-48A7-AA84-3711A4B98B4F}"
EndProject
Project("{8BC9CEB8-8B4A-11D0-8D11-00A0C91BC942}") = "숨바꼭질", "숨바꼭질\숨바꼭질.vcxproj", "{21AE20D1-E734-4330-B604-E6BE5720767D}"
EndProject
Project("{8BC9CEB8-8B4A-11D0-8D11-00A0C91BC942}") = "1로 만들기", "1로 만들기\1로 만들기.vcxproj", "{C748BD4B-60BE-4FF0-A0A9-E8EFD6234FD2}"
EndProject
Project("{8BC9CEB8-8B4A-11D0-8D11-00A0C91BC942}") = "피보나치 함수", "피보나치 함수\피보나치 함수.vcxproj", "{560C9FE7-B964-4D70-A00F-CA1864A98E26}"
EndProject
Project("{8BC9CEB8-8B4A-11D0-8D11-00A0C91BC942}") = "1,2,3 더하기", "1,2,3 더하기\1,2,3 더하기.vcxproj", "{0E03C932-1CF2-4C2D-AEB8-AC8238EA428E}"
EndProject
Project("{8BC9CEB8-8B4A-11D0-8D11-00A0C91BC942}") = "2xN 타일링", "2xN 타일링\2xN 타일링.vcxproj", "{E04A7482-EE00-42EF-BD06-635D5B8236B5}"
EndProject
Project("{8BC9CEB8-8B4A-11D0-8D11-00A0C91BC942}") = "RGB 거리", "RGB 거리\RGB 거리.vcxproj", "{0AA575A7-69B6-4BF6-84BA-C0CC10A33E88}"
EndProject
Project("{8BC9CEB8-8B4A-11D0-8D11-00A0C91BC942}") = "계단 오르기", "계단 오르기\계단 오르기.vcxproj", "{1ECF6827-F13C-4B0E-9C6F-6D102F657FF2}"
EndProject
Project("{8BC9CEB8-8B4A-11D0-8D11-00A0C91BC942}") = "가장 긴 증가하는 부분 수열", "가장 긴 증가하는 부분 수열\가장 긴 증가하는 부분 수열.vcxproj", "{04F663F9-D69F-4DD4-8414-B346D1B15301}"
EndProject
Project("{8BC9CEB8-8B4A-11D0-8D11-00A0C91BC942}") = "수들의 합2", "수들의 합2\수들의 합2.vcxproj", "{AB0FE84B-E565-4239-A143-60441B295E1F}"
EndProject
Project("{8BC9CEB8-8B4A-11D0-8D11-00A0C91BC942}") = "부분합", "부분합\부분합.vcxproj", "{6C75E842-41D1-4695-88FE-0BAD50E36462}"
EndProject
Project("{8BC9CEB8-8B4A-11D0-8D11-00A0C91BC942}") = "소수의 연속합", "소수의 연속합\소수의 연속합.vcxproj", "{D23F2867-DB36-47B5-983D-90C50DC2A6E6}"
EndProject
Project("{8BC9CEB8-8B4A-11D0-8D11-00A0C91BC942}") = "배열 합치기", "배열 합치기\배열 합치기.vcxproj", "{22FF001F-A45E-4F81-8C3C-1191692258DB}"
EndProject
Project("{8BC9CEB8-8B4A-11D0-8D11-00A0C91BC942}") = "두 용액", "두 용액\두 용액.vcxproj", "{5778215A-E8B2-4469-9B8D-ECE83367FF1D}"
EndProject
Project("{8BC9CEB8-8B4A-11D0-8D11-00A0C91BC942}") = "정렬", "정렬\정렬.vcxproj", "{92A21B8B-093C-4C0F-ADE3-378D9E209FD8}"
EndProject
Project("{8BC9CEB8-8B4A-11D0-8D11-00A0C91BC942}") = "세 수", "세 수\세 수.vcxproj", "{7690C9A8-912D-44B9-91EC-17893DC0C884}"
EndProject
Project("{8BC9CEB8-8B4A-11D0-8D11-00A0C91BC942}") = "수 정렬하기 2", "수 정렬하기 2\수 정렬하기 2.vcxproj", "{9483A869-7EA5-4B55-BE21-1DB04CB67DE6}"
EndProject
Project("{8BC9CEB8-8B4A-11D0-8D11-00A0C91BC942}") = "단어 정렬", "단어 정렬\단어 정렬.vcxproj", "{66EC76CD-B177-482D-B928-FAE55D2D7434}"
EndProject
Project("{8BC9CEB8-8B4A-11D0-8D11-00A0C91BC942}") = "소드인사이드", "소드인사이드\소드인사이드.vcxproj", "{2BCF8DC0-79A6-45B4-B48B-8850D3B1ED54}"
EndProject
Project("{8BC9CEB8-8B4A-11D0-8D11-00A0C91BC942}") = "숫자의 합", "숫자의 합\숫자의 합.vcxproj", "{4768B393-5ADD-49AB-AB1D-C5948BA0CCD6}"
EndProject
Project("{8BC9CEB8-8B4A-11D0-8D11-00A0C91BC942}") = "셀프넘버", "셀프넘버\셀프넘버.vcxproj", "{4E477AC0-D095-4B74-983F-939E652FEFB5}"
EndProject
Project("{8BC9CEB8-8B4A-11D0-8D11-00A0C91BC942}") = "N과 M(1)", "N과 M(1)\N과 M(1).vcxproj", "{C252F011-5226-4F44-B930-F84D63B2711E}"
EndProject
Project("{8BC9CEB8-8B4A-11D0-8D11-00A0C91BC942}") = "N과 M(2)", "N과 M(2)\N과 M(2).vcxproj", "{3849C80D-9868-469C-8F6E-CE9C977E5DAA}"
EndProject
Project("{8BC9CEB8-8B4A-11D0-8D11-00A0C91BC942}") = "N-Queen", "N-Queen\N-Queen.vcxproj", "{EF4395C9-C22D-4D92-A213-975A4B968D88}"
EndProject
Project("{8BC9CEB8-8B4A-11D0-8D11-00A0C91BC942}") = "연산자 끼워넣기", "연산자 끼워넣기\연산자 끼워넣기.vcxproj", "{54E86C57-0622-4633-A0CB-7AF05A0F0A37}"
EndProject
Project("{8BC9CEB8-8B4A-11D0-8D11-00A0C91BC942}") = "수들의 합", "수들의 합\수들의 합.vcxproj", "{49905C08-D227-4E45-B083-05EF986A49A2}"
EndProject
Project("{8BC9CEB8-8B4A-11D0-8D11-00A0C91BC942}") = "30", "30\30.vcxproj", "{6A3A21FD-8E57-4652-87E3-199E71A7A577}"
EndProject
Project("{8BC9CEB8-8B4A-11D0-8D11-00A0C91BC942}") = "신입사원", "신입사원\신입사원.vcxproj", "{2B63555A-722A-4D03-8C94-98BF5186DE23}"
EndProject
Project("{8BC9CEB8-8B4A-11D0-8D11-00A0C91BC942}") = "카드 정렬하기", "카드 정렬하기\카드 정렬하기.vcxproj", "{A4A79D89-96FA-40E1-AEC0-933C64758424}"
EndProject
Project("{8BC9CEB8-8B4A-11D0-8D11-00A0C91BC942}") = "영역 구하기", "영역 구하기\영역 구하기.vcxproj", "{7982D713-F829-4370-BCC8-E4FC792880B1}"
EndProject
Project("{8BC9CEB8-8B4A-11D0-8D11-00A0C91BC942}") = "좌표 정리하기", "좌표 정리하기\좌표 정리하기.vcxproj", "{CBFC2E60-4B51-477A-AE27-28EB5E32AB8B}"
EndProject
Project("{8BC9CEB8-8B4A-11D0-8D11-00A0C91BC942}") = "나이순 정렬", "나이순 정렬\나이순 정렬.vcxproj", "{47C382C3-C2F8-47E3-AEA6-BA548F464AA8}"
EndProject
Project("{8BC9CEB8-8B4A-11D0-8D11-00A0C91BC942}") = "한수", "한수\한수.vcxproj", "{F374BD7F-787F-4B13-86C2-84C76E83F631}"
EndProject
Project("{8BC9CEB8-8B4A-11D0-8D11-00A0C91BC942}") = "블랙잭", "블랙잭\블랙잭.vcxproj", "{492A4A78-EFE0-4B45-BED2-B84B6C2541B9}"
EndProject
Project("{8BC9CEB8-8B4A-11D0-8D11-00A0C91BC942}") = "분해합", "분해합\분해합.vcxproj", "{3C471FFC-DCFE-4233-A16D-3C3DAD77A10E}"
EndProject
Project("{8BC9CEB8-8B4A-11D0-8D11-00A0C91BC942}") = "덩치", "덩치\덩치.vcxproj", "{CF6CB41D-F481-4EA7-BE23-7C1BC82BB0C5}"
EndProject
Project("{8BC9CEB8-8B4A-11D0-8D11-00A0C91BC942}") = "괄호", "괄호\괄호.vcxproj", "{89D8CF4F-BA2F-4086-8849-F51F757C0B67}"
EndProject
Global
	GlobalSection(SolutionConfigurationPlatforms) = preSolution
		Debug|x64 = Debug|x64
		Debug|x86 = Debug|x86
		Release|x64 = Release|x64
		Release|x86 = Release|x86
	EndGlobalSection
	GlobalSection(ProjectConfigurationPlatforms) = postSolution
		{FCD7BF60-067A-481E-A724-38BE41522DEF}.Debug|x64.ActiveCfg = Debug|x64
		{FCD7BF60-067A-481E-A724-38BE41522DEF}.Debug|x64.Build.0 = Debug|x64
		{FCD7BF60-067A-481E-A724-38BE41522DEF}.Debug|x86.ActiveCfg = Debug|Win32
		{FCD7BF60-067A-481E-A724-38BE41522DEF}.Debug|x86.Build.0 = Debug|Win32
		{FCD7BF60-067A-481E-A724-38BE41522DEF}.Release|x64.ActiveCfg = Release|x64
		{FCD7BF60-067A-481E-A724-38BE41522DEF}.Release|x64.Build.0 = Release|x64
		{FCD7BF60-067A-481E-A724-38BE41522DEF}.Release|x86.ActiveCfg = Release|Win32
		{FCD7BF60-067A-481E-A724-38BE41522DEF}.Release|x86.Build.0 = Release|Win32
		{6F9AB1C5-9E3B-478E-940A-23AF947E970E}.Debug|x64.ActiveCfg = Debug|x64
		{6F9AB1C5-9E3B-478E-940A-23AF947E970E}.Debug|x64.Build.0 = Debug|x64
		{6F9AB1C5-9E3B-478E-940A-23AF947E970E}.Debug|x86.ActiveCfg = Debug|Win32
		{6F9AB1C5-9E3B-478E-940A-23AF947E970E}.Debug|x86.Build.0 = Debug|Win32
		{6F9AB1C5-9E3B-478E-940A-23AF947E970E}.Release|x64.ActiveCfg = Release|x64
		{6F9AB1C5-9E3B-478E-940A-23AF947E970E}.Release|x64.Build.0 = Release|x64
		{6F9AB1C5-9E3B-478E-940A-23AF947E970E}.Release|x86.ActiveCfg = Release|Win32
		{6F9AB1C5-9E3B-478E-940A-23AF947E970E}.Release|x86.Build.0 = Release|Win32
		{8A996EE8-7476-4980-836E-16FF968166B2}.Debug|x64.ActiveCfg = Debug|x64
		{8A996EE8-7476-4980-836E-16FF968166B2}.Debug|x64.Build.0 = Debug|x64
		{8A996EE8-7476-4980-836E-16FF968166B2}.Debug|x86.ActiveCfg = Debug|Win32
		{8A996EE8-7476-4980-836E-16FF968166B2}.Debug|x86.Build.0 = Debug|Win32
		{8A996EE8-7476-4980-836E-16FF968166B2}.Release|x64.ActiveCfg = Release|x64
		{8A996EE8-7476-4980-836E-16FF968166B2}.Release|x64.Build.0 = Release|x64
		{8A996EE8-7476-4980-836E-16FF968166B2}.Release|x86.ActiveCfg = Release|Win32
		{8A996EE8-7476-4980-836E-16FF968166B2}.Release|x86.Build.0 = Release|Win32
		{0A43E088-830A-448E-96BF-772C75B85060}.Debug|x64.ActiveCfg = Debug|x64
		{0A43E088-830A-448E-96BF-772C75B85060}.Debug|x64.Build.0 = Debug|x64
		{0A43E088-830A-448E-96BF-772C75B85060}.Debug|x86.ActiveCfg = Debug|Win32
		{0A43E088-830A-448E-96BF-772C75B85060}.Debug|x86.Build.0 = Debug|Win32
		{0A43E088-830A-448E-96BF-772C75B85060}.Release|x64.ActiveCfg = Release|x64
		{0A43E088-830A-448E-96BF-772C75B85060}.Release|x64.Build.0 = Release|x64
		{0A43E088-830A-448E-96BF-772C75B85060}.Release|x86.ActiveCfg = Release|Win32
		{0A43E088-830A-448E-96BF-772C75B85060}.Release|x86.Build.0 = Release|Win32
		{180CFC6A-3100-4AC1-93EC-6D5CF49C48F5}.Debug|x64.ActiveCfg = Debug|x64
		{180CFC6A-3100-4AC1-93EC-6D5CF49C48F5}.Debug|x64.Build.0 = Debug|x64
		{180CFC6A-3100-4AC1-93EC-6D5CF49C48F5}.Debug|x86.ActiveCfg = Debug|Win32
		{180CFC6A-3100-4AC1-93EC-6D5CF49C48F5}.Debug|x86.Build.0 = Debug|Win32
		{180CFC6A-3100-4AC1-93EC-6D5CF49C48F5}.Release|x64.ActiveCfg = Release|x64
		{180CFC6A-3100-4AC1-93EC-6D5CF49C48F5}.Release|x64.Build.0 = Release|x64
		{180CFC6A-3100-4AC1-93EC-6D5CF49C48F5}.Release|x86.ActiveCfg = Release|Win32
		{180CFC6A-3100-4AC1-93EC-6D5CF49C48F5}.Release|x86.Build.0 = Release|Win32
		{157DC4B0-EE7E-4630-B802-4147A0FAD131}.Debug|x64.ActiveCfg = Debug|x64
		{157DC4B0-EE7E-4630-B802-4147A0FAD131}.Debug|x64.Build.0 = Debug|x64
		{157DC4B0-EE7E-4630-B802-4147A0FAD131}.Debug|x86.ActiveCfg = Debug|Win32
		{157DC4B0-EE7E-4630-B802-4147A0FAD131}.Debug|x86.Build.0 = Debug|Win32
		{157DC4B0-EE7E-4630-B802-4147A0FAD131}.Release|x64.ActiveCfg = Release|x64
		{157DC4B0-EE7E-4630-B802-4147A0FAD131}.Release|x64.Build.0 = Release|x64
		{157DC4B0-EE7E-4630-B802-4147A0FAD131}.Release|x86.ActiveCfg = Release|Win32
		{157DC4B0-EE7E-4630-B802-4147A0FAD131}.Release|x86.Build.0 = Release|Win32
		{9DC2D741-24F0-4E6C-907E-D60F07E49666}.Debug|x64.ActiveCfg = Debug|x64
		{9DC2D741-24F0-4E6C-907E-D60F07E49666}.Debug|x64.Build.0 = Debug|x64
		{9DC2D741-24F0-4E6C-907E-D60F07E49666}.Debug|x86.ActiveCfg = Debug|Win32
		{9DC2D741-24F0-4E6C-907E-D60F07E49666}.Debug|x86.Build.0 = Debug|Win32
		{9DC2D741-24F0-4E6C-907E-D60F07E49666}.Release|x64.ActiveCfg = Release|x64
		{9DC2D741-24F0-4E6C-907E-D60F07E49666}.Release|x64.Build.0 = Release|x64
		{9DC2D741-24F0-4E6C-907E-D60F07E49666}.Release|x86.ActiveCfg = Release|Win32
		{9DC2D741-24F0-4E6C-907E-D60F07E49666}.Release|x86.Build.0 = Release|Win32
		{044BFE19-25CA-47CA-8445-598D63F9E690}.Debug|x64.ActiveCfg = Debug|x64
		{044BFE19-25CA-47CA-8445-598D63F9E690}.Debug|x64.Build.0 = Debug|x64
		{044BFE19-25CA-47CA-8445-598D63F9E690}.Debug|x86.ActiveCfg = Debug|Win32
		{044BFE19-25CA-47CA-8445-598D63F9E690}.Debug|x86.Build.0 = Debug|Win32
		{044BFE19-25CA-47CA-8445-598D63F9E690}.Release|x64.ActiveCfg = Release|x64
		{044BFE19-25CA-47CA-8445-598D63F9E690}.Release|x64.Build.0 = Release|x64
		{044BFE19-25CA-47CA-8445-598D63F9E690}.Release|x86.ActiveCfg = Release|Win32
		{044BFE19-25CA-47CA-8445-598D63F9E690}.Release|x86.Build.0 = Release|Win32
		{36D08C26-540D-4688-B564-ECE531E2E962}.Debug|x64.ActiveCfg = Debug|x64
		{36D08C26-540D-4688-B564-ECE531E2E962}.Debug|x64.Build.0 = Debug|x64
		{36D08C26-540D-4688-B564-ECE531E2E962}.Debug|x86.ActiveCfg = Debug|Win32
		{36D08C26-540D-4688-B564-ECE531E2E962}.Debug|x86.Build.0 = Debug|Win32
		{36D08C26-540D-4688-B564-ECE531E2E962}.Release|x64.ActiveCfg = Release|x64
		{36D08C26-540D-4688-B564-ECE531E2E962}.Release|x64.Build.0 = Release|x64
		{36D08C26-540D-4688-B564-ECE531E2E962}.Release|x86.ActiveCfg = Release|Win32
		{36D08C26-540D-4688-B564-ECE531E2E962}.Release|x86.Build.0 = Release|Win32
		{30FD0797-1C9C-4ADD-ADA9-96A88CC44E66}.Debug|x64.ActiveCfg = Debug|x64
		{30FD0797-1C9C-4ADD-ADA9-96A88CC44E66}.Debug|x64.Build.0 = Debug|x64
		{30FD0797-1C9C-4ADD-ADA9-96A88CC44E66}.Debug|x86.ActiveCfg = Debug|Win32
		{30FD0797-1C9C-4ADD-ADA9-96A88CC44E66}.Debug|x86.Build.0 = Debug|Win32
		{30FD0797-1C9C-4ADD-ADA9-96A88CC44E66}.Release|x64.ActiveCfg = Release|x64
		{30FD0797-1C9C-4ADD-ADA9-96A88CC44E66}.Release|x64.Build.0 = Release|x64
		{30FD0797-1C9C-4ADD-ADA9-96A88CC44E66}.Release|x86.ActiveCfg = Release|Win32
		{30FD0797-1C9C-4ADD-ADA9-96A88CC44E66}.Release|x86.Build.0 = Release|Win32
		{DDB594D8-86A7-4F5E-A1AE-2817CBD9491B}.Debug|x64.ActiveCfg = Debug|x64
		{DDB594D8-86A7-4F5E-A1AE-2817CBD9491B}.Debug|x64.Build.0 = Debug|x64
		{DDB594D8-86A7-4F5E-A1AE-2817CBD9491B}.Debug|x86.ActiveCfg = Debug|Win32
		{DDB594D8-86A7-4F5E-A1AE-2817CBD9491B}.Debug|x86.Build.0 = Debug|Win32
		{DDB594D8-86A7-4F5E-A1AE-2817CBD9491B}.Release|x64.ActiveCfg = Release|x64
		{DDB594D8-86A7-4F5E-A1AE-2817CBD9491B}.Release|x64.Build.0 = Release|x64
		{DDB594D8-86A7-4F5E-A1AE-2817CBD9491B}.Release|x86.ActiveCfg = Release|Win32
		{DDB594D8-86A7-4F5E-A1AE-2817CBD9491B}.Release|x86.Build.0 = Release|Win32
		{F262F751-5BD3-4F85-986F-E6BFB2BF75FD}.Debug|x64.ActiveCfg = Debug|x64
		{F262F751-5BD3-4F85-986F-E6BFB2BF75FD}.Debug|x64.Build.0 = Debug|x64
		{F262F751-5BD3-4F85-986F-E6BFB2BF75FD}.Debug|x86.ActiveCfg = Debug|Win32
		{F262F751-5BD3-4F85-986F-E6BFB2BF75FD}.Debug|x86.Build.0 = Debug|Win32
		{F262F751-5BD3-4F85-986F-E6BFB2BF75FD}.Release|x64.ActiveCfg = Release|x64
		{F262F751-5BD3-4F85-986F-E6BFB2BF75FD}.Release|x64.Build.0 = Release|x64
		{F262F751-5BD3-4F85-986F-E6BFB2BF75FD}.Release|x86.ActiveCfg = Release|Win32
		{F262F751-5BD3-4F85-986F-E6BFB2BF75FD}.Release|x86.Build.0 = Release|Win32
		{54B9669D-BD95-4CEF-A404-F808C24732DE}.Debug|x64.ActiveCfg = Debug|x64
		{54B9669D-BD95-4CEF-A404-F808C24732DE}.Debug|x64.Build.0 = Debug|x64
		{54B9669D-BD95-4CEF-A404-F808C24732DE}.Debug|x86.ActiveCfg = Debug|Win32
		{54B9669D-BD95-4CEF-A404-F808C24732DE}.Debug|x86.Build.0 = Debug|Win32
		{54B9669D-BD95-4CEF-A404-F808C24732DE}.Release|x64.ActiveCfg = Release|x64
		{54B9669D-BD95-4CEF-A404-F808C24732DE}.Release|x64.Build.0 = Release|x64
		{54B9669D-BD95-4CEF-A404-F808C24732DE}.Release|x86.ActiveCfg = Release|Win32
		{54B9669D-BD95-4CEF-A404-F808C24732DE}.Release|x86.Build.0 = Release|Win32
		{8FAC9BAA-78A4-41C0-A6D4-C6990C425352}.Debug|x64.ActiveCfg = Debug|x64
		{8FAC9BAA-78A4-41C0-A6D4-C6990C425352}.Debug|x64.Build.0 = Debug|x64
		{8FAC9BAA-78A4-41C0-A6D4-C6990C425352}.Debug|x86.ActiveCfg = Debug|Win32
		{8FAC9BAA-78A4-41C0-A6D4-C6990C425352}.Debug|x86.Build.0 = Debug|Win32
		{8FAC9BAA-78A4-41C0-A6D4-C6990C425352}.Release|x64.ActiveCfg = Release|x64
		{8FAC9BAA-78A4-41C0-A6D4-C6990C425352}.Release|x64.Build.0 = Release|x64
		{8FAC9BAA-78A4-41C0-A6D4-C6990C425352}.Release|x86.ActiveCfg = Release|Win32
		{8FAC9BAA-78A4-41C0-A6D4-C6990C425352}.Release|x86.Build.0 = Release|Win32
		{8DB9E42F-2218-42EF-8EFD-9C98A7DF1D39}.Debug|x64.ActiveCfg = Debug|x64
		{8DB9E42F-2218-42EF-8EFD-9C98A7DF1D39}.Debug|x64.Build.0 = Debug|x64
		{8DB9E42F-2218-42EF-8EFD-9C98A7DF1D39}.Debug|x86.ActiveCfg = Debug|Win32
		{8DB9E42F-2218-42EF-8EFD-9C98A7DF1D39}.Debug|x86.Build.0 = Debug|Win32
		{8DB9E42F-2218-42EF-8EFD-9C98A7DF1D39}.Release|x64.ActiveCfg = Release|x64
		{8DB9E42F-2218-42EF-8EFD-9C98A7DF1D39}.Release|x64.Build.0 = Release|x64
		{8DB9E42F-2218-42EF-8EFD-9C98A7DF1D39}.Release|x86.ActiveCfg = Release|Win32
		{8DB9E42F-2218-42EF-8EFD-9C98A7DF1D39}.Release|x86.Build.0 = Release|Win32
		{E2D04A55-5B03-49E1-8133-796179B9CF36}.Debug|x64.ActiveCfg = Debug|x64
		{E2D04A55-5B03-49E1-8133-796179B9CF36}.Debug|x64.Build.0 = Debug|x64
		{E2D04A55-5B03-49E1-8133-796179B9CF36}.Debug|x86.ActiveCfg = Debug|Win32
		{E2D04A55-5B03-49E1-8133-796179B9CF36}.Debug|x86.Build.0 = Debug|Win32
		{E2D04A55-5B03-49E1-8133-796179B9CF36}.Release|x64.ActiveCfg = Release|x64
		{E2D04A55-5B03-49E1-8133-796179B9CF36}.Release|x64.Build.0 = Release|x64
		{E2D04A55-5B03-49E1-8133-796179B9CF36}.Release|x86.ActiveCfg = Release|Win32
		{E2D04A55-5B03-49E1-8133-796179B9CF36}.Release|x86.Build.0 = Release|Win32
		{92B34BA7-67F6-4813-BF7B-437E294068DE}.Debug|x64.ActiveCfg = Debug|x64
		{92B34BA7-67F6-4813-BF7B-437E294068DE}.Debug|x64.Build.0 = Debug|x64
		{92B34BA7-67F6-4813-BF7B-437E294068DE}.Debug|x86.ActiveCfg = Debug|Win32
		{92B34BA7-67F6-4813-BF7B-437E294068DE}.Debug|x86.Build.0 = Debug|Win32
		{92B34BA7-67F6-4813-BF7B-437E294068DE}.Release|x64.ActiveCfg = Release|x64
		{92B34BA7-67F6-4813-BF7B-437E294068DE}.Release|x64.Build.0 = Release|x64
		{92B34BA7-67F6-4813-BF7B-437E294068DE}.Release|x86.ActiveCfg = Release|Win32
		{92B34BA7-67F6-4813-BF7B-437E294068DE}.Release|x86.Build.0 = Release|Win32
		{643DADB2-9327-4B9F-A86B-399DA6761A60}.Debug|x64.ActiveCfg = Debug|x64
		{643DADB2-9327-4B9F-A86B-399DA6761A60}.Debug|x64.Build.0 = Debug|x64
		{643DADB2-9327-4B9F-A86B-399DA6761A60}.Debug|x86.ActiveCfg = Debug|Win32
		{643DADB2-9327-4B9F-A86B-399DA6761A60}.Debug|x86.Build.0 = Debug|Win32
		{643DADB2-9327-4B9F-A86B-399DA6761A60}.Release|x64.ActiveCfg = Release|x64
		{643DADB2-9327-4B9F-A86B-399DA6761A60}.Release|x64.Build.0 = Release|x64
		{643DADB2-9327-4B9F-A86B-399DA6761A60}.Release|x86.ActiveCfg = Release|Win32
		{643DADB2-9327-4B9F-A86B-399DA6761A60}.Release|x86.Build.0 = Release|Win32
		{49668B0E-0800-4B57-9DA2-565190F3F804}.Debug|x64.ActiveCfg = Debug|x64
		{49668B0E-0800-4B57-9DA2-565190F3F804}.Debug|x64.Build.0 = Debug|x64
		{49668B0E-0800-4B57-9DA2-565190F3F804}.Debug|x86.ActiveCfg = Debug|Win32
		{49668B0E-0800-4B57-9DA2-565190F3F804}.Debug|x86.Build.0 = Debug|Win32
		{49668B0E-0800-4B57-9DA2-565190F3F804}.Release|x64.ActiveCfg = Release|x64
		{49668B0E-0800-4B57-9DA2-565190F3F804}.Release|x64.Build.0 = Release|x64
		{49668B0E-0800-4B57-9DA2-565190F3F804}.Release|x86.ActiveCfg = Release|Win32
		{49668B0E-0800-4B57-9DA2-565190F3F804}.Release|x86.Build.0 = Release|Win32
		{424296A0-7551-4465-8CD4-127A72312F98}.Debug|x64.ActiveCfg = Debug|x64
		{424296A0-7551-4465-8CD4-127A72312F98}.Debug|x64.Build.0 = Debug|x64
		{424296A0-7551-4465-8CD4-127A72312F98}.Debug|x86.ActiveCfg = Debug|Win32
		{424296A0-7551-4465-8CD4-127A72312F98}.Debug|x86.Build.0 = Debug|Win32
		{424296A0-7551-4465-8CD4-127A72312F98}.Release|x64.ActiveCfg = Release|x64
		{424296A0-7551-4465-8CD4-127A72312F98}.Release|x64.Build.0 = Release|x64
		{424296A0-7551-4465-8CD4-127A72312F98}.Release|x86.ActiveCfg = Release|Win32
		{424296A0-7551-4465-8CD4-127A72312F98}.Release|x86.Build.0 = Release|Win32
		{2528B1ED-04DE-48A7-AA84-3711A4B98B4F}.Debug|x64.ActiveCfg = Debug|x64
		{2528B1ED-04DE-48A7-AA84-3711A4B98B4F}.Debug|x64.Build.0 = Debug|x64
		{2528B1ED-04DE-48A7-AA84-3711A4B98B4F}.Debug|x86.ActiveCfg = Debug|Win32
		{2528B1ED-04DE-48A7-AA84-3711A4B98B4F}.Debug|x86.Build.0 = Debug|Win32
		{2528B1ED-04DE-48A7-AA84-3711A4B98B4F}.Release|x64.ActiveCfg = Release|x64
		{2528B1ED-04DE-48A7-AA84-3711A4B98B4F}.Release|x64.Build.0 = Release|x64
		{2528B1ED-04DE-48A7-AA84-3711A4B98B4F}.Release|x86.ActiveCfg = Release|Win32
		{2528B1ED-04DE-48A7-AA84-3711A4B98B4F}.Release|x86.Build.0 = Release|Win32
		{21AE20D1-E734-4330-B604-E6BE5720767D}.Debug|x64.ActiveCfg = Debug|x64
		{21AE20D1-E734-4330-B604-E6BE5720767D}.Debug|x64.Build.0 = Debug|x64
		{21AE20D1-E734-4330-B604-E6BE5720767D}.Debug|x86.ActiveCfg = Debug|Win32
		{21AE20D1-E734-4330-B604-E6BE5720767D}.Debug|x86.Build.0 = Debug|Win32
		{21AE20D1-E734-4330-B604-E6BE5720767D}.Release|x64.ActiveCfg = Release|x64
		{21AE20D1-E734-4330-B604-E6BE5720767D}.Release|x64.Build.0 = Release|x64
		{21AE20D1-E734-4330-B604-E6BE5720767D}.Release|x86.ActiveCfg = Release|Win32
		{21AE20D1-E734-4330-B604-E6BE5720767D}.Release|x86.Build.0 = Release|Win32
		{C748BD4B-60BE-4FF0-A0A9-E8EFD6234FD2}.Debug|x64.ActiveCfg = Debug|x64
		{C748BD4B-60BE-4FF0-A0A9-E8EFD6234FD2}.Debug|x64.Build.0 = Debug|x64
		{C748BD4B-60BE-4FF0-A0A9-E8EFD6234FD2}.Debug|x86.ActiveCfg = Debug|Win32
		{C748BD4B-60BE-4FF0-A0A9-E8EFD6234FD2}.Debug|x86.Build.0 = Debug|Win32
		{C748BD4B-60BE-4FF0-A0A9-E8EFD6234FD2}.Release|x64.ActiveCfg = Release|x64
		{C748BD4B-60BE-4FF0-A0A9-E8EFD6234FD2}.Release|x64.Build.0 = Release|x64
		{C748BD4B-60BE-4FF0-A0A9-E8EFD6234FD2}.Release|x86.ActiveCfg = Release|Win32
		{C748BD4B-60BE-4FF0-A0A9-E8EFD6234FD2}.Release|x86.Build.0 = Release|Win32
		{560C9FE7-B964-4D70-A00F-CA1864A98E26}.Debug|x64.ActiveCfg = Debug|x64
		{560C9FE7-B964-4D70-A00F-CA1864A98E26}.Debug|x64.Build.0 = Debug|x64
		{560C9FE7-B964-4D70-A00F-CA1864A98E26}.Debug|x86.ActiveCfg = Debug|Win32
		{560C9FE7-B964-4D70-A00F-CA1864A98E26}.Debug|x86.Build.0 = Debug|Win32
		{560C9FE7-B964-4D70-A00F-CA1864A98E26}.Release|x64.ActiveCfg = Release|x64
		{560C9FE7-B964-4D70-A00F-CA1864A98E26}.Release|x64.Build.0 = Release|x64
		{560C9FE7-B964-4D70-A00F-CA1864A98E26}.Release|x86.ActiveCfg = Release|Win32
		{560C9FE7-B964-4D70-A00F-CA1864A98E26}.Release|x86.Build.0 = Release|Win32
		{0E03C932-1CF2-4C2D-AEB8-AC8238EA428E}.Debug|x64.ActiveCfg = Debug|x64
		{0E03C932-1CF2-4C2D-AEB8-AC8238EA428E}.Debug|x64.Build.0 = Debug|x64
		{0E03C932-1CF2-4C2D-AEB8-AC8238EA428E}.Debug|x86.ActiveCfg = Debug|Win32
		{0E03C932-1CF2-4C2D-AEB8-AC8238EA428E}.Debug|x86.Build.0 = Debug|Win32
		{0E03C932-1CF2-4C2D-AEB8-AC8238EA428E}.Release|x64.ActiveCfg = Release|x64
		{0E03C932-1CF2-4C2D-AEB8-AC8238EA428E}.Release|x64.Build.0 = Release|x64
		{0E03C932-1CF2-4C2D-AEB8-AC8238EA428E}.Release|x86.ActiveCfg = Release|Win32
		{0E03C932-1CF2-4C2D-AEB8-AC8238EA428E}.Release|x86.Build.0 = Release|Win32
		{E04A7482-EE00-42EF-BD06-635D5B8236B5}.Debug|x64.ActiveCfg = Debug|x64
		{E04A7482-EE00-42EF-BD06-635D5B8236B5}.Debug|x64.Build.0 = Debug|x64
		{E04A7482-EE00-42EF-BD06-635D5B8236B5}.Debug|x86.ActiveCfg = Debug|Win32
		{E04A7482-EE00-42EF-BD06-635D5B8236B5}.Debug|x86.Build.0 = Debug|Win32
		{E04A7482-EE00-42EF-BD06-635D5B8236B5}.Release|x64.ActiveCfg = Release|x64
		{E04A7482-EE00-42EF-BD06-635D5B8236B5}.Release|x64.Build.0 = Release|x64
		{E04A7482-EE00-42EF-BD06-635D5B8236B5}.Release|x86.ActiveCfg = Release|Win32
		{E04A7482-EE00-42EF-BD06-635D5B8236B5}.Release|x86.Build.0 = Release|Win32
		{0AA575A7-69B6-4BF6-84BA-C0CC10A33E88}.Debug|x64.ActiveCfg = Debug|x64
		{0AA575A7-69B6-4BF6-84BA-C0CC10A33E88}.Debug|x64.Build.0 = Debug|x64
		{0AA575A7-69B6-4BF6-84BA-C0CC10A33E88}.Debug|x86.ActiveCfg = Debug|Win32
		{0AA575A7-69B6-4BF6-84BA-C0CC10A33E88}.Debug|x86.Build.0 = Debug|Win32
		{0AA575A7-69B6-4BF6-84BA-C0CC10A33E88}.Release|x64.ActiveCfg = Release|x64
		{0AA575A7-69B6-4BF6-84BA-C0CC10A33E88}.Release|x64.Build.0 = Release|x64
		{0AA575A7-69B6-4BF6-84BA-C0CC10A33E88}.Release|x86.ActiveCfg = Release|Win32
		{0AA575A7-69B6-4BF6-84BA-C0CC10A33E88}.Release|x86.Build.0 = Release|Win32
		{1ECF6827-F13C-4B0E-9C6F-6D102F657FF2}.Debug|x64.ActiveCfg = Debug|x64
		{1ECF6827-F13C-4B0E-9C6F-6D102F657FF2}.Debug|x64.Build.0 = Debug|x64
		{1ECF6827-F13C-4B0E-9C6F-6D102F657FF2}.Debug|x86.ActiveCfg = Debug|Win32
		{1ECF6827-F13C-4B0E-9C6F-6D102F657FF2}.Debug|x86.Build.0 = Debug|Win32
		{1ECF6827-F13C-4B0E-9C6F-6D102F657FF2}.Release|x64.ActiveCfg = Release|x64
		{1ECF6827-F13C-4B0E-9C6F-6D102F657FF2}.Release|x64.Build.0 = Release|x64
		{1ECF6827-F13C-4B0E-9C6F-6D102F657FF2}.Release|x86.ActiveCfg = Release|Win32
		{1ECF6827-F13C-4B0E-9C6F-6D102F657FF2}.Release|x86.Build.0 = Release|Win32
		{04F663F9-D69F-4DD4-8414-B346D1B15301}.Debug|x64.ActiveCfg = Debug|x64
		{04F663F9-D69F-4DD4-8414-B346D1B15301}.Debug|x64.Build.0 = Debug|x64
		{04F663F9-D69F-4DD4-8414-B346D1B15301}.Debug|x86.ActiveCfg = Debug|Win32
		{04F663F9-D69F-4DD4-8414-B346D1B15301}.Debug|x86.Build.0 = Debug|Win32
		{04F663F9-D69F-4DD4-8414-B346D1B15301}.Release|x64.ActiveCfg = Release|x64
		{04F663F9-D69F-4DD4-8414-B346D1B15301}.Release|x64.Build.0 = Release|x64
		{04F663F9-D69F-4DD4-8414-B346D1B15301}.Release|x86.ActiveCfg = Release|Win32
		{04F663F9-D69F-4DD4-8414-B346D1B15301}.Release|x86.Build.0 = Release|Win32
		{AB0FE84B-E565-4239-A143-60441B295E1F}.Debug|x64.ActiveCfg = Debug|x64
		{AB0FE84B-E565-4239-A143-60441B295E1F}.Debug|x64.Build.0 = Debug|x64
		{AB0FE84B-E565-4239-A143-60441B295E1F}.Debug|x86.ActiveCfg = Debug|Win32
		{AB0FE84B-E565-4239-A143-60441B295E1F}.Debug|x86.Build.0 = Debug|Win32
		{AB0FE84B-E565-4239-A143-60441B295E1F}.Release|x64.ActiveCfg = Release|x64
		{AB0FE84B-E565-4239-A143-60441B295E1F}.Release|x64.Build.0 = Release|x64
		{AB0FE84B-E565-4239-A143-60441B295E1F}.Release|x86.ActiveCfg = Release|Win32
		{AB0FE84B-E565-4239-A143-60441B295E1F}.Release|x86.Build.0 = Release|Win32
		{6C75E842-41D1-4695-88FE-0BAD50E36462}.Debug|x64.ActiveCfg = Debug|x64
		{6C75E842-41D1-4695-88FE-0BAD50E36462}.Debug|x64.Build.0 = Debug|x64
		{6C75E842-41D1-4695-88FE-0BAD50E36462}.Debug|x86.ActiveCfg = Debug|Win32
		{6C75E842-41D1-4695-88FE-0BAD50E36462}.Debug|x86.Build.0 = Debug|Win32
		{6C75E842-41D1-4695-88FE-0BAD50E36462}.Release|x64.ActiveCfg = Release|x64
		{6C75E842-41D1-4695-88FE-0BAD50E36462}.Release|x64.Build.0 = Release|x64
		{6C75E842-41D1-4695-88FE-0BAD50E36462}.Release|x86.ActiveCfg = Release|Win32
		{6C75E842-41D1-4695-88FE-0BAD50E36462}.Release|x86.Build.0 = Release|Win32
		{D23F2867-DB36-47B5-983D-90C50DC2A6E6}.Debug|x64.ActiveCfg = Debug|x64
		{D23F2867-DB36-47B5-983D-90C50DC2A6E6}.Debug|x64.Build.0 = Debug|x64
		{D23F2867-DB36-47B5-983D-90C50DC2A6E6}.Debug|x86.ActiveCfg = Debug|Win32
		{D23F2867-DB36-47B5-983D-90C50DC2A6E6}.Debug|x86.Build.0 = Debug|Win32
		{D23F2867-DB36-47B5-983D-90C50DC2A6E6}.Release|x64.ActiveCfg = Release|x64
		{D23F2867-DB36-47B5-983D-90C50DC2A6E6}.Release|x64.Build.0 = Release|x64
		{D23F2867-DB36-47B5-983D-90C50DC2A6E6}.Release|x86.ActiveCfg = Release|Win32
		{D23F2867-DB36-47B5-983D-90C50DC2A6E6}.Release|x86.Build.0 = Release|Win32
		{22FF001F-A45E-4F81-8C3C-1191692258DB}.Debug|x64.ActiveCfg = Debug|x64
		{22FF001F-A45E-4F81-8C3C-1191692258DB}.Debug|x64.Build.0 = Debug|x64
		{22FF001F-A45E-4F81-8C3C-1191692258DB}.Debug|x86.ActiveCfg = Debug|Win32
		{22FF001F-A45E-4F81-8C3C-1191692258DB}.Debug|x86.Build.0 = Debug|Win32
		{22FF001F-A45E-4F81-8C3C-1191692258DB}.Release|x64.ActiveCfg = Release|x64
		{22FF001F-A45E-4F81-8C3C-1191692258DB}.Release|x64.Build.0 = Release|x64
		{22FF001F-A45E-4F81-8C3C-1191692258DB}.Release|x86.ActiveCfg = Release|Win32
		{22FF001F-A45E-4F81-8C3C-1191692258DB}.Release|x86.Build.0 = Release|Win32
		{5778215A-E8B2-4469-9B8D-ECE83367FF1D}.Debug|x64.ActiveCfg = Debug|x64
		{5778215A-E8B2-4469-9B8D-ECE83367FF1D}.Debug|x64.Build.0 = Debug|x64
		{5778215A-E8B2-4469-9B8D-ECE83367FF1D}.Debug|x86.ActiveCfg = Debug|Win32
		{5778215A-E8B2-4469-9B8D-ECE83367FF1D}.Debug|x86.Build.0 = Debug|Win32
		{5778215A-E8B2-4469-9B8D-ECE83367FF1D}.Release|x64.ActiveCfg = Release|x64
		{5778215A-E8B2-4469-9B8D-ECE83367FF1D}.Release|x64.Build.0 = Release|x64
		{5778215A-E8B2-4469-9B8D-ECE83367FF1D}.Release|x86.ActiveCfg = Release|Win32
		{5778215A-E8B2-4469-9B8D-ECE83367FF1D}.Release|x86.Build.0 = Release|Win32
		{92A21B8B-093C-4C0F-ADE3-378D9E209FD8}.Debug|x64.ActiveCfg = Debug|x64
		{92A21B8B-093C-4C0F-ADE3-378D9E209FD8}.Debug|x64.Build.0 = Debug|x64
		{92A21B8B-093C-4C0F-ADE3-378D9E209FD8}.Debug|x86.ActiveCfg = Debug|Win32
		{92A21B8B-093C-4C0F-ADE3-378D9E209FD8}.Debug|x86.Build.0 = Debug|Win32
		{92A21B8B-093C-4C0F-ADE3-378D9E209FD8}.Release|x64.ActiveCfg = Release|x64
		{92A21B8B-093C-4C0F-ADE3-378D9E209FD8}.Release|x64.Build.0 = Release|x64
		{92A21B8B-093C-4C0F-ADE3-378D9E209FD8}.Release|x86.ActiveCfg = Release|Win32
		{92A21B8B-093C-4C0F-ADE3-378D9E209FD8}.Release|x86.Build.0 = Release|Win32
		{7690C9A8-912D-44B9-91EC-17893DC0C884}.Debug|x64.ActiveCfg = Debug|x64
		{7690C9A8-912D-44B9-91EC-17893DC0C884}.Debug|x64.Build.0 = Debug|x64
		{7690C9A8-912D-44B9-91EC-17893DC0C884}.Debug|x86.ActiveCfg = Debug|Win32
		{7690C9A8-912D-44B9-91EC-17893DC0C884}.Debug|x86.Build.0 = Debug|Win32
		{7690C9A8-912D-44B9-91EC-17893DC0C884}.Release|x64.ActiveCfg = Release|x64
		{7690C9A8-912D-44B9-91EC-17893DC0C884}.Release|x64.Build.0 = Release|x64
		{7690C9A8-912D-44B9-91EC-17893DC0C884}.Release|x86.ActiveCfg = Release|Win32
		{7690C9A8-912D-44B9-91EC-17893DC0C884}.Release|x86.Build.0 = Release|Win32
		{9483A869-7EA5-4B55-BE21-1DB04CB67DE6}.Debug|x64.ActiveCfg = Debug|x64
		{9483A869-7EA5-4B55-BE21-1DB04CB67DE6}.Debug|x64.Build.0 = Debug|x64
		{9483A869-7EA5-4B55-BE21-1DB04CB67DE6}.Debug|x86.ActiveCfg = Debug|Win32
		{9483A869-7EA5-4B55-BE21-1DB04CB67DE6}.Debug|x86.Build.0 = Debug|Win32
		{9483A869-7EA5-4B55-BE21-1DB04CB67DE6}.Release|x64.ActiveCfg = Release|x64
		{9483A869-7EA5-4B55-BE21-1DB04CB67DE6}.Release|x64.Build.0 = Release|x64
		{9483A869-7EA5-4B55-BE21-1DB04CB67DE6}.Release|x86.ActiveCfg = Release|Win32
		{9483A869-7EA5-4B55-BE21-1DB04CB67DE6}.Release|x86.Build.0 = Release|Win32
		{66EC76CD-B177-482D-B928-FAE55D2D7434}.Debug|x64.ActiveCfg = Debug|x64
		{66EC76CD-B177-482D-B928-FAE55D2D7434}.Debug|x64.Build.0 = Debug|x64
		{66EC76CD-B177-482D-B928-FAE55D2D7434}.Debug|x86.ActiveCfg = Debug|Win32
		{66EC76CD-B177-482D-B928-FAE55D2D7434}.Debug|x86.Build.0 = Debug|Win32
		{66EC76CD-B177-482D-B928-FAE55D2D7434}.Release|x64.ActiveCfg = Release|x64
		{66EC76CD-B177-482D-B928-FAE55D2D7434}.Release|x64.Build.0 = Release|x64
		{66EC76CD-B177-482D-B928-FAE55D2D7434}.Release|x86.ActiveCfg = Release|Win32
		{66EC76CD-B177-482D-B928-FAE55D2D7434}.Release|x86.Build.0 = Release|Win32
		{2BCF8DC0-79A6-45B4-B48B-8850D3B1ED54}.Debug|x64.ActiveCfg = Debug|x64
		{2BCF8DC0-79A6-45B4-B48B-8850D3B1ED54}.Debug|x64.Build.0 = Debug|x64
		{2BCF8DC0-79A6-45B4-B48B-8850D3B1ED54}.Debug|x86.ActiveCfg = Debug|Win32
		{2BCF8DC0-79A6-45B4-B48B-8850D3B1ED54}.Debug|x86.Build.0 = Debug|Win32
		{2BCF8DC0-79A6-45B4-B48B-8850D3B1ED54}.Release|x64.ActiveCfg = Release|x64
		{2BCF8DC0-79A6-45B4-B48B-8850D3B1ED54}.Release|x64.Build.0 = Release|x64
		{2BCF8DC0-79A6-45B4-B48B-8850D3B1ED54}.Release|x86.ActiveCfg = Release|Win32
		{2BCF8DC0-79A6-45B4-B48B-8850D3B1ED54}.Release|x86.Build.0 = Release|Win32
		{4768B393-5ADD-49AB-AB1D-C5948BA0CCD6}.Debug|x64.ActiveCfg = Debug|x64
		{4768B393-5ADD-49AB-AB1D-C5948BA0CCD6}.Debug|x64.Build.0 = Debug|x64
		{4768B393-5ADD-49AB-AB1D-C5948BA0CCD6}.Debug|x86.ActiveCfg = Debug|Win32
		{4768B393-5ADD-49AB-AB1D-C5948BA0CCD6}.Debug|x86.Build.0 = Debug|Win32
		{4768B393-5ADD-49AB-AB1D-C5948BA0CCD6}.Release|x64.ActiveCfg = Release|x64
		{4768B393-5ADD-49AB-AB1D-C5948BA0CCD6}.Release|x64.Build.0 = Release|x64
		{4768B393-5ADD-49AB-AB1D-C5948BA0CCD6}.Release|x86.ActiveCfg = Release|Win32
		{4768B393-5ADD-49AB-AB1D-C5948BA0CCD6}.Release|x86.Build.0 = Release|Win32
		{4E477AC0-D095-4B74-983F-939E652FEFB5}.Debug|x64.ActiveCfg = Debug|x64
		{4E477AC0-D095-4B74-983F-939E652FEFB5}.Debug|x64.Build.0 = Debug|x64
		{4E477AC0-D095-4B74-983F-939E652FEFB5}.Debug|x86.ActiveCfg = Debug|Win32
		{4E477AC0-D095-4B74-983F-939E652FEFB5}.Debug|x86.Build.0 = Debug|Win32
		{4E477AC0-D095-4B74-983F-939E652FEFB5}.Release|x64.ActiveCfg = Release|x64
		{4E477AC0-D095-4B74-983F-939E652FEFB5}.Release|x64.Build.0 = Release|x64
		{4E477AC0-D095-4B74-983F-939E652FEFB5}.Release|x86.ActiveCfg = Release|Win32
		{4E477AC0-D095-4B74-983F-939E652FEFB5}.Release|x86.Build.0 = Release|Win32
		{C252F011-5226-4F44-B930-F84D63B2711E}.Debug|x64.ActiveCfg = Debug|x64
		{C252F011-5226-4F44-B930-F84D63B2711E}.Debug|x64.Build.0 = Debug|x64
		{C252F011-5226-4F44-B930-F84D63B2711E}.Debug|x86.ActiveCfg = Debug|Win32
		{C252F011-5226-4F44-B930-F84D63B2711E}.Debug|x86.Build.0 = Debug|Win32
		{C252F011-5226-4F44-B930-F84D63B2711E}.Release|x64.ActiveCfg = Release|x64
		{C252F011-5226-4F44-B930-F84D63B2711E}.Release|x64.Build.0 = Release|x64
		{C252F011-5226-4F44-B930-F84D63B2711E}.Release|x86.ActiveCfg = Release|Win32
		{C252F011-5226-4F44-B930-F84D63B2711E}.Release|x86.Build.0 = Release|Win32
		{3849C80D-9868-469C-8F6E-CE9C977E5DAA}.Debug|x64.ActiveCfg = Debug|x64
		{3849C80D-9868-469C-8F6E-CE9C977E5DAA}.Debug|x64.Build.0 = Debug|x64
		{3849C80D-9868-469C-8F6E-CE9C977E5DAA}.Debug|x86.ActiveCfg = Debug|Win32
		{3849C80D-9868-469C-8F6E-CE9C977E5DAA}.Debug|x86.Build.0 = Debug|Win32
		{3849C80D-9868-469C-8F6E-CE9C977E5DAA}.Release|x64.ActiveCfg = Release|x64
		{3849C80D-9868-469C-8F6E-CE9C977E5DAA}.Release|x64.Build.0 = Release|x64
		{3849C80D-9868-469C-8F6E-CE9C977E5DAA}.Release|x86.ActiveCfg = Release|Win32
		{3849C80D-9868-469C-8F6E-CE9C977E5DAA}.Release|x86.Build.0 = Release|Win32
		{EF4395C9-C22D-4D92-A213-975A4B968D88}.Debug|x64.ActiveCfg = Debug|x64
		{EF4395C9-C22D-4D92-A213-975A4B968D88}.Debug|x64.Build.0 = Debug|x64
		{EF4395C9-C22D-4D92-A213-975A4B968D88}.Debug|x86.ActiveCfg = Debug|Win32
		{EF4395C9-C22D-4D92-A213-975A4B968D88}.Debug|x86.Build.0 = Debug|Win32
		{EF4395C9-C22D-4D92-A213-975A4B968D88}.Release|x64.ActiveCfg = Release|x64
		{EF4395C9-C22D-4D92-A213-975A4B968D88}.Release|x64.Build.0 = Release|x64
		{EF4395C9-C22D-4D92-A213-975A4B968D88}.Release|x86.ActiveCfg = Release|Win32
		{EF4395C9-C22D-4D92-A213-975A4B968D88}.Release|x86.Build.0 = Release|Win32
		{54E86C57-0622-4633-A0CB-7AF05A0F0A37}.Debug|x64.ActiveCfg = Debug|x64
		{54E86C57-0622-4633-A0CB-7AF05A0F0A37}.Debug|x64.Build.0 = Debug|x64
		{54E86C57-0622-4633-A0CB-7AF05A0F0A37}.Debug|x86.ActiveCfg = Debug|Win32
		{54E86C57-0622-4633-A0CB-7AF05A0F0A37}.Debug|x86.Build.0 = Debug|Win32
		{54E86C57-0622-4633-A0CB-7AF05A0F0A37}.Release|x64.ActiveCfg = Release|x64
		{54E86C57-0622-4633-A0CB-7AF05A0F0A37}.Release|x64.Build.0 = Release|x64
		{54E86C57-0622-4633-A0CB-7AF05A0F0A37}.Release|x86.ActiveCfg = Release|Win32
		{54E86C57-0622-4633-A0CB-7AF05A0F0A37}.Release|x86.Build.0 = Release|Win32
		{49905C08-D227-4E45-B083-05EF986A49A2}.Debug|x64.ActiveCfg = Debug|x64
		{49905C08-D227-4E45-B083-05EF986A49A2}.Debug|x64.Build.0 = Debug|x64
		{49905C08-D227-4E45-B083-05EF986A49A2}.Debug|x86.ActiveCfg = Debug|Win32
		{49905C08-D227-4E45-B083-05EF986A49A2}.Debug|x86.Build.0 = Debug|Win32
		{49905C08-D227-4E45-B083-05EF986A49A2}.Release|x64.ActiveCfg = Release|x64
		{49905C08-D227-4E45-B083-05EF986A49A2}.Release|x64.Build.0 = Release|x64
		{49905C08-D227-4E45-B083-05EF986A49A2}.Release|x86.ActiveCfg = Release|Win32
		{49905C08-D227-4E45-B083-05EF986A49A2}.Release|x86.Build.0 = Release|Win32
		{6A3A21FD-8E57-4652-87E3-199E71A7A577}.Debug|x64.ActiveCfg = Debug|x64
		{6A3A21FD-8E57-4652-87E3-199E71A7A577}.Debug|x64.Build.0 = Debug|x64
		{6A3A21FD-8E57-4652-87E3-199E71A7A577}.Debug|x86.ActiveCfg = Debug|Win32
		{6A3A21FD-8E57-4652-87E3-199E71A7A577}.Debug|x86.Build.0 = Debug|Win32
		{6A3A21FD-8E57-4652-87E3-199E71A7A577}.Release|x64.ActiveCfg = Release|x64
		{6A3A21FD-8E57-4652-87E3-199E71A7A577}.Release|x64.Build.0 = Release|x64
		{6A3A21FD-8E57-4652-87E3-199E71A7A577}.Release|x86.ActiveCfg = Release|Win32
		{6A3A21FD-8E57-4652-87E3-199E71A7A577}.Release|x86.Build.0 = Release|Win32
		{2B63555A-722A-4D03-8C94-98BF5186DE23}.Debug|x64.ActiveCfg = Debug|x64
		{2B63555A-722A-4D03-8C94-98BF5186DE23}.Debug|x64.Build.0 = Debug|x64
		{2B63555A-722A-4D03-8C94-98BF5186DE23}.Debug|x86.ActiveCfg = Debug|Win32
		{2B63555A-722A-4D03-8C94-98BF5186DE23}.Debug|x86.Build.0 = Debug|Win32
		{2B63555A-722A-4D03-8C94-98BF5186DE23}.Release|x64.ActiveCfg = Release|x64
		{2B63555A-722A-4D03-8C94-98BF5186DE23}.Release|x64.Build.0 = Release|x64
		{2B63555A-722A-4D03-8C94-98BF5186DE23}.Release|x86.ActiveCfg = Release|Win32
		{2B63555A-722A-4D03-8C94-98BF5186DE23}.Release|x86.Build.0 = Release|Win32
		{A4A79D89-96FA-40E1-AEC0-933C64758424}.Debug|x64.ActiveCfg = Debug|x64
		{A4A79D89-96FA-40E1-AEC0-933C64758424}.Debug|x64.Build.0 = Debug|x64
		{A4A79D89-96FA-40E1-AEC0-933C64758424}.Debug|x86.ActiveCfg = Debug|Win32
		{A4A79D89-96FA-40E1-AEC0-933C64758424}.Debug|x86.Build.0 = Debug|Win32
		{A4A79D89-96FA-40E1-AEC0-933C64758424}.Release|x64.ActiveCfg = Release|x64
		{A4A79D89-96FA-40E1-AEC0-933C64758424}.Release|x64.Build.0 = Release|x64
		{A4A79D89-96FA-40E1-AEC0-933C64758424}.Release|x86.ActiveCfg = Release|Win32
		{A4A79D89-96FA-40E1-AEC0-933C64758424}.Release|x86.Build.0 = Release|Win32
		{7982D713-F829-4370-BCC8-E4FC792880B1}.Debug|x64.ActiveCfg = Debug|x64
		{7982D713-F829-4370-BCC8-E4FC792880B1}.Debug|x64.Build.0 = Debug|x64
		{7982D713-F829-4370-BCC8-E4FC792880B1}.Debug|x86.ActiveCfg = Debug|Win32
		{7982D713-F829-4370-BCC8-E4FC792880B1}.Debug|x86.Build.0 = Debug|Win32
		{7982D713-F829-4370-BCC8-E4FC792880B1}.Release|x64.ActiveCfg = Release|x64
		{7982D713-F829-4370-BCC8-E4FC792880B1}.Release|x64.Build.0 = Release|x64
		{7982D713-F829-4370-BCC8-E4FC792880B1}.Release|x86.ActiveCfg = Release|Win32
		{7982D713-F829-4370-BCC8-E4FC792880B1}.Release|x86.Build.0 = Release|Win32
		{CBFC2E60-4B51-477A-AE27-28EB5E32AB8B}.Debug|x64.ActiveCfg = Debug|x64
		{CBFC2E60-4B51-477A-AE27-28EB5E32AB8B}.Debug|x64.Build.0 = Debug|x64
		{CBFC2E60-4B51-477A-AE27-28EB5E32AB8B}.Debug|x86.ActiveCfg = Debug|Win32
		{CBFC2E60-4B51-477A-AE27-28EB5E32AB8B}.Debug|x86.Build.0 = Debug|Win32
		{CBFC2E60-4B51-477A-AE27-28EB5E32AB8B}.Release|x64.ActiveCfg = Release|x64
		{CBFC2E60-4B51-477A-AE27-28EB5E32AB8B}.Release|x64.Build.0 = Release|x64
		{CBFC2E60-4B51-477A-AE27-28EB5E32AB8B}.Release|x86.ActiveCfg = Release|Win32
		{CBFC2E60-4B51-477A-AE27-28EB5E32AB8B}.Release|x86.Build.0 = Release|Win32
		{47C382C3-C2F8-47E3-AEA6-BA548F464AA8}.Debug|x64.ActiveCfg = Debug|x64
		{47C382C3-C2F8-47E3-AEA6-BA548F464AA8}.Debug|x64.Build.0 = Debug|x64
		{47C382C3-C2F8-47E3-AEA6-BA548F464AA8}.Debug|x86.ActiveCfg = Debug|Win32
		{47C382C3-C2F8-47E3-AEA6-BA548F464AA8}.Debug|x86.Build.0 = Debug|Win32
		{47C382C3-C2F8-47E3-AEA6-BA548F464AA8}.Release|x64.ActiveCfg = Release|x64
		{47C382C3-C2F8-47E3-AEA6-BA548F464AA8}.Release|x64.Build.0 = Release|x64
		{47C382C3-C2F8-47E3-AEA6-BA548F464AA8}.Release|x86.ActiveCfg = Release|Win32
		{47C382C3-C2F8-47E3-AEA6-BA548F464AA8}.Release|x86.Build.0 = Release|Win32
		{F374BD7F-787F-4B13-86C2-84C76E83F631}.Debug|x64.ActiveCfg = Debug|x64
		{F374BD7F-787F-4B13-86C2-84C76E83F631}.Debug|x64.Build.0 = Debug|x64
		{F374BD7F-787F-4B13-86C2-84C76E83F631}.Debug|x86.ActiveCfg = Debug|Win32
		{F374BD7F-787F-4B13-86C2-84C76E83F631}.Debug|x86.Build.0 = Debug|Win32
		{F374BD7F-787F-4B13-86C2-84C76E83F631}.Release|x64.ActiveCfg = Release|x64
		{F374BD7F-787F-4B13-86C2-84C76E83F631}.Release|x64.Build.0 = Release|x64
		{F374BD7F-787F-4B13-86C2-84C76E83F631}.Release|x86.ActiveCfg = Release|Win32
		{F374BD7F-787F-4B13-86C2-84C76E83F631}.Release|x86.Build.0 = Release|Win32
		{492A4A78-EFE0-4B45-BED2-B84B6C2541B9}.Debug|x64.ActiveCfg = Debug|x64
		{492A4A78-EFE0-4B45-BED2-B84B6C2541B9}.Debug|x64.Build.0 = Debug|x64
		{492A4A78-EFE0-4B45-BED2-B84B6C2541B9}.Debug|x86.ActiveCfg = Debug|Win32
		{492A4A78-EFE0-4B45-BED2-B84B6C2541B9}.Debug|x86.Build.0 = Debug|Win32
		{492A4A78-EFE0-4B45-BED2-B84B6C2541B9}.Release|x64.ActiveCfg = Release|x64
		{492A4A78-EFE0-4B45-BED2-B84B6C2541B9}.Release|x64.Build.0 = Release|x64
		{492A4A78-EFE0-4B45-BED2-B84B6C2541B9}.Release|x86.ActiveCfg = Release|Win32
		{492A4A78-EFE0-4B45-BED2-B84B6C2541B9}.Release|x86.Build.0 = Release|Win32
		{3C471FFC-DCFE-4233-A16D-3C3DAD77A10E}.Debug|x64.ActiveCfg = Debug|x64
		{3C471FFC-DCFE-4233-A16D-3C3DAD77A10E}.Debug|x64.Build.0 = Debug|x64
		{3C471FFC-DCFE-4233-A16D-3C3DAD77A10E}.Debug|x86.ActiveCfg = Debug|Win32
		{3C471FFC-DCFE-4233-A16D-3C3DAD77A10E}.Debug|x86.Build.0 = Debug|Win32
		{3C471FFC-DCFE-4233-A16D-3C3DAD77A10E}.Release|x64.ActiveCfg = Release|x64
		{3C471FFC-DCFE-4233-A16D-3C3DAD77A10E}.Release|x64.Build.0 = Release|x64
		{3C471FFC-DCFE-4233-A16D-3C3DAD77A10E}.Release|x86.ActiveCfg = Release|Win32
		{3C471FFC-DCFE-4233-A16D-3C3DAD77A10E}.Release|x86.Build.0 = Release|Win32
		{CF6CB41D-F481-4EA7-BE23-7C1BC82BB0C5}.Debug|x64.ActiveCfg = Debug|x64
		{CF6CB41D-F481-4EA7-BE23-7C1BC82BB0C5}.Debug|x64.Build.0 = Debug|x64
		{CF6CB41D-F481-4EA7-BE23-7C1BC82BB0C5}.Debug|x86.ActiveCfg = Debug|Win32
		{CF6CB41D-F481-4EA7-BE23-7C1BC82BB0C5}.Debug|x86.Build.0 = Debug|Win32
		{CF6CB41D-F481-4EA7-BE23-7C1BC82BB0C5}.Release|x64.ActiveCfg = Release|x64
		{CF6CB41D-F481-4EA7-BE23-7C1BC82BB0C5}.Release|x64.Build.0 = Release|x64
		{CF6CB41D-F481-4EA7-BE23-7C1BC82BB0C5}.Release|x86.ActiveCfg = Release|Win32
		{CF6CB41D-F481-4EA7-BE23-7C1BC82BB0C5}.Release|x86.Build.0 = Release|Win32
		{89D8CF4F-BA2F-4086-8849-F51F757C0B67}.Debug|x64.ActiveCfg = Debug|x64
		{89D8CF4F-BA2F-4086-8849-F51F757C0B67}.Debug|x64.Build.0 = Debug|x64
		{89D8CF4F-BA2F-4086-8849-F51F757C0B67}.Debug|x86.ActiveCfg = Debug|Win32
		{89D8CF4F-BA2F-4086-8849-F51F757C0B67}.Debug|x86.Build.0 = Debug|Win32
		{89D8CF4F-BA2F-4086-8849-F51F757C0B67}.Release|x64.ActiveCfg = Release|x64
		{89D8CF4F-BA2F-4086-8849-F51F757C0B67}.Release|x64.Build.0 = Release|x64
		{89D8CF4F-BA2F-4086-8849-F51F757C0B67}.Release|x86.ActiveCfg = Release|Win32
		{89D8CF4F-BA2F-4086-8849-F51F757C0B67}.Release|x86.Build.0 = Release|Win32
	EndGlobalSection
	GlobalSection(SolutionProperties) = preSolution
		HideSolutionNode = FALSE
	EndGlobalSection
	GlobalSection(ExtensibilityGlobals) = postSolution
		SolutionGuid = {6C8905F8-296C-4685-AF78-D4E24FE97F60}
	EndGlobalSection
EndGlobal
